
Microsoft Visual Studio Solution File, Format Version 12.00
# Visual Studio Version 17
VisualStudioVersion = 17.8.34330.188
MinimumVisualStudioVersion = 10.0.40219.1
Project("{9A19103F-16F7-4668-BE54-9A1E7A4F7556}") = "SFA.DAS.EmployerPR.Api", "SFA.DAS.EmployerPR.Api\SFA.DAS.EmployerPR.Api.csproj", "{1DAA01AF-8C31-4D26-B550-C7788F1FEED1}"
EndProject
Project("{FAE04EC0-301F-11D3-BF4B-00C04F79EFBC}") = "SFA.DAS.EmployerPR", "SFA.DAS.EmployerPR\SFA.DAS.EmployerPR.csproj", "{9E90CAF2-714C-4B13-A92F-C21F1256BE9C}"
EndProject
Project("{FAE04EC0-301F-11D3-BF4B-00C04F79EFBC}") = "SFA.DAS.EmployerPR.UnitTests", "SFA.DAS.EmployerPR.UnitTests\SFA.DAS.EmployerPR.UnitTests.csproj", "{AC81A34A-C43B-4023-846F-693277455BCC}"
EndProject
Project("{FAE04EC0-301F-11D3-BF4B-00C04F79EFBC}") = "SFA.DAS.EmployerPR.Api.UnitTests", "SFA.DAS.EmployerPR.Api.UnitTests\SFA.DAS.EmployerPR.Api.UnitTests.csproj", "{3E5271D1-96ED-4CAB-A019-04D88105BC0C}"
EndProject
Project("{2150E333-8FDC-42A3-9474-1A3956D46DE8}") = "Tests", "Tests", "{44A69721-AF4A-4CC0-9278-A783B9823A71}"
EndProject
Project("{9A19103F-16F7-4668-BE54-9A1E7A4F7556}") = "SFA.DAS.SharedOuterApi", "..\Shared\SFA.DAS.SharedOuterApi\SFA.DAS.SharedOuterApi.csproj", "{B6522812-FDE2-48ED-85DA-60D61A890F99}"
EndProject
Project("{9A19103F-16F7-4668-BE54-9A1E7A4F7556}") = "SFA.DAS.SharedOuterApi.UnitTests", "..\Shared\SFA.DAS.SharedOuterApi.UnitTests\SFA.DAS.SharedOuterApi.UnitTests.csproj", "{587CCA3D-0D82-4CC5-82F6-377C317521BE}"
EndProject
Project("{9A19103F-16F7-4668-BE54-9A1E7A4F7556}") = "SFA.DAS.SharedOuterApi.Employer.GovUK.Auth", "..\Shared\SFA.DAS.SharedOuterApi.Employer.GovUK.Auth\SFA.DAS.SharedOuterApi.Employer.GovUK.Auth.csproj", "{B70D886F-4F7D-484F-ABF8-A7C073428C4C}"
EndProject
Project("{9A19103F-16F7-4668-BE54-9A1E7A4F7556}") = "SFA.DAS.SharedOuterApi.Employer.GovUK.Auth.UnitTests", "..\Shared\SFA.DAS.SharedOuterApi.Employer.GovUK.Auth.UnitTests\SFA.DAS.SharedOuterApi.Employer.GovUK.Auth.UnitTests.csproj", "{FB62BBD4-B1C8-478B-98C3-836127C096A4}"
EndProject
Global
	GlobalSection(SolutionConfigurationPlatforms) = preSolution
		Debug|Any CPU = Debug|Any CPU
		Release|Any CPU = Release|Any CPU
	EndGlobalSection
	GlobalSection(ProjectConfigurationPlatforms) = postSolution
		{1DAA01AF-8C31-4D26-B550-C7788F1FEED1}.Debug|Any CPU.ActiveCfg = Debug|Any CPU
		{1DAA01AF-8C31-4D26-B550-C7788F1FEED1}.Debug|Any CPU.Build.0 = Debug|Any CPU
		{1DAA01AF-8C31-4D26-B550-C7788F1FEED1}.Release|Any CPU.ActiveCfg = Release|Any CPU
		{1DAA01AF-8C31-4D26-B550-C7788F1FEED1}.Release|Any CPU.Build.0 = Release|Any CPU
		{9E90CAF2-714C-4B13-A92F-C21F1256BE9C}.Debug|Any CPU.ActiveCfg = Debug|Any CPU
		{9E90CAF2-714C-4B13-A92F-C21F1256BE9C}.Debug|Any CPU.Build.0 = Debug|Any CPU
		{9E90CAF2-714C-4B13-A92F-C21F1256BE9C}.Release|Any CPU.ActiveCfg = Release|Any CPU
		{9E90CAF2-714C-4B13-A92F-C21F1256BE9C}.Release|Any CPU.Build.0 = Release|Any CPU
		{AC81A34A-C43B-4023-846F-693277455BCC}.Debug|Any CPU.ActiveCfg = Debug|Any CPU
		{AC81A34A-C43B-4023-846F-693277455BCC}.Debug|Any CPU.Build.0 = Debug|Any CPU
		{AC81A34A-C43B-4023-846F-693277455BCC}.Release|Any CPU.ActiveCfg = Release|Any CPU
		{AC81A34A-C43B-4023-846F-693277455BCC}.Release|Any CPU.Build.0 = Release|Any CPU
		{3E5271D1-96ED-4CAB-A019-04D88105BC0C}.Debug|Any CPU.ActiveCfg = Debug|Any CPU
		{3E5271D1-96ED-4CAB-A019-04D88105BC0C}.Debug|Any CPU.Build.0 = Debug|Any CPU
		{3E5271D1-96ED-4CAB-A019-04D88105BC0C}.Release|Any CPU.ActiveCfg = Release|Any CPU
		{3E5271D1-96ED-4CAB-A019-04D88105BC0C}.Release|Any CPU.Build.0 = Release|Any CPU
		{B6522812-FDE2-48ED-85DA-60D61A890F99}.Debug|Any CPU.ActiveCfg = Debug|Any CPU
		{B6522812-FDE2-48ED-85DA-60D61A890F99}.Debug|Any CPU.Build.0 = Debug|Any CPU
		{B6522812-FDE2-48ED-85DA-60D61A890F99}.Release|Any CPU.ActiveCfg = Release|Any CPU
		{B6522812-FDE2-48ED-85DA-60D61A890F99}.Release|Any CPU.Build.0 = Release|Any CPU
		{587CCA3D-0D82-4CC5-82F6-377C317521BE}.Debug|Any CPU.ActiveCfg = Debug|Any CPU
		{587CCA3D-0D82-4CC5-82F6-377C317521BE}.Debug|Any CPU.Build.0 = Debug|Any CPU
		{587CCA3D-0D82-4CC5-82F6-377C317521BE}.Release|Any CPU.ActiveCfg = Release|Any CPU
		{587CCA3D-0D82-4CC5-82F6-377C317521BE}.Release|Any CPU.Build.0 = Release|Any CPU
		{B70D886F-4F7D-484F-ABF8-A7C073428C4C}.Debug|Any CPU.ActiveCfg = Debug|Any CPU
		{B70D886F-4F7D-484F-ABF8-A7C073428C4C}.Debug|Any CPU.Build.0 = Debug|Any CPU
		{B70D886F-4F7D-484F-ABF8-A7C073428C4C}.Release|Any CPU.ActiveCfg = Release|Any CPU
		{B70D886F-4F7D-484F-ABF8-A7C073428C4C}.Release|Any CPU.Build.0 = Release|Any CPU
		{FB62BBD4-B1C8-478B-98C3-836127C096A4}.Debug|Any CPU.ActiveCfg = Debug|Any CPU
		{FB62BBD4-B1C8-478B-98C3-836127C096A4}.Debug|Any CPU.Build.0 = Debug|Any CPU
		{FB62BBD4-B1C8-478B-98C3-836127C096A4}.Release|Any CPU.ActiveCfg = Release|Any CPU
		{FB62BBD4-B1C8-478B-98C3-836127C096A4}.Release|Any CPU.Build.0 = Release|Any CPU
	EndGlobalSection
	GlobalSection(SolutionProperties) = preSolution
		HideSolutionNode = FALSE
	EndGlobalSection
	GlobalSection(NestedProjects) = preSolution
		{AC81A34A-C43B-4023-846F-693277455BCC} = {44A69721-AF4A-4CC0-9278-A783B9823A71}
		{3E5271D1-96ED-4CAB-A019-04D88105BC0C} = {44A69721-AF4A-4CC0-9278-A783B9823A71}
		{587CCA3D-0D82-4CC5-82F6-377C317521BE} = {44A69721-AF4A-4CC0-9278-A783B9823A71}
		{FB62BBD4-B1C8-478B-98C3-836127C096A4} = {44A69721-AF4A-4CC0-9278-A783B9823A71}
	EndGlobalSection
	GlobalSection(ExtensibilityGlobals) = postSolution
		SolutionGuid = {925A67A4-A883-472A-801E-3F20F3A35E37}
	EndGlobalSection
EndGlobal
