
Microsoft Visual Studio Solution File, Format Version 12.00
# Visual Studio Version 17
VisualStudioVersion = 17.1.32414.318
MinimumVisualStudioVersion = 10.0.40219.1
Project("{9A19103F-16F7-4668-BE54-9A1E7A4F7556}") = "SFA.DAS.SharedOuterApi", "..\Shared\SFA.DAS.SharedOuterApi\SFA.DAS.SharedOuterApi.csproj", "{A9E13D40-EAED-4097-9E68-2C47148A77E7}"
EndProject
Project("{9A19103F-16F7-4668-BE54-9A1E7A4F7556}") = "SFA.DAS.FindEpao", "SFA.DAS.FindEpao\SFA.DAS.FindEpao.csproj", "{62D2106A-1087-4D10-9932-3AE2CFB36BD1}"
EndProject
Project("{9A19103F-16F7-4668-BE54-9A1E7A4F7556}") = "SFA.DAS.FindEpao.Api", "SFA.DAS.FindEpao.Api\SFA.DAS.FindEpao.Api.csproj", "{AB9E745F-503C-428C-A1C7-47D9C4153E75}"
EndProject
Project("{9A19103F-16F7-4668-BE54-9A1E7A4F7556}") = "SFA.DAS.FindEpao.Api.UnitTests", "SFA.DAS.FindEpao.Api.UnitTests\SFA.DAS.FindEpao.Api.UnitTests.csproj", "{07FE14BE-D945-44E4-BFAE-DB104A70A93A}"
EndProject
Project("{9A19103F-16F7-4668-BE54-9A1E7A4F7556}") = "SFA.DAS.FindEpao.UnitTests", "SFA.DAS.FindEpao.UnitTests\SFA.DAS.FindEpao.UnitTests.csproj", "{F42B3E06-60C6-465F-B5B3-CFA92BF7BA18}"
EndProject
Project("{9A19103F-16F7-4668-BE54-9A1E7A4F7556}") = "SFA.DAS.SharedOuterApi.UnitTests", "..\Shared\SFA.DAS.SharedOuterApi.UnitTests\SFA.DAS.SharedOuterApi.UnitTests.csproj", "{41D340D7-A7E7-4430-B7F3-C5C1A90DD113}"
EndProject
Global
	GlobalSection(SolutionConfigurationPlatforms) = preSolution
		Debug|Any CPU = Debug|Any CPU
		Release|Any CPU = Release|Any CPU
	EndGlobalSection
	GlobalSection(ProjectConfigurationPlatforms) = postSolution
		{A9E13D40-EAED-4097-9E68-2C47148A77E7}.Debug|Any CPU.ActiveCfg = Debug|Any CPU
		{A9E13D40-EAED-4097-9E68-2C47148A77E7}.Debug|Any CPU.Build.0 = Debug|Any CPU
		{A9E13D40-EAED-4097-9E68-2C47148A77E7}.Release|Any CPU.ActiveCfg = Release|Any CPU
		{A9E13D40-EAED-4097-9E68-2C47148A77E7}.Release|Any CPU.Build.0 = Release|Any CPU
		{62D2106A-1087-4D10-9932-3AE2CFB36BD1}.Debug|Any CPU.ActiveCfg = Debug|Any CPU
		{62D2106A-1087-4D10-9932-3AE2CFB36BD1}.Debug|Any CPU.Build.0 = Debug|Any CPU
		{62D2106A-1087-4D10-9932-3AE2CFB36BD1}.Release|Any CPU.ActiveCfg = Release|Any CPU
		{62D2106A-1087-4D10-9932-3AE2CFB36BD1}.Release|Any CPU.Build.0 = Release|Any CPU
		{AB9E745F-503C-428C-A1C7-47D9C4153E75}.Debug|Any CPU.ActiveCfg = Debug|Any CPU
		{AB9E745F-503C-428C-A1C7-47D9C4153E75}.Debug|Any CPU.Build.0 = Debug|Any CPU
		{AB9E745F-503C-428C-A1C7-47D9C4153E75}.Release|Any CPU.ActiveCfg = Release|Any CPU
		{AB9E745F-503C-428C-A1C7-47D9C4153E75}.Release|Any CPU.Build.0 = Release|Any CPU
		{07FE14BE-D945-44E4-BFAE-DB104A70A93A}.Debug|Any CPU.ActiveCfg = Debug|Any CPU
		{07FE14BE-D945-44E4-BFAE-DB104A70A93A}.Debug|Any CPU.Build.0 = Debug|Any CPU
		{07FE14BE-D945-44E4-BFAE-DB104A70A93A}.Release|Any CPU.ActiveCfg = Release|Any CPU
		{07FE14BE-D945-44E4-BFAE-DB104A70A93A}.Release|Any CPU.Build.0 = Release|Any CPU
		{F42B3E06-60C6-465F-B5B3-CFA92BF7BA18}.Debug|Any CPU.ActiveCfg = Debug|Any CPU
		{F42B3E06-60C6-465F-B5B3-CFA92BF7BA18}.Debug|Any CPU.Build.0 = Debug|Any CPU
		{F42B3E06-60C6-465F-B5B3-CFA92BF7BA18}.Release|Any CPU.ActiveCfg = Release|Any CPU
		{F42B3E06-60C6-465F-B5B3-CFA92BF7BA18}.Release|Any CPU.Build.0 = Release|Any CPU
		{41D340D7-A7E7-4430-B7F3-C5C1A90DD113}.Debug|Any CPU.ActiveCfg = Debug|Any CPU
		{41D340D7-A7E7-4430-B7F3-C5C1A90DD113}.Release|Any CPU.ActiveCfg = Release|Any CPU
		{41D340D7-A7E7-4430-B7F3-C5C1A90DD113}.Release|Any CPU.Build.0 = Release|Any CPU
	EndGlobalSection
	GlobalSection(SolutionProperties) = preSolution
		HideSolutionNode = FALSE
	EndGlobalSection
	GlobalSection(ExtensibilityGlobals) = postSolution
		SolutionGuid = {0DCEC378-EC3E-4C99-9EFC-B9EE0828C9FB}
	EndGlobalSection
EndGlobal
