
Microsoft Visual Studio Solution File, Format Version 12.00
# Visual Studio Version 17
VisualStudioVersion = 17.12.35707.178
MinimumVisualStudioVersion = 10.0.40219.1
Project("{FAE04EC0-301F-11D3-BF4B-00C04F79EFBC}") = "SFA.DAS.SharedOuterApi", "..\Shared\SFA.DAS.SharedOuterApi\SFA.DAS.SharedOuterApi.csproj", "{47F25FC7-76E7-4398-A276-4173D67D86B2}"
EndProject
Project("{FAE04EC0-301F-11D3-BF4B-00C04F79EFBC}") = "SFA.DAS.SharedOuterApi.UnitTests", "..\Shared\SFA.DAS.SharedOuterApi.UnitTests\SFA.DAS.SharedOuterApi.UnitTests.csproj", "{A56E647E-5B7E-436D-BC6D-A5B573DF666B}"
EndProject
Project("{FAE04EC0-301F-11D3-BF4B-00C04F79EFBC}") = "SFA.DAS.ToolsSupport.Api", "SFA.DAS.ToolsSupport.Api\SFA.DAS.ToolsSupport.Api.csproj", "{853A7922-8988-4D62-8DBE-C74ED9897908}"
EndProject
Project("{FAE04EC0-301F-11D3-BF4B-00C04F79EFBC}") = "SFA.DAS.ToolsSupport", "SFA.DAS.ToolsSupport\SFA.DAS.ToolsSupport.csproj", "{54355990-C510-4700-8390-A827433794DE}"
EndProject
Project("{FAE04EC0-301F-11D3-BF4B-00C04F79EFBC}") = "SFA.DAS.ToolsSupport.UnitTests", "SFA.DAS.ToolsSupport.UnitTests\SFA.DAS.ToolsSupport.UnitTests.csproj", "{EF5B5D37-2E44-4888-A69A-F7CCA1178630}"
EndProject
Global
	GlobalSection(SolutionConfigurationPlatforms) = preSolution
		Debug|Any CPU = Debug|Any CPU
		Release|Any CPU = Release|Any CPU
	EndGlobalSection
	GlobalSection(ProjectConfigurationPlatforms) = postSolution
		{47F25FC7-76E7-4398-A276-4173D67D86B2}.Debug|Any CPU.ActiveCfg = Debug|Any CPU
		{47F25FC7-76E7-4398-A276-4173D67D86B2}.Debug|Any CPU.Build.0 = Debug|Any CPU
		{47F25FC7-76E7-4398-A276-4173D67D86B2}.Release|Any CPU.ActiveCfg = Release|Any CPU
		{47F25FC7-76E7-4398-A276-4173D67D86B2}.Release|Any CPU.Build.0 = Release|Any CPU
		{A56E647E-5B7E-436D-BC6D-A5B573DF666B}.Debug|Any CPU.ActiveCfg = Debug|Any CPU
		{A56E647E-5B7E-436D-BC6D-A5B573DF666B}.Debug|Any CPU.Build.0 = Debug|Any CPU
		{A56E647E-5B7E-436D-BC6D-A5B573DF666B}.Release|Any CPU.ActiveCfg = Release|Any CPU
		{A56E647E-5B7E-436D-BC6D-A5B573DF666B}.Release|Any CPU.Build.0 = Release|Any CPU
		{853A7922-8988-4D62-8DBE-C74ED9897908}.Debug|Any CPU.ActiveCfg = Debug|Any CPU
		{853A7922-8988-4D62-8DBE-C74ED9897908}.Debug|Any CPU.Build.0 = Debug|Any CPU
		{853A7922-8988-4D62-8DBE-C74ED9897908}.Release|Any CPU.ActiveCfg = Release|Any CPU
		{853A7922-8988-4D62-8DBE-C74ED9897908}.Release|Any CPU.Build.0 = Release|Any CPU
		{54355990-C510-4700-8390-A827433794DE}.Debug|Any CPU.ActiveCfg = Debug|Any CPU
		{54355990-C510-4700-8390-A827433794DE}.Debug|Any CPU.Build.0 = Debug|Any CPU
		{54355990-C510-4700-8390-A827433794DE}.Release|Any CPU.ActiveCfg = Release|Any CPU
		{54355990-C510-4700-8390-A827433794DE}.Release|Any CPU.Build.0 = Release|Any CPU
		{EF5B5D37-2E44-4888-A69A-F7CCA1178630}.Debug|Any CPU.ActiveCfg = Debug|Any CPU
		{EF5B5D37-2E44-4888-A69A-F7CCA1178630}.Debug|Any CPU.Build.0 = Debug|Any CPU
		{EF5B5D37-2E44-4888-A69A-F7CCA1178630}.Release|Any CPU.ActiveCfg = Release|Any CPU
		{EF5B5D37-2E44-4888-A69A-F7CCA1178630}.Release|Any CPU.Build.0 = Release|Any CPU
	EndGlobalSection
	GlobalSection(SolutionProperties) = preSolution
		HideSolutionNode = FALSE
	EndGlobalSection
EndGlobal
