
Microsoft Visual Studio Solution File, Format Version 12.00
# Visual Studio Version 17
VisualStudioVersion = 17.1.32414.318
MinimumVisualStudioVersion = 10.0.40219.1
Project("{9A19103F-16F7-4668-BE54-9A1E7A4F7556}") = "SFA.DAS.SharedOuterApi", "..\..\Shared\SFA.DAS.SharedOuterApi\SFA.DAS.SharedOuterApi.csproj", "{2B9C9342-E8BA-46C4-9E4E-29FF2BF2A6C6}"
EndProject
Project("{9A19103F-16F7-4668-BE54-9A1E7A4F7556}") = "SFA.DAS.LevyTransferMatching", "SFA.DAS.LevyTransferMatching.csproj", "{8E057FDC-77DA-4A96-A646-3B1208737043}"
EndProject
Project("{9A19103F-16F7-4668-BE54-9A1E7A4F7556}") = "SFA.DAS.LevyTransferMatching.Api", "..\SFA.DAS.LevyTransferMatching.Api\SFA.DAS.LevyTransferMatching.Api.csproj", "{F84AB9C2-6A51-42A5-BC29-7B4C7B19A185}"
EndProject
Project("{9A19103F-16F7-4668-BE54-9A1E7A4F7556}") = "SFA.DAS.LevyTransferMatching.Api.UnitTests", "..\SFA.DAS.LevyTransferMatching.Api.UnitTests\SFA.DAS.LevyTransferMatching.Api.UnitTests.csproj", "{AA5F5C4F-0D09-4DC0-9087-8CA47EBFB64E}"
EndProject
Project("{9A19103F-16F7-4668-BE54-9A1E7A4F7556}") = "SFA.DAS.LevyTransferMatching.UnitTests", "..\SFA.DAS.LevyTransferMatching.UnitTests\SFA.DAS.LevyTransferMatching.UnitTests.csproj", "{9631E01E-1936-4F54-9767-A99EFCA0AC4B}"
EndProject
Global
	GlobalSection(SolutionConfigurationPlatforms) = preSolution
		Debug|Any CPU = Debug|Any CPU
		Release|Any CPU = Release|Any CPU
	EndGlobalSection
	GlobalSection(ProjectConfigurationPlatforms) = postSolution
		{2B9C9342-E8BA-46C4-9E4E-29FF2BF2A6C6}.Debug|Any CPU.ActiveCfg = Debug|Any CPU
		{2B9C9342-E8BA-46C4-9E4E-29FF2BF2A6C6}.Debug|Any CPU.Build.0 = Debug|Any CPU
		{2B9C9342-E8BA-46C4-9E4E-29FF2BF2A6C6}.Release|Any CPU.ActiveCfg = Release|Any CPU
		{2B9C9342-E8BA-46C4-9E4E-29FF2BF2A6C6}.Release|Any CPU.Build.0 = Release|Any CPU
		{8E057FDC-77DA-4A96-A646-3B1208737043}.Debug|Any CPU.ActiveCfg = Debug|Any CPU
		{8E057FDC-77DA-4A96-A646-3B1208737043}.Debug|Any CPU.Build.0 = Debug|Any CPU
		{8E057FDC-77DA-4A96-A646-3B1208737043}.Release|Any CPU.ActiveCfg = Release|Any CPU
		{8E057FDC-77DA-4A96-A646-3B1208737043}.Release|Any CPU.Build.0 = Release|Any CPU
		{F84AB9C2-6A51-42A5-BC29-7B4C7B19A185}.Debug|Any CPU.ActiveCfg = Debug|Any CPU
		{F84AB9C2-6A51-42A5-BC29-7B4C7B19A185}.Debug|Any CPU.Build.0 = Debug|Any CPU
		{F84AB9C2-6A51-42A5-BC29-7B4C7B19A185}.Release|Any CPU.ActiveCfg = Release|Any CPU
		{F84AB9C2-6A51-42A5-BC29-7B4C7B19A185}.Release|Any CPU.Build.0 = Release|Any CPU
		{AA5F5C4F-0D09-4DC0-9087-8CA47EBFB64E}.Debug|Any CPU.ActiveCfg = Debug|Any CPU
		{AA5F5C4F-0D09-4DC0-9087-8CA47EBFB64E}.Debug|Any CPU.Build.0 = Debug|Any CPU
		{AA5F5C4F-0D09-4DC0-9087-8CA47EBFB64E}.Release|Any CPU.ActiveCfg = Release|Any CPU
		{AA5F5C4F-0D09-4DC0-9087-8CA47EBFB64E}.Release|Any CPU.Build.0 = Release|Any CPU
		{9631E01E-1936-4F54-9767-A99EFCA0AC4B}.Debug|Any CPU.ActiveCfg = Debug|Any CPU
		{9631E01E-1936-4F54-9767-A99EFCA0AC4B}.Debug|Any CPU.Build.0 = Debug|Any CPU
		{9631E01E-1936-4F54-9767-A99EFCA0AC4B}.Release|Any CPU.ActiveCfg = Release|Any CPU
		{9631E01E-1936-4F54-9767-A99EFCA0AC4B}.Release|Any CPU.Build.0 = Release|Any CPU
	EndGlobalSection
	GlobalSection(SolutionProperties) = preSolution
		HideSolutionNode = FALSE
	EndGlobalSection
	GlobalSection(ExtensibilityGlobals) = postSolution
		SolutionGuid = {291102D7-D6BA-4000-8006-F38BF1167BC4}
	EndGlobalSection
EndGlobal
