
Microsoft Visual Studio Solution File, Format Version 12.00
# Visual Studio Version 17
VisualStudioVersion = 17.0.31903.59
MinimumVisualStudioVersion = 10.0.40219.1
Project("{9A19103F-16F7-4668-BE54-9A1E7A4F7556}") = "SFA.DAS.RoatpOversight", "SFA.DAS.RoatpOversight\SFA.DAS.RoatpOversight.csproj", "{9D7BAB52-144B-4D74-B3EE-4CC3C17FD258}"
EndProject
Project("{2150E333-8FDC-42A3-9474-1A3956D46DE8}") = "Tests", "Tests", "{8C63B1FA-DAB3-4D84-A320-0082DB7D8306}"
EndProject
Project("{9A19103F-16F7-4668-BE54-9A1E7A4F7556}") = "SFA.DAS.RoatpOversight.Api", "SFA.DAS.RoatpOversight.Api\SFA.DAS.RoatpOversight.Api.csproj", "{91F07E93-B12B-4B29-9CF7-1F6D2CF95093}"
EndProject
Project("{9A19103F-16F7-4668-BE54-9A1E7A4F7556}") = "SFA.DAS.RoatpOversight.Api.UnitTests", "SFA.DAS.RoatpOversight.Api.UnitTests\SFA.DAS.RoatpOversight.Api.UnitTests.csproj", "{8E159980-3566-4AAB-81C7-67709846DAC2}"
EndProject
Project("{9A19103F-16F7-4668-BE54-9A1E7A4F7556}") = "SFA.DAS.RoatpOversight.UnitTests", "SFA.DAS.RoatpOversight.UnitTests\SFA.DAS.RoatpOversight.UnitTests.csproj", "{D41B975C-6485-4241-A1AD-E91C64D18711}"
EndProject
Project("{9A19103F-16F7-4668-BE54-9A1E7A4F7556}") = "SFA.DAS.SharedOuterApi", "..\Shared\SFA.DAS.SharedOuterApi\SFA.DAS.SharedOuterApi.csproj", "{D2D45C94-B16C-4A15-9CF0-F8D0AAA31BF4}"
EndProject
Project("{9A19103F-16F7-4668-BE54-9A1E7A4F7556}") = "SFA.DAS.SharedOuterApi.UnitTests", "..\Shared\SFA.DAS.SharedOuterApi.UnitTests\SFA.DAS.SharedOuterApi.UnitTests.csproj", "{C6118FF5-1DFB-4571-A6F6-C90204DB4C3E}"
EndProject
Global
	GlobalSection(SolutionConfigurationPlatforms) = preSolution
		Debug|Any CPU = Debug|Any CPU
		Release|Any CPU = Release|Any CPU
	EndGlobalSection
	GlobalSection(ProjectConfigurationPlatforms) = postSolution
		{9D7BAB52-144B-4D74-B3EE-4CC3C17FD258}.Debug|Any CPU.ActiveCfg = Debug|Any CPU
		{9D7BAB52-144B-4D74-B3EE-4CC3C17FD258}.Debug|Any CPU.Build.0 = Debug|Any CPU
		{9D7BAB52-144B-4D74-B3EE-4CC3C17FD258}.Release|Any CPU.ActiveCfg = Release|Any CPU
		{9D7BAB52-144B-4D74-B3EE-4CC3C17FD258}.Release|Any CPU.Build.0 = Release|Any CPU
		{91F07E93-B12B-4B29-9CF7-1F6D2CF95093}.Debug|Any CPU.ActiveCfg = Debug|Any CPU
		{91F07E93-B12B-4B29-9CF7-1F6D2CF95093}.Debug|Any CPU.Build.0 = Debug|Any CPU
		{91F07E93-B12B-4B29-9CF7-1F6D2CF95093}.Release|Any CPU.ActiveCfg = Release|Any CPU
		{91F07E93-B12B-4B29-9CF7-1F6D2CF95093}.Release|Any CPU.Build.0 = Release|Any CPU
		{8E159980-3566-4AAB-81C7-67709846DAC2}.Debug|Any CPU.ActiveCfg = Debug|Any CPU
		{8E159980-3566-4AAB-81C7-67709846DAC2}.Debug|Any CPU.Build.0 = Debug|Any CPU
		{8E159980-3566-4AAB-81C7-67709846DAC2}.Release|Any CPU.ActiveCfg = Release|Any CPU
		{8E159980-3566-4AAB-81C7-67709846DAC2}.Release|Any CPU.Build.0 = Release|Any CPU
		{D41B975C-6485-4241-A1AD-E91C64D18711}.Debug|Any CPU.ActiveCfg = Debug|Any CPU
		{D41B975C-6485-4241-A1AD-E91C64D18711}.Debug|Any CPU.Build.0 = Debug|Any CPU
		{D41B975C-6485-4241-A1AD-E91C64D18711}.Release|Any CPU.ActiveCfg = Release|Any CPU
		{D41B975C-6485-4241-A1AD-E91C64D18711}.Release|Any CPU.Build.0 = Release|Any CPU
		{D2D45C94-B16C-4A15-9CF0-F8D0AAA31BF4}.Debug|Any CPU.ActiveCfg = Debug|Any CPU
		{D2D45C94-B16C-4A15-9CF0-F8D0AAA31BF4}.Debug|Any CPU.Build.0 = Debug|Any CPU
		{D2D45C94-B16C-4A15-9CF0-F8D0AAA31BF4}.Release|Any CPU.ActiveCfg = Release|Any CPU
		{D2D45C94-B16C-4A15-9CF0-F8D0AAA31BF4}.Release|Any CPU.Build.0 = Release|Any CPU
		{C6118FF5-1DFB-4571-A6F6-C90204DB4C3E}.Debug|Any CPU.ActiveCfg = Debug|Any CPU
		{C6118FF5-1DFB-4571-A6F6-C90204DB4C3E}.Debug|Any CPU.Build.0 = Debug|Any CPU
		{C6118FF5-1DFB-4571-A6F6-C90204DB4C3E}.Release|Any CPU.ActiveCfg = Release|Any CPU
		{C6118FF5-1DFB-4571-A6F6-C90204DB4C3E}.Release|Any CPU.Build.0 = Release|Any CPU
	EndGlobalSection
	GlobalSection(SolutionProperties) = preSolution
		HideSolutionNode = FALSE
	EndGlobalSection
	GlobalSection(NestedProjects) = preSolution
		{8E159980-3566-4AAB-81C7-67709846DAC2} = {8C63B1FA-DAB3-4D84-A320-0082DB7D8306}
		{D41B975C-6485-4241-A1AD-E91C64D18711} = {8C63B1FA-DAB3-4D84-A320-0082DB7D8306}
		{C6118FF5-1DFB-4571-A6F6-C90204DB4C3E} = {8C63B1FA-DAB3-4D84-A320-0082DB7D8306}
	EndGlobalSection
	GlobalSection(ExtensibilityGlobals) = postSolution
		SolutionGuid = {EA6207CB-3C6B-4BD3-9484-15C66DC6A97D}
	EndGlobalSection
EndGlobal
