
Microsoft Visual Studio Solution File, Format Version 12.00
# Visual Studio Version 18
VisualStudioVersion = 18.5.11716.220 stable
MinimumVisualStudioVersion = 10.0.40219.1
Project("{9A19103F-16F7-4668-BE54-9A1E7A4F7556}") = "SFA.DAS.RoatpCourseManagement", "SFA.DAS.RoatpCourseManagement\SFA.DAS.RoatpCourseManagement.csproj", "{59916D5A-5B8A-4D60-A938-6A0AAB747890}"
EndProject
Project("{9A19103F-16F7-4668-BE54-9A1E7A4F7556}") = "SFA.DAS.RoatpCourseManagement.Api", "SFA.DAS.RoatpCourseManagement.Api\SFA.DAS.RoatpCourseManagement.Api.csproj", "{B11D7DD1-3FAA-46FC-B5A7-D4E58D1030EF}"
EndProject
Project("{9A19103F-16F7-4668-BE54-9A1E7A4F7556}") = "SFA.DAS.RoatpCourseManagement.Api.UnitTests", "SFA.DAS.RoatpCourseManagement.Api.UnitTests\SFA.DAS.RoatpCourseManagement.Api.UnitTests.csproj", "{EBA53352-99A4-4150-9851-0C26ED8FB732}"
EndProject
Project("{9A19103F-16F7-4668-BE54-9A1E7A4F7556}") = "SFA.DAS.RoatpCourseManagement.UnitTests", "SFA.DAS.RoatpCourseManagement.UnitTests\SFA.DAS.RoatpCourseManagement.UnitTests.csproj", "{B630AF48-0477-4AE7-BB07-BA8F39614AAB}"
EndProject
Project("{2150E333-8FDC-42A3-9474-1A3956D46DE8}") = "Tests", "Tests", "{871A9784-62BE-457C-929B-47D6690F92C4}"
EndProject
Project("{FAE04EC0-301F-11D3-BF4B-00C04F79EFBC}") = "SFA.DAS.SharedOuterApi.Types", "..\Shared\SFA.DAS.SharedOuterApi.Types\SFA.DAS.SharedOuterApi.Types.csproj", "{4B382186-57D9-5A6C-1D74-9EAB7074B281}"
EndProject
Project("{FAE04EC0-301F-11D3-BF4B-00C04F79EFBC}") = "SFA.DAS.SharedOuterApi.Types.UnitTests", "..\Shared\SFA.DAS.SharedOuterApi.Types.UnitTests\SFA.DAS.SharedOuterApi.Types.UnitTests.csproj", "{0C2923A8-A4BF-0481-0A98-3EE75752A64C}"
EndProject
Global
	GlobalSection(SolutionConfigurationPlatforms) = preSolution
		Debug|Any CPU = Debug|Any CPU
		Release|Any CPU = Release|Any CPU
	EndGlobalSection
	GlobalSection(ProjectConfigurationPlatforms) = postSolution
		{59916D5A-5B8A-4D60-A938-6A0AAB747890}.Debug|Any CPU.ActiveCfg = Debug|Any CPU
		{59916D5A-5B8A-4D60-A938-6A0AAB747890}.Debug|Any CPU.Build.0 = Debug|Any CPU
		{59916D5A-5B8A-4D60-A938-6A0AAB747890}.Release|Any CPU.ActiveCfg = Release|Any CPU
		{59916D5A-5B8A-4D60-A938-6A0AAB747890}.Release|Any CPU.Build.0 = Release|Any CPU
		{B11D7DD1-3FAA-46FC-B5A7-D4E58D1030EF}.Debug|Any CPU.ActiveCfg = Debug|Any CPU
		{B11D7DD1-3FAA-46FC-B5A7-D4E58D1030EF}.Debug|Any CPU.Build.0 = Debug|Any CPU
		{B11D7DD1-3FAA-46FC-B5A7-D4E58D1030EF}.Release|Any CPU.ActiveCfg = Release|Any CPU
		{B11D7DD1-3FAA-46FC-B5A7-D4E58D1030EF}.Release|Any CPU.Build.0 = Release|Any CPU
		{EBA53352-99A4-4150-9851-0C26ED8FB732}.Debug|Any CPU.ActiveCfg = Debug|Any CPU
		{EBA53352-99A4-4150-9851-0C26ED8FB732}.Debug|Any CPU.Build.0 = Debug|Any CPU
		{EBA53352-99A4-4150-9851-0C26ED8FB732}.Release|Any CPU.ActiveCfg = Release|Any CPU
		{EBA53352-99A4-4150-9851-0C26ED8FB732}.Release|Any CPU.Build.0 = Release|Any CPU
		{B630AF48-0477-4AE7-BB07-BA8F39614AAB}.Debug|Any CPU.ActiveCfg = Debug|Any CPU
		{B630AF48-0477-4AE7-BB07-BA8F39614AAB}.Debug|Any CPU.Build.0 = Debug|Any CPU
		{B630AF48-0477-4AE7-BB07-BA8F39614AAB}.Release|Any CPU.ActiveCfg = Release|Any CPU
		{B630AF48-0477-4AE7-BB07-BA8F39614AAB}.Release|Any CPU.Build.0 = Release|Any CPU
		{4B382186-57D9-5A6C-1D74-9EAB7074B281}.Debug|Any CPU.ActiveCfg = Debug|Any CPU
		{4B382186-57D9-5A6C-1D74-9EAB7074B281}.Debug|Any CPU.Build.0 = Debug|Any CPU
		{4B382186-57D9-5A6C-1D74-9EAB7074B281}.Release|Any CPU.ActiveCfg = Release|Any CPU
		{4B382186-57D9-5A6C-1D74-9EAB7074B281}.Release|Any CPU.Build.0 = Release|Any CPU
		{0C2923A8-A4BF-0481-0A98-3EE75752A64C}.Debug|Any CPU.ActiveCfg = Debug|Any CPU
		{0C2923A8-A4BF-0481-0A98-3EE75752A64C}.Debug|Any CPU.Build.0 = Debug|Any CPU
		{0C2923A8-A4BF-0481-0A98-3EE75752A64C}.Release|Any CPU.ActiveCfg = Release|Any CPU
		{0C2923A8-A4BF-0481-0A98-3EE75752A64C}.Release|Any CPU.Build.0 = Release|Any CPU
	EndGlobalSection
	GlobalSection(SolutionProperties) = preSolution
		HideSolutionNode = FALSE
	EndGlobalSection
	GlobalSection(NestedProjects) = preSolution
		{EBA53352-99A4-4150-9851-0C26ED8FB732} = {871A9784-62BE-457C-929B-47D6690F92C4}
		{B630AF48-0477-4AE7-BB07-BA8F39614AAB} = {871A9784-62BE-457C-929B-47D6690F92C4}
		{0C2923A8-A4BF-0481-0A98-3EE75752A64C} = {871A9784-62BE-457C-929B-47D6690F92C4}
	EndGlobalSection
	GlobalSection(ExtensibilityGlobals) = postSolution
		SolutionGuid = {35695315-ADEC-4A65-B8C4-BE7BD41E3A48}
	EndGlobalSection
EndGlobal
