
Microsoft Visual Studio Solution File, Format Version 12.00
# Visual Studio Version 17
VisualStudioVersion = 17.0.31903.59
MinimumVisualStudioVersion = 10.0.40219.1
Project("{9A19103F-16F7-4668-BE54-9A1E7A4F7556}") = "SFA.DAS.AdminAan.Api", "SFA.DAS.AdminAan.Api\SFA.DAS.AdminAan.Api.csproj", "{24B78890-7C98-4BB8-AB09-8D3771692DD0}"
EndProject
Project("{2150E333-8FDC-42A3-9474-1A3956D46DE8}") = "Tests", "Tests", "{80AD9F4A-7908-46AD-BCB5-4176DF303A8E}"
EndProject
Project("{9A19103F-16F7-4668-BE54-9A1E7A4F7556}") = "SFA.DAS.AdminAan", "SFA.DAS.AdminAan\SFA.DAS.AdminAan.csproj", "{A39A4957-A8E3-44AC-8BD2-74A3EB895E56}"
EndProject
Project("{9A19103F-16F7-4668-BE54-9A1E7A4F7556}") = "SFA.DAS.AdminAan.UnitTests", "SFA.DAS.AdminAan.UnitTests\SFA.DAS.AdminAan.UnitTests.csproj", "{C74CEBCE-8A0E-4935-AE48-D1F6CECB5C88}"
EndProject
Project("{9A19103F-16F7-4668-BE54-9A1E7A4F7556}") = "SFA.DAS.AdminAan.Api.UnitTests", "SFA.DAS.AdminAan.Api.UnitTests\SFA.DAS.AdminAan.Api.UnitTests.csproj", "{088EDECC-19EA-4B28-BF0F-9C3A14A0B367}"
EndProject
Global
	GlobalSection(SolutionConfigurationPlatforms) = preSolution
		Debug|Any CPU = Debug|Any CPU
		Release|Any CPU = Release|Any CPU
	EndGlobalSection
	GlobalSection(ProjectConfigurationPlatforms) = postSolution
		{24B78890-7C98-4BB8-AB09-8D3771692DD0}.Debug|Any CPU.ActiveCfg = Debug|Any CPU
		{24B78890-7C98-4BB8-AB09-8D3771692DD0}.Debug|Any CPU.Build.0 = Debug|Any CPU
		{24B78890-7C98-4BB8-AB09-8D3771692DD0}.Release|Any CPU.ActiveCfg = Release|Any CPU
		{24B78890-7C98-4BB8-AB09-8D3771692DD0}.Release|Any CPU.Build.0 = Release|Any CPU
		{A39A4957-A8E3-44AC-8BD2-74A3EB895E56}.Debug|Any CPU.ActiveCfg = Debug|Any CPU
		{A39A4957-A8E3-44AC-8BD2-74A3EB895E56}.Debug|Any CPU.Build.0 = Debug|Any CPU
		{A39A4957-A8E3-44AC-8BD2-74A3EB895E56}.Release|Any CPU.ActiveCfg = Release|Any CPU
		{A39A4957-A8E3-44AC-8BD2-74A3EB895E56}.Release|Any CPU.Build.0 = Release|Any CPU
		{C74CEBCE-8A0E-4935-AE48-D1F6CECB5C88}.Debug|Any CPU.ActiveCfg = Debug|Any CPU
		{C74CEBCE-8A0E-4935-AE48-D1F6CECB5C88}.Debug|Any CPU.Build.0 = Debug|Any CPU
		{C74CEBCE-8A0E-4935-AE48-D1F6CECB5C88}.Release|Any CPU.ActiveCfg = Release|Any CPU
		{C74CEBCE-8A0E-4935-AE48-D1F6CECB5C88}.Release|Any CPU.Build.0 = Release|Any CPU
		{088EDECC-19EA-4B28-BF0F-9C3A14A0B367}.Debug|Any CPU.ActiveCfg = Debug|Any CPU
		{088EDECC-19EA-4B28-BF0F-9C3A14A0B367}.Debug|Any CPU.Build.0 = Debug|Any CPU
		{088EDECC-19EA-4B28-BF0F-9C3A14A0B367}.Release|Any CPU.ActiveCfg = Release|Any CPU
		{088EDECC-19EA-4B28-BF0F-9C3A14A0B367}.Release|Any CPU.Build.0 = Release|Any CPU
	EndGlobalSection
	GlobalSection(SolutionProperties) = preSolution
		HideSolutionNode = FALSE
	EndGlobalSection
	GlobalSection(NestedProjects) = preSolution
		{C74CEBCE-8A0E-4935-AE48-D1F6CECB5C88} = {80AD9F4A-7908-46AD-BCB5-4176DF303A8E}
		{088EDECC-19EA-4B28-BF0F-9C3A14A0B367} = {80AD9F4A-7908-46AD-BCB5-4176DF303A8E}
	EndGlobalSection
	GlobalSection(ExtensibilityGlobals) = postSolution
		SolutionGuid = {D2AFE288-C5C8-4701-B7EA-FE7B8BE91DAF}
	EndGlobalSection
EndGlobal
