
Microsoft Visual Studio Solution File, Format Version 12.00
# Visual Studio Version 17
VisualStudioVersion = 17.1.32414.318
MinimumVisualStudioVersion = 10.0.40219.1
Project("{9A19103F-16F7-4668-BE54-9A1E7A4F7556}") = "SFA.DAS.Campaign", "SFA.DAS.Campaign\SFA.DAS.Campaign.csproj", "{C3FE2F6C-92DC-4E79-B215-8AF6D2D58AF9}"
EndProject
Project("{9A19103F-16F7-4668-BE54-9A1E7A4F7556}") = "SFA.DAS.Campaign.Api", "SFA.DAS.Campaign.Api\SFA.DAS.Campaign.Api.csproj", "{4C920A12-3CF4-4FE3-8C17-2E8B0BFF853F}"
EndProject
Project("{9A19103F-16F7-4668-BE54-9A1E7A4F7556}") = "SFA.DAS.Campaign.Api.UnitTests", "SFA.DAS.Campaign.Api.UnitTests\SFA.DAS.Campaign.Api.UnitTests.csproj", "{2485B12B-AA7A-448D-815A-C51803518AE5}"
EndProject
Project("{9A19103F-16F7-4668-BE54-9A1E7A4F7556}") = "SFA.DAS.Campaign.UnitTests", "SFA.DAS.Campaign.UnitTests\SFA.DAS.Campaign.UnitTests.csproj", "{E27B89E9-BBB5-4830-A0CB-FF766DD4F3EE}"
EndProject
Project("{9A19103F-16F7-4668-BE54-9A1E7A4F7556}") = "SFA.DAS.SharedOuterApi", "..\Shared\SFA.DAS.SharedOuterApi\SFA.DAS.SharedOuterApi.csproj", "{2B46928F-726A-4216-BC7D-76CEAA41F74B}"
EndProject
Project("{9A19103F-16F7-4668-BE54-9A1E7A4F7556}") = "SFA.DAS.SharedOuterApi.UnitTests", "..\Shared\SFA.DAS.SharedOuterApi.UnitTests\SFA.DAS.SharedOuterApi.UnitTests.csproj", "{41D340D7-A7E7-4430-B7F3-C5C1A90DD113}"
EndProject
Global
	GlobalSection(SolutionConfigurationPlatforms) = preSolution
		Debug|Any CPU = Debug|Any CPU
		Release|Any CPU = Release|Any CPU
	EndGlobalSection
	GlobalSection(ProjectConfigurationPlatforms) = postSolution
		{C3FE2F6C-92DC-4E79-B215-8AF6D2D58AF9}.Debug|Any CPU.ActiveCfg = Debug|Any CPU
		{C3FE2F6C-92DC-4E79-B215-8AF6D2D58AF9}.Debug|Any CPU.Build.0 = Debug|Any CPU
		{C3FE2F6C-92DC-4E79-B215-8AF6D2D58AF9}.Release|Any CPU.ActiveCfg = Release|Any CPU
		{C3FE2F6C-92DC-4E79-B215-8AF6D2D58AF9}.Release|Any CPU.Build.0 = Release|Any CPU
		{4C920A12-3CF4-4FE3-8C17-2E8B0BFF853F}.Debug|Any CPU.ActiveCfg = Debug|Any CPU
		{4C920A12-3CF4-4FE3-8C17-2E8B0BFF853F}.Debug|Any CPU.Build.0 = Debug|Any CPU
		{4C920A12-3CF4-4FE3-8C17-2E8B0BFF853F}.Release|Any CPU.ActiveCfg = Release|Any CPU
		{4C920A12-3CF4-4FE3-8C17-2E8B0BFF853F}.Release|Any CPU.Build.0 = Release|Any CPU
		{2485B12B-AA7A-448D-815A-C51803518AE5}.Debug|Any CPU.ActiveCfg = Debug|Any CPU
		{2485B12B-AA7A-448D-815A-C51803518AE5}.Debug|Any CPU.Build.0 = Debug|Any CPU
		{2485B12B-AA7A-448D-815A-C51803518AE5}.Release|Any CPU.ActiveCfg = Release|Any CPU
		{2485B12B-AA7A-448D-815A-C51803518AE5}.Release|Any CPU.Build.0 = Release|Any CPU
		{E27B89E9-BBB5-4830-A0CB-FF766DD4F3EE}.Debug|Any CPU.ActiveCfg = Debug|Any CPU
		{E27B89E9-BBB5-4830-A0CB-FF766DD4F3EE}.Debug|Any CPU.Build.0 = Debug|Any CPU
		{E27B89E9-BBB5-4830-A0CB-FF766DD4F3EE}.Release|Any CPU.ActiveCfg = Release|Any CPU
		{E27B89E9-BBB5-4830-A0CB-FF766DD4F3EE}.Release|Any CPU.Build.0 = Release|Any CPU
		{2B46928F-726A-4216-BC7D-76CEAA41F74B}.Debug|Any CPU.ActiveCfg = Debug|Any CPU
		{2B46928F-726A-4216-BC7D-76CEAA41F74B}.Debug|Any CPU.Build.0 = Debug|Any CPU
		{2B46928F-726A-4216-BC7D-76CEAA41F74B}.Release|Any CPU.ActiveCfg = Release|Any CPU
		{2B46928F-726A-4216-BC7D-76CEAA41F74B}.Release|Any CPU.Build.0 = Release|Any CPU
		{41D340D7-A7E7-4430-B7F3-C5C1A90DD113}.Debug|Any CPU.ActiveCfg = Debug|Any CPU
        {41D340D7-A7E7-4430-B7F3-C5C1A90DD113}.Debug|Any CPU.Build.0 = Debug|Any CPU
        {41D340D7-A7E7-4430-B7F3-C5C1A90DD113}.Release|Any CPU.ActiveCfg = Release|Any CPU
        {41D340D7-A7E7-4430-B7F3-C5C1A90DD113}.Release|Any CPU.Build.0 = Release|Any CPU
	EndGlobalSection
	GlobalSection(SolutionProperties) = preSolution
		HideSolutionNode = FALSE
	EndGlobalSection
	GlobalSection(ExtensibilityGlobals) = postSolution
		SolutionGuid = {8CF89EF9-2FB0-4335-AB53-A1DC8006A090}
	EndGlobalSection
EndGlobal
