
Microsoft Visual Studio Solution File, Format Version 12.00
# Visual Studio Version 17
VisualStudioVersion = 17.0.31903.59
MinimumVisualStudioVersion = 10.0.40219.1
Project("{9A19103F-16F7-4668-BE54-9A1E7A4F7556}") = "SFA.DAS.EmployerAan.Api", "SFA.DAS.EmployerAan.Api\SFA.DAS.EmployerAan.Api.csproj", "{9059B489-2152-4A60-B1AB-062F51DA42CD}"
EndProject
Project("{2150E333-8FDC-42A3-9474-1A3956D46DE8}") = "Tests", "Tests", "{C26AF879-A37A-4828-A4B7-B403796EE8BB}"
EndProject
Project("{9A19103F-16F7-4668-BE54-9A1E7A4F7556}") = "SFA.DAS.EmployerAan", "SFA.DAS.EmployerAan\SFA.DAS.EmployerAan.csproj", "{E4F955F7-3F49-4367-A548-C9734DFD704C}"
EndProject
Project("{9A19103F-16F7-4668-BE54-9A1E7A4F7556}") = "SFA.DAS.EmployerAan.UnitTests", "SFA.DAS.EmployerAan.UnitTests\SFA.DAS.EmployerAan.UnitTests.csproj", "{A46DF58F-898C-410C-A2D3-F654688A498F}"
EndProject
Project("{9A19103F-16F7-4668-BE54-9A1E7A4F7556}") = "SFA.DAS.EmployerAan.Api.UnitTests", "SFA.DAS.EmployerAan.Api.UnitTests\SFA.DAS.EmployerAan.Api.UnitTests.csproj", "{A2AC248D-0CCC-4B28-9366-C7EE449EE5A4}"
EndProject
Global
	GlobalSection(SolutionConfigurationPlatforms) = preSolution
		Debug|Any CPU = Debug|Any CPU
		Release|Any CPU = Release|Any CPU
	EndGlobalSection
	GlobalSection(ProjectConfigurationPlatforms) = postSolution
		{9059B489-2152-4A60-B1AB-062F51DA42CD}.Debug|Any CPU.ActiveCfg = Debug|Any CPU
		{9059B489-2152-4A60-B1AB-062F51DA42CD}.Debug|Any CPU.Build.0 = Debug|Any CPU
		{9059B489-2152-4A60-B1AB-062F51DA42CD}.Release|Any CPU.ActiveCfg = Release|Any CPU
		{9059B489-2152-4A60-B1AB-062F51DA42CD}.Release|Any CPU.Build.0 = Release|Any CPU
		{E4F955F7-3F49-4367-A548-C9734DFD704C}.Debug|Any CPU.ActiveCfg = Debug|Any CPU
		{E4F955F7-3F49-4367-A548-C9734DFD704C}.Debug|Any CPU.Build.0 = Debug|Any CPU
		{E4F955F7-3F49-4367-A548-C9734DFD704C}.Release|Any CPU.ActiveCfg = Release|Any CPU
		{E4F955F7-3F49-4367-A548-C9734DFD704C}.Release|Any CPU.Build.0 = Release|Any CPU
		{A46DF58F-898C-410C-A2D3-F654688A498F}.Debug|Any CPU.ActiveCfg = Debug|Any CPU
		{A46DF58F-898C-410C-A2D3-F654688A498F}.Debug|Any CPU.Build.0 = Debug|Any CPU
		{A46DF58F-898C-410C-A2D3-F654688A498F}.Release|Any CPU.ActiveCfg = Release|Any CPU
		{A46DF58F-898C-410C-A2D3-F654688A498F}.Release|Any CPU.Build.0 = Release|Any CPU
		{A2AC248D-0CCC-4B28-9366-C7EE449EE5A4}.Debug|Any CPU.ActiveCfg = Debug|Any CPU
		{A2AC248D-0CCC-4B28-9366-C7EE449EE5A4}.Debug|Any CPU.Build.0 = Debug|Any CPU
		{A2AC248D-0CCC-4B28-9366-C7EE449EE5A4}.Release|Any CPU.ActiveCfg = Release|Any CPU
		{A2AC248D-0CCC-4B28-9366-C7EE449EE5A4}.Release|Any CPU.Build.0 = Release|Any CPU
	EndGlobalSection
	GlobalSection(SolutionProperties) = preSolution
		HideSolutionNode = FALSE
	EndGlobalSection
	GlobalSection(NestedProjects) = preSolution
		{A46DF58F-898C-410C-A2D3-F654688A498F} = {C26AF879-A37A-4828-A4B7-B403796EE8BB}
		{A2AC248D-0CCC-4B28-9366-C7EE449EE5A4} = {C26AF879-A37A-4828-A4B7-B403796EE8BB}
	EndGlobalSection
	GlobalSection(ExtensibilityGlobals) = postSolution
		SolutionGuid = {C17AFFED-E638-424D-918E-0C1693895F1D}
	EndGlobalSection
EndGlobal
