
Microsoft Visual Studio Solution File, Format Version 12.00
# Visual Studio Version 17
VisualStudioVersion = 17.1.32414.318
MinimumVisualStudioVersion = 10.0.40219.1
Project("{9A19103F-16F7-4668-BE54-9A1E7A4F7556}") = "SFA.DAS.SharedOuterApi", "..\Shared\SFA.DAS.SharedOuterApi\SFA.DAS.SharedOuterApi.csproj", "{24CE452C-E77D-46EB-BBB8-723C8EB7DACA}"
EndProject
Project("{9A19103F-16F7-4668-BE54-9A1E7A4F7556}") = "SFA.DAS.FindAnApprenticeship", "SFA.DAS.FindAnApprenticeship\SFA.DAS.FindAnApprenticeship.csproj", "{AA237679-263D-4B28-90BC-389C79E04E14}"
EndProject
Project("{9A19103F-16F7-4668-BE54-9A1E7A4F7556}") = "SFA.DAS.FindAnApprenticeship.Api", "SFA.DAS.FindAnApprenticeship.Api\SFA.DAS.FindAnApprenticeship.Api.csproj", "{F5D3B96C-D1BD-4768-A1FC-55041786E4DF}"
EndProject
Project("{9A19103F-16F7-4668-BE54-9A1E7A4F7556}") = "SFA.DAS.FindAnApprenticeship.Api.UnitTests", "SFA.DAS.FindAnApprenticeship.Api.UnitTests\SFA.DAS.FindAnApprenticeship.Api.UnitTests.csproj", "{D0E431CC-F587-45B7-AC86-CF0DE937B197}"
EndProject
Project("{9A19103F-16F7-4668-BE54-9A1E7A4F7556}") = "SFA.DAS.FindAnApprenticeship.UnitTests", "SFA.DAS.FindAnApprenticeship.UnitTests\SFA.DAS.FindAnApprenticeship.UnitTests.csproj", "{FCF85AAB-0453-43C8-9B67-3F70E245C4F8}"
EndProject
Project("{9A19103F-16F7-4668-BE54-9A1E7A4F7556}") = "SFA.DAS.SharedOuterApi.UnitTests", "..\Shared\SFA.DAS.SharedOuterApi.UnitTests\SFA.DAS.SharedOuterApi.UnitTests.csproj", "{41D340D7-A7E7-4430-B7F3-C5C1A90DD113}"
EndProject
Global
	GlobalSection(SolutionConfigurationPlatforms) = preSolution
		Debug|Any CPU = Debug|Any CPU
		Release|Any CPU = Release|Any CPU
	EndGlobalSection
	GlobalSection(ProjectConfigurationPlatforms) = postSolution
		{24CE452C-E77D-46EB-BBB8-723C8EB7DACA}.Debug|Any CPU.ActiveCfg = Debug|Any CPU
		{24CE452C-E77D-46EB-BBB8-723C8EB7DACA}.Debug|Any CPU.Build.0 = Debug|Any CPU
		{24CE452C-E77D-46EB-BBB8-723C8EB7DACA}.Release|Any CPU.ActiveCfg = Release|Any CPU
		{24CE452C-E77D-46EB-BBB8-723C8EB7DACA}.Release|Any CPU.Build.0 = Release|Any CPU
		{AA237679-263D-4B28-90BC-389C79E04E14}.Debug|Any CPU.ActiveCfg = Debug|Any CPU
		{AA237679-263D-4B28-90BC-389C79E04E14}.Debug|Any CPU.Build.0 = Debug|Any CPU
		{AA237679-263D-4B28-90BC-389C79E04E14}.Release|Any CPU.ActiveCfg = Release|Any CPU
		{AA237679-263D-4B28-90BC-389C79E04E14}.Release|Any CPU.Build.0 = Release|Any CPU
		{F5D3B96C-D1BD-4768-A1FC-55041786E4DF}.Debug|Any CPU.ActiveCfg = Debug|Any CPU
		{F5D3B96C-D1BD-4768-A1FC-55041786E4DF}.Debug|Any CPU.Build.0 = Debug|Any CPU
		{F5D3B96C-D1BD-4768-A1FC-55041786E4DF}.Release|Any CPU.ActiveCfg = Release|Any CPU
		{F5D3B96C-D1BD-4768-A1FC-55041786E4DF}.Release|Any CPU.Build.0 = Release|Any CPU
		{D0E431CC-F587-45B7-AC86-CF0DE937B197}.Debug|Any CPU.ActiveCfg = Debug|Any CPU
		{D0E431CC-F587-45B7-AC86-CF0DE937B197}.Debug|Any CPU.Build.0 = Debug|Any CPU
		{D0E431CC-F587-45B7-AC86-CF0DE937B197}.Release|Any CPU.ActiveCfg = Release|Any CPU
		{D0E431CC-F587-45B7-AC86-CF0DE937B197}.Release|Any CPU.Build.0 = Release|Any CPU
		{FCF85AAB-0453-43C8-9B67-3F70E245C4F8}.Debug|Any CPU.ActiveCfg = Debug|Any CPU
		{FCF85AAB-0453-43C8-9B67-3F70E245C4F8}.Debug|Any CPU.Build.0 = Debug|Any CPU
		{FCF85AAB-0453-43C8-9B67-3F70E245C4F8}.Release|Any CPU.ActiveCfg = Release|Any CPU
		{FCF85AAB-0453-43C8-9B67-3F70E245C4F8}.Release|Any CPU.Build.0 = Release|Any CPU
		{41D340D7-A7E7-4430-B7F3-C5C1A90DD113}.Debug|Any CPU.ActiveCfg = Debug|Any CPU
		{41D340D7-A7E7-4430-B7F3-C5C1A90DD113}.Release|Any CPU.ActiveCfg = Release|Any CPU
		{41D340D7-A7E7-4430-B7F3-C5C1A90DD113}.Release|Any CPU.Build.0 = Release|Any CPU
	EndGlobalSection
	GlobalSection(SolutionProperties) = preSolution
		HideSolutionNode = FALSE
	EndGlobalSection
	GlobalSection(ExtensibilityGlobals) = postSolution
		SolutionGuid = {E0164528-4B3A-45A7-A77A-083C3039C039}
	EndGlobalSection
EndGlobal
