
Microsoft Visual Studio Solution File, Format Version 12.00
# Visual Studio Version 17
VisualStudioVersion = 17.1.32414.318
MinimumVisualStudioVersion = 10.0.40219.1
Project("{9A19103F-16F7-4668-BE54-9A1E7A4F7556}") = "SFA.DAS.EmployerDemand", "SFA.DAS.EmployerDemand.csproj", "{3C660514-A5BA-474E-A432-6C252C0A81F2}"
EndProject
Project("{9A19103F-16F7-4668-BE54-9A1E7A4F7556}") = "SFA.DAS.EmployerDemand.Api", "..\SFA.DAS.EmployerDemand.Api\SFA.DAS.EmployerDemand.Api.csproj", "{A920595D-8685-499A-9082-2BE42E6843EA}"
EndProject
Project("{9A19103F-16F7-4668-BE54-9A1E7A4F7556}") = "SFA.DAS.EmployerDemand.Api.UnitTests", "..\SFA.DAS.EmployerDemand.Api.UnitTests\SFA.DAS.EmployerDemand.Api.UnitTests.csproj", "{691896E1-83F8-4A47-B57E-9BAC4010E5E5}"
EndProject
Project("{9A19103F-16F7-4668-BE54-9A1E7A4F7556}") = "SFA.DAS.EmployerDemand.UnitTests", "..\SFA.DAS.EmployerDemand.UnitTests\SFA.DAS.EmployerDemand.UnitTests.csproj", "{05334DA2-6D78-4B31-81E1-62B96504E743}"
EndProject
Project("{9A19103F-16F7-4668-BE54-9A1E7A4F7556}") = "SFA.DAS.SharedOuterApi", "..\..\Shared\SFA.DAS.SharedOuterApi\SFA.DAS.SharedOuterApi.csproj", "{DA530AEC-6EAF-4B6A-9F78-C5CA5EA10537}"
EndProject
Global
	GlobalSection(SolutionConfigurationPlatforms) = preSolution
		Debug|Any CPU = Debug|Any CPU
		Release|Any CPU = Release|Any CPU
	EndGlobalSection
	GlobalSection(ProjectConfigurationPlatforms) = postSolution
		{3C660514-A5BA-474E-A432-6C252C0A81F2}.Debug|Any CPU.ActiveCfg = Debug|Any CPU
		{3C660514-A5BA-474E-A432-6C252C0A81F2}.Debug|Any CPU.Build.0 = Debug|Any CPU
		{3C660514-A5BA-474E-A432-6C252C0A81F2}.Release|Any CPU.ActiveCfg = Release|Any CPU
		{3C660514-A5BA-474E-A432-6C252C0A81F2}.Release|Any CPU.Build.0 = Release|Any CPU
		{A920595D-8685-499A-9082-2BE42E6843EA}.Debug|Any CPU.ActiveCfg = Debug|Any CPU
		{A920595D-8685-499A-9082-2BE42E6843EA}.Debug|Any CPU.Build.0 = Debug|Any CPU
		{A920595D-8685-499A-9082-2BE42E6843EA}.Release|Any CPU.ActiveCfg = Release|Any CPU
		{A920595D-8685-499A-9082-2BE42E6843EA}.Release|Any CPU.Build.0 = Release|Any CPU
		{691896E1-83F8-4A47-B57E-9BAC4010E5E5}.Debug|Any CPU.ActiveCfg = Debug|Any CPU
		{691896E1-83F8-4A47-B57E-9BAC4010E5E5}.Debug|Any CPU.Build.0 = Debug|Any CPU
		{691896E1-83F8-4A47-B57E-9BAC4010E5E5}.Release|Any CPU.ActiveCfg = Release|Any CPU
		{691896E1-83F8-4A47-B57E-9BAC4010E5E5}.Release|Any CPU.Build.0 = Release|Any CPU
		{05334DA2-6D78-4B31-81E1-62B96504E743}.Debug|Any CPU.ActiveCfg = Debug|Any CPU
		{05334DA2-6D78-4B31-81E1-62B96504E743}.Debug|Any CPU.Build.0 = Debug|Any CPU
		{05334DA2-6D78-4B31-81E1-62B96504E743}.Release|Any CPU.ActiveCfg = Release|Any CPU
		{05334DA2-6D78-4B31-81E1-62B96504E743}.Release|Any CPU.Build.0 = Release|Any CPU
		{DA530AEC-6EAF-4B6A-9F78-C5CA5EA10537}.Debug|Any CPU.ActiveCfg = Debug|Any CPU
		{DA530AEC-6EAF-4B6A-9F78-C5CA5EA10537}.Debug|Any CPU.Build.0 = Debug|Any CPU
		{DA530AEC-6EAF-4B6A-9F78-C5CA5EA10537}.Release|Any CPU.ActiveCfg = Release|Any CPU
		{DA530AEC-6EAF-4B6A-9F78-C5CA5EA10537}.Release|Any CPU.Build.0 = Release|Any CPU
	EndGlobalSection
	GlobalSection(SolutionProperties) = preSolution
		HideSolutionNode = FALSE
	EndGlobalSection
	GlobalSection(ExtensibilityGlobals) = postSolution
		SolutionGuid = {84EA3A51-32C9-472D-98B0-AA8455525E5E}
	EndGlobalSection
EndGlobal
