
Microsoft Visual Studio Solution File, Format Version 12.00
# Visual Studio Version 17
VisualStudioVersion = 17.1.32414.318
MinimumVisualStudioVersion = 10.0.40219.1
Project("{9A19103F-16F7-4668-BE54-9A1E7A4F7556}") = "SFA.DAS.SharedOuterApi", "..\Shared\SFA.DAS.SharedOuterApi\SFA.DAS.SharedOuterApi.csproj", "{D1A3644B-5E89-4B6A-92CC-B30B3BF45A59}"
EndProject
Project("{9A19103F-16F7-4668-BE54-9A1E7A4F7556}") = "SFA.DAS.Assessors", "SFA.DAS.Assessors\SFA.DAS.Assessors.csproj", "{1F096F81-8387-4D72-AB08-23CAFE350470}"
EndProject
Project("{9A19103F-16F7-4668-BE54-9A1E7A4F7556}") = "SFA.DAS.Assessors.Api", "SFA.DAS.Assessors.Api\SFA.DAS.Assessors.Api.csproj", "{B2C5B7D8-F6A9-42BA-ADA6-FB85F0186A67}"
EndProject
Project("{9A19103F-16F7-4668-BE54-9A1E7A4F7556}") = "SFA.DAS.Assessors.Api.UnitTests", "SFA.DAS.Assessors.Api.UnitTests\SFA.DAS.Assessors.Api.UnitTests.csproj", "{3DCFA3EC-6438-424E-8774-0E255473AABE}"
EndProject
Project("{9A19103F-16F7-4668-BE54-9A1E7A4F7556}") = "SFA.DAS.Assessors.UnitTests", "SFA.DAS.Assessors.UnitTests\SFA.DAS.Assessors.UnitTests.csproj", "{EC69C740-C8C3-4DA5-A485-503B34CC5857}"
EndProject
Project("{9A19103F-16F7-4668-BE54-9A1E7A4F7556}") = "SFA.DAS.SharedOuterApi.UnitTests", "..\Shared\SFA.DAS.SharedOuterApi.UnitTests\SFA.DAS.SharedOuterApi.UnitTests.csproj", "{41D340D7-A7E7-4430-B7F3-C5C1A90DD113}"
EndProject
Global
	GlobalSection(SolutionConfigurationPlatforms) = preSolution
		Debug|Any CPU = Debug|Any CPU
		Release|Any CPU = Release|Any CPU
	EndGlobalSection
	GlobalSection(ProjectConfigurationPlatforms) = postSolution
		{D1A3644B-5E89-4B6A-92CC-B30B3BF45A59}.Debug|Any CPU.ActiveCfg = Debug|Any CPU
		{D1A3644B-5E89-4B6A-92CC-B30B3BF45A59}.Debug|Any CPU.Build.0 = Debug|Any CPU
		{D1A3644B-5E89-4B6A-92CC-B30B3BF45A59}.Release|Any CPU.ActiveCfg = Release|Any CPU
		{D1A3644B-5E89-4B6A-92CC-B30B3BF45A59}.Release|Any CPU.Build.0 = Release|Any CPU
		{1F096F81-8387-4D72-AB08-23CAFE350470}.Debug|Any CPU.ActiveCfg = Debug|Any CPU
		{1F096F81-8387-4D72-AB08-23CAFE350470}.Debug|Any CPU.Build.0 = Debug|Any CPU
		{1F096F81-8387-4D72-AB08-23CAFE350470}.Release|Any CPU.ActiveCfg = Release|Any CPU
		{1F096F81-8387-4D72-AB08-23CAFE350470}.Release|Any CPU.Build.0 = Release|Any CPU
		{B2C5B7D8-F6A9-42BA-ADA6-FB85F0186A67}.Debug|Any CPU.ActiveCfg = Debug|Any CPU
		{B2C5B7D8-F6A9-42BA-ADA6-FB85F0186A67}.Debug|Any CPU.Build.0 = Debug|Any CPU
		{B2C5B7D8-F6A9-42BA-ADA6-FB85F0186A67}.Release|Any CPU.ActiveCfg = Release|Any CPU
		{B2C5B7D8-F6A9-42BA-ADA6-FB85F0186A67}.Release|Any CPU.Build.0 = Release|Any CPU
		{3DCFA3EC-6438-424E-8774-0E255473AABE}.Debug|Any CPU.ActiveCfg = Debug|Any CPU
		{3DCFA3EC-6438-424E-8774-0E255473AABE}.Debug|Any CPU.Build.0 = Debug|Any CPU
		{3DCFA3EC-6438-424E-8774-0E255473AABE}.Release|Any CPU.ActiveCfg = Release|Any CPU
		{3DCFA3EC-6438-424E-8774-0E255473AABE}.Release|Any CPU.Build.0 = Release|Any CPU
		{EC69C740-C8C3-4DA5-A485-503B34CC5857}.Debug|Any CPU.ActiveCfg = Debug|Any CPU
		{EC69C740-C8C3-4DA5-A485-503B34CC5857}.Debug|Any CPU.Build.0 = Debug|Any CPU
		{EC69C740-C8C3-4DA5-A485-503B34CC5857}.Release|Any CPU.ActiveCfg = Release|Any CPU
		{EC69C740-C8C3-4DA5-A485-503B34CC5857}.Release|Any CPU.Build.0 = Release|Any CPU
		{41D340D7-A7E7-4430-B7F3-C5C1A90DD113}.Debug|Any CPU.ActiveCfg = Debug|Any CPU
		{41D340D7-A7E7-4430-B7F3-C5C1A90DD113}.Release|Any CPU.ActiveCfg = Release|Any CPU
		{41D340D7-A7E7-4430-B7F3-C5C1A90DD113}.Release|Any CPU.Build.0 = Release|Any CPU
	EndGlobalSection
	GlobalSection(SolutionProperties) = preSolution
		HideSolutionNode = FALSE
	EndGlobalSection
	GlobalSection(ExtensibilityGlobals) = postSolution
		SolutionGuid = {C1A075A8-CCC5-4B19-A3F6-7DD036494F68}
	EndGlobalSection
EndGlobal
