
Microsoft Visual Studio Solution File, Format Version 12.00
# Visual Studio Version 17
VisualStudioVersion = 17.0.31903.59
MinimumVisualStudioVersion = 10.0.40219.1
Project("{FAE04EC0-301F-11D3-BF4B-00C04F79EFBC}") = "SFA.DAS.SharedOuterApi", "..\Shared\SFA.DAS.SharedOuterApi\SFA.DAS.SharedOuterApi.csproj", "{FD29B479-371F-106A-99CA-4AB92D8E5B88}"
EndProject
Project("{2150E333-8FDC-42A3-9474-1A3956D46DE8}") = "Tests", "Tests", "{02EA681E-C7D8-13C7-8484-4AC65E1B71E8}"
EndProject
Project("{FAE04EC0-301F-11D3-BF4B-00C04F79EFBC}") = "SFA.DAS.SharedOuterApi.UnitTests", "..\Shared\SFA.DAS.SharedOuterApi.UnitTests\SFA.DAS.SharedOuterApi.UnitTests.csproj", "{BA42848C-142E-4452-F891-F4F9C7633D96}"
EndProject
Project("{FAE04EC0-301F-11D3-BF4B-00C04F79EFBC}") = "SFA.DAS.AdminRoatp.Api", "SFA.DAS.AdminRoatp.Api\SFA.DAS.AdminRoatp.Api.csproj", "{7C3EC9B3-534D-4684-811B-1630002DAA93}"
EndProject
Project("{FAE04EC0-301F-11D3-BF4B-00C04F79EFBC}") = "SFA.DAS.AdminRoatp", "SFA.DAS.AdminRoatp\SFA.DAS.AdminRoatp.csproj", "{02654EEB-4B5E-42E7-8198-42028A0EF9AB}"
EndProject
Project("{FAE04EC0-301F-11D3-BF4B-00C04F79EFBC}") = "SFA.DAS.AdminRoatp.Api.UnitTests", "SFA.DAS.AdminRoatp.Api.UnitTests\SFA.DAS.AdminRoatp.Api.UnitTests.csproj", "{8CB196AD-3BE9-4B83-BD8E-604E898B8A77}"
EndProject
Project("{FAE04EC0-301F-11D3-BF4B-00C04F79EFBC}") = "SFA.DAS.AdminRoatp.UnitTests", "SFA.DAS.AdminRoatp.UnitTests\SFA.DAS.AdminRoatp.UnitTests.csproj", "{5A1166BC-0298-4323-85C6-3FBC4BF63A6A}"
EndProject
Global
	GlobalSection(SolutionConfigurationPlatforms) = preSolution
		Debug|Any CPU = Debug|Any CPU
		Release|Any CPU = Release|Any CPU
	EndGlobalSection
	GlobalSection(ProjectConfigurationPlatforms) = postSolution
		{FD29B479-371F-106A-99CA-4AB92D8E5B88}.Debug|Any CPU.ActiveCfg = Debug|Any CPU
		{FD29B479-371F-106A-99CA-4AB92D8E5B88}.Debug|Any CPU.Build.0 = Debug|Any CPU
		{FD29B479-371F-106A-99CA-4AB92D8E5B88}.Release|Any CPU.ActiveCfg = Release|Any CPU
		{FD29B479-371F-106A-99CA-4AB92D8E5B88}.Release|Any CPU.Build.0 = Release|Any CPU
		{BA42848C-142E-4452-F891-F4F9C7633D96}.Debug|Any CPU.ActiveCfg = Debug|Any CPU
		{BA42848C-142E-4452-F891-F4F9C7633D96}.Debug|Any CPU.Build.0 = Debug|Any CPU
		{BA42848C-142E-4452-F891-F4F9C7633D96}.Release|Any CPU.ActiveCfg = Release|Any CPU
		{BA42848C-142E-4452-F891-F4F9C7633D96}.Release|Any CPU.Build.0 = Release|Any CPU
		{7C3EC9B3-534D-4684-811B-1630002DAA93}.Debug|Any CPU.ActiveCfg = Debug|Any CPU
		{7C3EC9B3-534D-4684-811B-1630002DAA93}.Debug|Any CPU.Build.0 = Debug|Any CPU
		{7C3EC9B3-534D-4684-811B-1630002DAA93}.Release|Any CPU.ActiveCfg = Release|Any CPU
		{7C3EC9B3-534D-4684-811B-1630002DAA93}.Release|Any CPU.Build.0 = Release|Any CPU
		{02654EEB-4B5E-42E7-8198-42028A0EF9AB}.Debug|Any CPU.ActiveCfg = Debug|Any CPU
		{02654EEB-4B5E-42E7-8198-42028A0EF9AB}.Debug|Any CPU.Build.0 = Debug|Any CPU
		{02654EEB-4B5E-42E7-8198-42028A0EF9AB}.Release|Any CPU.ActiveCfg = Release|Any CPU
		{02654EEB-4B5E-42E7-8198-42028A0EF9AB}.Release|Any CPU.Build.0 = Release|Any CPU
		{8CB196AD-3BE9-4B83-BD8E-604E898B8A77}.Debug|Any CPU.ActiveCfg = Debug|Any CPU
		{8CB196AD-3BE9-4B83-BD8E-604E898B8A77}.Debug|Any CPU.Build.0 = Debug|Any CPU
		{8CB196AD-3BE9-4B83-BD8E-604E898B8A77}.Release|Any CPU.ActiveCfg = Release|Any CPU
		{8CB196AD-3BE9-4B83-BD8E-604E898B8A77}.Release|Any CPU.Build.0 = Release|Any CPU
		{5A1166BC-0298-4323-85C6-3FBC4BF63A6A}.Debug|Any CPU.ActiveCfg = Debug|Any CPU
		{5A1166BC-0298-4323-85C6-3FBC4BF63A6A}.Debug|Any CPU.Build.0 = Debug|Any CPU
		{5A1166BC-0298-4323-85C6-3FBC4BF63A6A}.Release|Any CPU.ActiveCfg = Release|Any CPU
		{5A1166BC-0298-4323-85C6-3FBC4BF63A6A}.Release|Any CPU.Build.0 = Release|Any CPU
	EndGlobalSection
	GlobalSection(SolutionProperties) = preSolution
		HideSolutionNode = FALSE
	EndGlobalSection
	GlobalSection(NestedProjects) = preSolution
		{BA42848C-142E-4452-F891-F4F9C7633D96} = {02EA681E-C7D8-13C7-8484-4AC65E1B71E8}
		{8CB196AD-3BE9-4B83-BD8E-604E898B8A77} = {02EA681E-C7D8-13C7-8484-4AC65E1B71E8}
		{5A1166BC-0298-4323-85C6-3FBC4BF63A6A} = {02EA681E-C7D8-13C7-8484-4AC65E1B71E8}
	EndGlobalSection
	GlobalSection(ExtensibilityGlobals) = postSolution
		SolutionGuid = {628E810F-9AE9-4760-BC3B-BF3C7BE73262}
	EndGlobalSection
EndGlobal
