
Microsoft Visual Studio Solution File, Format Version 12.00
# Visual Studio Version 16
VisualStudioVersion = 16.0.31424.327
MinimumVisualStudioVersion = 10.0.40219.1
Project("{9A19103F-16F7-4668-BE54-9A1E7A4F7556}") = "SFA.DAS.SharedOuterApi", "..\Shared\SFA.DAS.SharedOuterApi\SFA.DAS.SharedOuterApi.csproj", "{988FB7FC-2B13-4611-AB77-A1B16C964505}"
EndProject
Project("{9A19103F-16F7-4668-BE54-9A1E7A4F7556}") = "SFA.DAS.EmployerAccounts", "SFA.DAS.EmployerAccounts\SFA.DAS.EmployerAccounts.csproj", "{0752042E-BF83-4538-AA91-026F93B1CEE0}"
EndProject
Project("{9A19103F-16F7-4668-BE54-9A1E7A4F7556}") = "SFA.DAS.EmployerAccounts.Api", "SFA.DAS.EmployerAccounts.Api\SFA.DAS.EmployerAccounts.Api.csproj", "{BE67CF7B-69C4-4303-9DCE-39DC03D013C1}"
EndProject
Project("{9A19103F-16F7-4668-BE54-9A1E7A4F7556}") = "SFA.DAS.EmployerAccounts.Api.UnitTests", "SFA.DAS.EmployerAccounts.Api.UnitTests\SFA.DAS.EmployerAccounts.Api.UnitTests.csproj", "{13A11EDA-F91B-4800-9F57-EDEDCE4EB0A4}"
EndProject
Project("{9A19103F-16F7-4668-BE54-9A1E7A4F7556}") = "SFA.DAS.EmployerAccounts.UnitTests", "SFA.DAS.EmployerAccounts.UnitTests\SFA.DAS.EmployerAccounts.UnitTests.csproj", "{EF8844A9-7309-4E8B-9306-8B4A805B5C7B}"
EndProject
Project("{9A19103F-16F7-4668-BE54-9A1E7A4F7556}") = "SFA.DAS.SharedOuterApi.UnitTests", "..\Shared\SFA.DAS.SharedOuterApi.UnitTests\SFA.DAS.SharedOuterApi.UnitTests.csproj", "{225397CA-AB6B-4D3C-98BA-488EA2478C3D}"
EndProject
Global
	GlobalSection(SolutionConfigurationPlatforms) = preSolution
		Debug|Any CPU = Debug|Any CPU
		Release|Any CPU = Release|Any CPU
	EndGlobalSection
	GlobalSection(ProjectConfigurationPlatforms) = postSolution
		{988FB7FC-2B13-4611-AB77-A1B16C964505}.Debug|Any CPU.ActiveCfg = Debug|Any CPU
		{988FB7FC-2B13-4611-AB77-A1B16C964505}.Debug|Any CPU.Build.0 = Debug|Any CPU
		{988FB7FC-2B13-4611-AB77-A1B16C964505}.Release|Any CPU.ActiveCfg = Release|Any CPU
		{988FB7FC-2B13-4611-AB77-A1B16C964505}.Release|Any CPU.Build.0 = Release|Any CPU
		{0752042E-BF83-4538-AA91-026F93B1CEE0}.Debug|Any CPU.ActiveCfg = Debug|Any CPU
		{0752042E-BF83-4538-AA91-026F93B1CEE0}.Debug|Any CPU.Build.0 = Debug|Any CPU
		{0752042E-BF83-4538-AA91-026F93B1CEE0}.Release|Any CPU.ActiveCfg = Release|Any CPU
		{0752042E-BF83-4538-AA91-026F93B1CEE0}.Release|Any CPU.Build.0 = Release|Any CPU
		{BE67CF7B-69C4-4303-9DCE-39DC03D013C1}.Debug|Any CPU.ActiveCfg = Debug|Any CPU
		{BE67CF7B-69C4-4303-9DCE-39DC03D013C1}.Debug|Any CPU.Build.0 = Debug|Any CPU
		{BE67CF7B-69C4-4303-9DCE-39DC03D013C1}.Release|Any CPU.ActiveCfg = Release|Any CPU
		{BE67CF7B-69C4-4303-9DCE-39DC03D013C1}.Release|Any CPU.Build.0 = Release|Any CPU
		{13A11EDA-F91B-4800-9F57-EDEDCE4EB0A4}.Debug|Any CPU.ActiveCfg = Debug|Any CPU
		{13A11EDA-F91B-4800-9F57-EDEDCE4EB0A4}.Debug|Any CPU.Build.0 = Debug|Any CPU
		{13A11EDA-F91B-4800-9F57-EDEDCE4EB0A4}.Release|Any CPU.ActiveCfg = Release|Any CPU
		{13A11EDA-F91B-4800-9F57-EDEDCE4EB0A4}.Release|Any CPU.Build.0 = Release|Any CPU
		{EF8844A9-7309-4E8B-9306-8B4A805B5C7B}.Debug|Any CPU.ActiveCfg = Debug|Any CPU
		{EF8844A9-7309-4E8B-9306-8B4A805B5C7B}.Debug|Any CPU.Build.0 = Debug|Any CPU
		{EF8844A9-7309-4E8B-9306-8B4A805B5C7B}.Release|Any CPU.ActiveCfg = Release|Any CPU
		{EF8844A9-7309-4E8B-9306-8B4A805B5C7B}.Release|Any CPU.Build.0 = Release|Any CPU
		{225397CA-AB6B-4D3C-98BA-488EA2478C3D}.Debug|Any CPU.ActiveCfg = Debug|Any CPU
		{225397CA-AB6B-4D3C-98BA-488EA2478C3D}.Debug|Any CPU.Build.0 = Debug|Any CPU
		{225397CA-AB6B-4D3C-98BA-488EA2478C3D}.Release|Any CPU.ActiveCfg = Release|Any CPU
		{225397CA-AB6B-4D3C-98BA-488EA2478C3D}.Release|Any CPU.Build.0 = Release|Any CPU
	EndGlobalSection
	GlobalSection(SolutionProperties) = preSolution
		HideSolutionNode = FALSE
	EndGlobalSection
	GlobalSection(ExtensibilityGlobals) = postSolution
		SolutionGuid = {57E4B0A5-FE55-4E17-AD2A-A7CB0B65A09D}
	EndGlobalSection
EndGlobal
