Microsoft Visual Studio Solution File, Format Version 12.00
# Visual Studio Version 16
VisualStudioVersion = 16.0.30204.135
MinimumVisualStudioVersion = 10.0.40219.1
Project("{9A19103F-16F7-4668-BE54-9A1E7A4F7556}") = "SFA.DAS.FindApprenticeshipTraining.Api", "SFA.DAS.FindApprenticeshipTraining.Api\SFA.DAS.FindApprenticeshipTraining.Api.csproj", "{C7F2CFDB-D9A6-4815-8CAE-C410D34409D7}"
EndProject
Project("{2150E333-8FDC-42A3-9474-1A3956D46DE8}") = "Solution Items", "Solution Items", "{D6D66363-4BC5-4E27-991A-3BACFACD6879}"
	ProjectSection(SolutionItems) = preProject
		.editorconfig = .editorconfig
		..\README.md = ..\README.md
	EndProjectSection
EndProject
Project("{2150E333-8FDC-42A3-9474-1A3956D46DE8}") = "Tests", "Tests", "{87C4369B-AB1E-444C-A6DA-433DD3812B03}"
EndProject
Project("{9A19103F-16F7-4668-BE54-9A1E7A4F7556}") = "SFA.DAS.FindApprenticeshipTraining.Api.UnitTests", "SFA.DAS.FindApprenticeshipTraining.Api.UnitTests\SFA.DAS.FindApprenticeshipTraining.Api.UnitTests.csproj", "{62E68066-4A3A-44A7-876A-968F67A083DF}"
EndProject
Project("{9A19103F-16F7-4668-BE54-9A1E7A4F7556}") = "SFA.DAS.FindApprenticeshipTraining", "SFA.DAS.FindApprenticeshipTraining\SFA.DAS.FindApprenticeshipTraining.csproj", "{5E9B3D3B-D1C8-4F04-BF47-622D4051EA6E}"
EndProject
Project("{9A19103F-16F7-4668-BE54-9A1E7A4F7556}") = "SFA.DAS.FindApprenticeshipTraining.UnitTests", "SFA.DAS.FindApprenticeshipTraining.UnitTests\SFA.DAS.FindApprenticeshipTraining.UnitTests.csproj", "{983010EF-4855-4838-8E9C-222F99B83A8F}"
EndProject
Project("{2150E333-8FDC-42A3-9474-1A3956D46DE8}") = "Reservations", "Reservations", "{1557CFCA-C28C-46C4-B864-689E4F71E61E}"
EndProject
Project("{2150E333-8FDC-42A3-9474-1A3956D46DE8}") = "FindApprenticeshipTraining", "FindApprenticeshipTraining", "{CD32A0BF-4C94-4446-A210-491B8C0F02DE}"
EndProject
Project("{9A19103F-16F7-4668-BE54-9A1E7A4F7556}") = "SFA.DAS.Reservations", "SFA.DAS.Reservations\SFA.DAS.Reservations.csproj", "{C8E4CC8D-313F-40B5-A3B8-398FE736A91A}"
EndProject
Project("{2150E333-8FDC-42A3-9474-1A3956D46DE8}") = "Shared", "Shared", "{DBF877B3-0C19-4661-8F74-8A749A5D7E0E}"
EndProject
Project("{9A19103F-16F7-4668-BE54-9A1E7A4F7556}") = "SFA.DAS.SharedOuterApi", "SFA.DAS.SharedOuterApi\SFA.DAS.SharedOuterApi.csproj", "{C7217580-821E-4192-B4B7-73F490CBA012}"
EndProject
Project("{2150E333-8FDC-42A3-9474-1A3956D46DE8}") = "Tests", "Tests", "{EC80B1B7-7B18-4E44-B3D5-6F84DBB98BDB}"
EndProject
Project("{9A19103F-16F7-4668-BE54-9A1E7A4F7556}") = "SFA.DAS.SharedOuterApi.UnitTests", "SFA.DAS.SharedOuterApi.UnitTests\SFA.DAS.SharedOuterApi.UnitTests.csproj", "{2C49A1EC-622E-4D89-B190-B9285C778F57}"
EndProject
Project("{2150E333-8FDC-42A3-9474-1A3956D46DE8}") = "Tests", "Tests", "{4C77AAD7-529D-42AA-87F5-029F168C4C72}"
EndProject
Project("{9A19103F-16F7-4668-BE54-9A1E7A4F7556}") = "SFA.DAS.Reservations.UnitTests", "SFA.DAS.Reservations.UnitTests\SFA.DAS.Reservations.UnitTests.csproj", "{52FF07E0-F421-4DEE-AC63-17C78901008D}"
EndProject
Project("{9A19103F-16F7-4668-BE54-9A1E7A4F7556}") = "SFA.DAS.Reservations.Api", "SFA.DAS.Reservations.Api\SFA.DAS.Reservations.Api.csproj", "{865EB7A8-3544-4744-8FF3-E89E6D2AB843}"
EndProject
Project("{9A19103F-16F7-4668-BE54-9A1E7A4F7556}") = "SFA.DAS.Reservations.Api.UnitTests", "SFA.DAS.Reservations.Api.UnitTests\SFA.DAS.Reservations.Api.UnitTests.csproj", "{37149F0C-CCC8-4CCA-A416-1EA48B6EEC8F}"
EndProject
Project("{2150E333-8FDC-42A3-9474-1A3956D46DE8}") = "EmployerIncentives", "EmployerIncentives", "{83281E75-3051-4953-B273-B4F7C737D0C2}"
EndProject
Project("{2150E333-8FDC-42A3-9474-1A3956D46DE8}") = "Tests", "Tests", "{E2244D68-EECB-4C3A-9ABE-0940D1DCEF3C}"
EndProject
Project("{9A19103F-16F7-4668-BE54-9A1E7A4F7556}") = "SFA.DAS.EmployerIncentives.Api", "SFA.DAS.EmployerIncentives.Api\SFA.DAS.EmployerIncentives.Api.csproj", "{8080E514-DF5F-4201-A0E9-56B25ADD5C1C}"
EndProject
Project("{9A19103F-16F7-4668-BE54-9A1E7A4F7556}") = "SFA.DAS.EmployerIncentives", "SFA.DAS.EmployerIncentives\SFA.DAS.EmployerIncentives.csproj", "{BB4D50E1-C6CD-4CD2-A54C-CA0B44289D1B}"
EndProject
Project("{9A19103F-16F7-4668-BE54-9A1E7A4F7556}") = "SFA.DAS.EmployerIncentives.Api.UnitTests", "SFA.DAS.EmployerIncentives.Api.UnitTests\SFA.DAS.EmployerIncentives.Api.UnitTests.csproj", "{94EAFD7B-A34F-4FBB-BF80-35368701EAEF}"
EndProject
Project("{9A19103F-16F7-4668-BE54-9A1E7A4F7556}") = "SFA.DAS.EmployerIncentives.UnitTests", "SFA.DAS.EmployerIncentives.UnitTests\SFA.DAS.EmployerIncentives.UnitTests.csproj", "{F210725E-1F38-4484-9CC9-E1A7DC2A3BF7}"
EndProject
Project("{9A19103F-16F7-4668-BE54-9A1E7A4F7556}") = "SFA.DAS.EmployerIncentives.FakeInnerApis", "SFA.DAS.EmployerIncentives.FakeInnerApis\SFA.DAS.EmployerIncentives.FakeInnerApis.csproj", "{4615D7CB-BD67-4D55-8217-9AB0F4153B4B}"
EndProject
Project("{9A19103F-16F7-4668-BE54-9A1E7A4F7556}") = "SFA.DAS.EmployerIncentives.Api.AcceptanceTests", "SFA.DAS.EmployerIncentives.Api.AcceptanceTests\SFA.DAS.EmployerIncentives.Api.AcceptanceTests.csproj", "{456C0705-468A-44E8-9F4C-972DD59E385A}"
EndProject
Project("{2150E333-8FDC-42A3-9474-1A3956D46DE8}") = "Forecasting", "Forecasting", "{67A77761-D794-43DA-909F-18DFF880CC96}"
EndProject
Project("{9A19103F-16F7-4668-BE54-9A1E7A4F7556}") = "SFA.DAS.Forecasting", "SFA.DAS.Forecasting\SFA.DAS.Forecasting.csproj", "{1F1C0265-5F7D-4864-87E7-4891F52DDFC3}"
EndProject
Project("{9A19103F-16F7-4668-BE54-9A1E7A4F7556}") = "SFA.DAS.Forecasting.Api", "SFA.DAS.Forecasting.Api\SFA.DAS.Forecasting.Api.csproj", "{5104C2D0-FF79-4319-9884-16CA3F27796C}"
EndProject
Project("{2150E333-8FDC-42A3-9474-1A3956D46DE8}") = "Tests", "Tests", "{B99755BC-5F4D-4E2D-BFC1-9D07BAF3DD12}"
EndProject
Project("{9A19103F-16F7-4668-BE54-9A1E7A4F7556}") = "SFA.DAS.Forecasting.UnitTests", "SFA.DAS.Forecasting.UnitTests\SFA.DAS.Forecasting.UnitTests.csproj", "{E3340B1A-F5AC-4C24-9A4C-720ED43F946F}"
EndProject
Project("{9A19103F-16F7-4668-BE54-9A1E7A4F7556}") = "SFA.DAS.Forecasting.Api.UnitTests", "SFA.DAS.Forecasting.Api.UnitTests\SFA.DAS.Forecasting.Api.UnitTests.csproj", "{F0D00AD4-AE9B-43F5-B20B-016EEC71CB62}"
EndProject
Project("{2150E333-8FDC-42A3-9474-1A3956D46DE8}") = "FindEpao", "FindEpao", "{59625EE0-9DE1-4829-8564-CBFD5D9B343C}"
EndProject
Project("{2150E333-8FDC-42A3-9474-1A3956D46DE8}") = "Tests", "Tests", "{653F1E74-7B92-47EE-9946-184E8AB6F45E}"
EndProject
Project("{9A19103F-16F7-4668-BE54-9A1E7A4F7556}") = "SFA.DAS.FindEpao.Api", "SFA.DAS.FindEpao.Api\SFA.DAS.FindEpao.Api.csproj", "{C8957763-8218-426B-A4B2-10185183D6B5}"
EndProject
Project("{9A19103F-16F7-4668-BE54-9A1E7A4F7556}") = "SFA.DAS.FindEpao", "SFA.DAS.FindEpao\SFA.DAS.FindEpao.csproj", "{A8035B52-45BC-401D-9098-3A324FAB52D8}"
EndProject
Project("{9A19103F-16F7-4668-BE54-9A1E7A4F7556}") = "SFA.DAS.FindEpao.UnitTests", "SFA.DAS.FindEpao.UnitTests\SFA.DAS.FindEpao.UnitTests.csproj", "{1371BC50-3C77-4286-AFEE-FEC3D15A9EFE}"
EndProject
Project("{9A19103F-16F7-4668-BE54-9A1E7A4F7556}") = "SFA.DAS.FindEpao.Api.UnitTests", "SFA.DAS.FindEpao.Api.UnitTests\SFA.DAS.FindEpao.Api.UnitTests.csproj", "{A819EEA4-B38A-48AB-8076-44342DF909A1}"
EndProject
Project("{2150E333-8FDC-42A3-9474-1A3956D46DE8}") = "EpaoRegister", "EpaoRegister", "{384B2933-A0A7-4E05-B502-1B167F28E3C7}"
EndProject
Project("{2150E333-8FDC-42A3-9474-1A3956D46DE8}") = "Tests", "Tests", "{4C8ECB1F-A469-4A34-9029-9DB343AC95C6}"
EndProject
Project("{9A19103F-16F7-4668-BE54-9A1E7A4F7556}") = "SFA.DAS.EpaoRegister.Api", "SFA.DAS.EpaoRegister.Api\SFA.DAS.EpaoRegister.Api.csproj", "{C9DCE5DE-9EA9-44E6-A981-5CC9643D72BC}"
EndProject
Project("{9A19103F-16F7-4668-BE54-9A1E7A4F7556}") = "SFA.DAS.EpaoRegister", "SFA.DAS.EpaoRegister\SFA.DAS.EpaoRegister.csproj", "{02FCB1F7-CF97-438F-9F99-731E6B1F5503}"
EndProject
Project("{9A19103F-16F7-4668-BE54-9A1E7A4F7556}") = "SFA.DAS.EpaoRegister.UnitTests", "SFA.DAS.EpaoRegister.UnitTests\SFA.DAS.EpaoRegister.UnitTests.csproj", "{9789EBB0-21B6-4AC9-B076-B3C729ADA5FB}"
EndProject
Project("{9A19103F-16F7-4668-BE54-9A1E7A4F7556}") = "SFA.DAS.EpaoRegister.Api.UnitTests", "SFA.DAS.EpaoRegister.Api.UnitTests\SFA.DAS.EpaoRegister.Api.UnitTests.csproj", "{7070BF58-804D-490F-885F-1E1E764E3D2E}"
EndProject
Global
	GlobalSection(SolutionConfigurationPlatforms) = preSolution
		Debug|Any CPU = Debug|Any CPU
		Release|Any CPU = Release|Any CPU
	EndGlobalSection
	GlobalSection(ProjectConfigurationPlatforms) = postSolution
		{C7F2CFDB-D9A6-4815-8CAE-C410D34409D7}.Debug|Any CPU.ActiveCfg = Debug|Any CPU
		{C7F2CFDB-D9A6-4815-8CAE-C410D34409D7}.Debug|Any CPU.Build.0 = Debug|Any CPU
		{C7F2CFDB-D9A6-4815-8CAE-C410D34409D7}.Release|Any CPU.ActiveCfg = Release|Any CPU
		{C7F2CFDB-D9A6-4815-8CAE-C410D34409D7}.Release|Any CPU.Build.0 = Release|Any CPU
		{62E68066-4A3A-44A7-876A-968F67A083DF}.Debug|Any CPU.ActiveCfg = Debug|Any CPU
		{62E68066-4A3A-44A7-876A-968F67A083DF}.Debug|Any CPU.Build.0 = Debug|Any CPU
		{62E68066-4A3A-44A7-876A-968F67A083DF}.Release|Any CPU.ActiveCfg = Release|Any CPU
		{62E68066-4A3A-44A7-876A-968F67A083DF}.Release|Any CPU.Build.0 = Release|Any CPU
		{5E9B3D3B-D1C8-4F04-BF47-622D4051EA6E}.Debug|Any CPU.ActiveCfg = Debug|Any CPU
		{5E9B3D3B-D1C8-4F04-BF47-622D4051EA6E}.Debug|Any CPU.Build.0 = Debug|Any CPU
		{5E9B3D3B-D1C8-4F04-BF47-622D4051EA6E}.Release|Any CPU.ActiveCfg = Release|Any CPU
		{5E9B3D3B-D1C8-4F04-BF47-622D4051EA6E}.Release|Any CPU.Build.0 = Release|Any CPU
		{983010EF-4855-4838-8E9C-222F99B83A8F}.Debug|Any CPU.ActiveCfg = Debug|Any CPU
		{983010EF-4855-4838-8E9C-222F99B83A8F}.Debug|Any CPU.Build.0 = Debug|Any CPU
		{983010EF-4855-4838-8E9C-222F99B83A8F}.Release|Any CPU.ActiveCfg = Release|Any CPU
		{983010EF-4855-4838-8E9C-222F99B83A8F}.Release|Any CPU.Build.0 = Release|Any CPU
		{C8E4CC8D-313F-40B5-A3B8-398FE736A91A}.Debug|Any CPU.ActiveCfg = Debug|Any CPU
		{C8E4CC8D-313F-40B5-A3B8-398FE736A91A}.Debug|Any CPU.Build.0 = Debug|Any CPU
		{C8E4CC8D-313F-40B5-A3B8-398FE736A91A}.Release|Any CPU.ActiveCfg = Release|Any CPU
		{C8E4CC8D-313F-40B5-A3B8-398FE736A91A}.Release|Any CPU.Build.0 = Release|Any CPU
		{C7217580-821E-4192-B4B7-73F490CBA012}.Debug|Any CPU.ActiveCfg = Debug|Any CPU
		{C7217580-821E-4192-B4B7-73F490CBA012}.Debug|Any CPU.Build.0 = Debug|Any CPU
		{C7217580-821E-4192-B4B7-73F490CBA012}.Release|Any CPU.ActiveCfg = Release|Any CPU
		{C7217580-821E-4192-B4B7-73F490CBA012}.Release|Any CPU.Build.0 = Release|Any CPU
		{2C49A1EC-622E-4D89-B190-B9285C778F57}.Debug|Any CPU.ActiveCfg = Debug|Any CPU
		{2C49A1EC-622E-4D89-B190-B9285C778F57}.Debug|Any CPU.Build.0 = Debug|Any CPU
		{2C49A1EC-622E-4D89-B190-B9285C778F57}.Release|Any CPU.ActiveCfg = Release|Any CPU
		{2C49A1EC-622E-4D89-B190-B9285C778F57}.Release|Any CPU.Build.0 = Release|Any CPU
		{52FF07E0-F421-4DEE-AC63-17C78901008D}.Debug|Any CPU.ActiveCfg = Debug|Any CPU
		{52FF07E0-F421-4DEE-AC63-17C78901008D}.Debug|Any CPU.Build.0 = Debug|Any CPU
		{52FF07E0-F421-4DEE-AC63-17C78901008D}.Release|Any CPU.ActiveCfg = Release|Any CPU
		{52FF07E0-F421-4DEE-AC63-17C78901008D}.Release|Any CPU.Build.0 = Release|Any CPU
		{865EB7A8-3544-4744-8FF3-E89E6D2AB843}.Debug|Any CPU.ActiveCfg = Debug|Any CPU
		{865EB7A8-3544-4744-8FF3-E89E6D2AB843}.Debug|Any CPU.Build.0 = Debug|Any CPU
		{865EB7A8-3544-4744-8FF3-E89E6D2AB843}.Release|Any CPU.ActiveCfg = Release|Any CPU
		{865EB7A8-3544-4744-8FF3-E89E6D2AB843}.Release|Any CPU.Build.0 = Release|Any CPU
		{37149F0C-CCC8-4CCA-A416-1EA48B6EEC8F}.Debug|Any CPU.ActiveCfg = Debug|Any CPU
		{37149F0C-CCC8-4CCA-A416-1EA48B6EEC8F}.Debug|Any CPU.Build.0 = Debug|Any CPU
		{37149F0C-CCC8-4CCA-A416-1EA48B6EEC8F}.Release|Any CPU.ActiveCfg = Release|Any CPU
		{37149F0C-CCC8-4CCA-A416-1EA48B6EEC8F}.Release|Any CPU.Build.0 = Release|Any CPU
		{8080E514-DF5F-4201-A0E9-56B25ADD5C1C}.Debug|Any CPU.ActiveCfg = Debug|Any CPU
		{8080E514-DF5F-4201-A0E9-56B25ADD5C1C}.Debug|Any CPU.Build.0 = Debug|Any CPU
		{8080E514-DF5F-4201-A0E9-56B25ADD5C1C}.Release|Any CPU.ActiveCfg = Release|Any CPU
		{8080E514-DF5F-4201-A0E9-56B25ADD5C1C}.Release|Any CPU.Build.0 = Release|Any CPU
		{BB4D50E1-C6CD-4CD2-A54C-CA0B44289D1B}.Debug|Any CPU.ActiveCfg = Debug|Any CPU
		{BB4D50E1-C6CD-4CD2-A54C-CA0B44289D1B}.Debug|Any CPU.Build.0 = Debug|Any CPU
		{BB4D50E1-C6CD-4CD2-A54C-CA0B44289D1B}.Release|Any CPU.ActiveCfg = Release|Any CPU
		{BB4D50E1-C6CD-4CD2-A54C-CA0B44289D1B}.Release|Any CPU.Build.0 = Release|Any CPU
		{94EAFD7B-A34F-4FBB-BF80-35368701EAEF}.Debug|Any CPU.ActiveCfg = Debug|Any CPU
		{94EAFD7B-A34F-4FBB-BF80-35368701EAEF}.Debug|Any CPU.Build.0 = Debug|Any CPU
		{94EAFD7B-A34F-4FBB-BF80-35368701EAEF}.Release|Any CPU.ActiveCfg = Release|Any CPU
		{94EAFD7B-A34F-4FBB-BF80-35368701EAEF}.Release|Any CPU.Build.0 = Release|Any CPU
		{F210725E-1F38-4484-9CC9-E1A7DC2A3BF7}.Debug|Any CPU.ActiveCfg = Debug|Any CPU
		{F210725E-1F38-4484-9CC9-E1A7DC2A3BF7}.Debug|Any CPU.Build.0 = Debug|Any CPU
		{F210725E-1F38-4484-9CC9-E1A7DC2A3BF7}.Release|Any CPU.ActiveCfg = Release|Any CPU
		{F210725E-1F38-4484-9CC9-E1A7DC2A3BF7}.Release|Any CPU.Build.0 = Release|Any CPU
		{4615D7CB-BD67-4D55-8217-9AB0F4153B4B}.Debug|Any CPU.ActiveCfg = Debug|Any CPU
		{4615D7CB-BD67-4D55-8217-9AB0F4153B4B}.Debug|Any CPU.Build.0 = Debug|Any CPU
		{4615D7CB-BD67-4D55-8217-9AB0F4153B4B}.Release|Any CPU.ActiveCfg = Release|Any CPU
		{4615D7CB-BD67-4D55-8217-9AB0F4153B4B}.Release|Any CPU.Build.0 = Release|Any CPU
		{456C0705-468A-44E8-9F4C-972DD59E385A}.Debug|Any CPU.ActiveCfg = Debug|Any CPU
		{456C0705-468A-44E8-9F4C-972DD59E385A}.Debug|Any CPU.Build.0 = Debug|Any CPU
		{456C0705-468A-44E8-9F4C-972DD59E385A}.Release|Any CPU.ActiveCfg = Release|Any CPU
		{456C0705-468A-44E8-9F4C-972DD59E385A}.Release|Any CPU.Build.0 = Release|Any CPU
		{1F1C0265-5F7D-4864-87E7-4891F52DDFC3}.Debug|Any CPU.ActiveCfg = Debug|Any CPU
		{1F1C0265-5F7D-4864-87E7-4891F52DDFC3}.Debug|Any CPU.Build.0 = Debug|Any CPU
		{1F1C0265-5F7D-4864-87E7-4891F52DDFC3}.Release|Any CPU.ActiveCfg = Release|Any CPU
		{1F1C0265-5F7D-4864-87E7-4891F52DDFC3}.Release|Any CPU.Build.0 = Release|Any CPU
		{5104C2D0-FF79-4319-9884-16CA3F27796C}.Debug|Any CPU.ActiveCfg = Debug|Any CPU
		{5104C2D0-FF79-4319-9884-16CA3F27796C}.Debug|Any CPU.Build.0 = Debug|Any CPU
		{5104C2D0-FF79-4319-9884-16CA3F27796C}.Release|Any CPU.ActiveCfg = Release|Any CPU
		{5104C2D0-FF79-4319-9884-16CA3F27796C}.Release|Any CPU.Build.0 = Release|Any CPU
		{E3340B1A-F5AC-4C24-9A4C-720ED43F946F}.Debug|Any CPU.ActiveCfg = Debug|Any CPU
		{E3340B1A-F5AC-4C24-9A4C-720ED43F946F}.Debug|Any CPU.Build.0 = Debug|Any CPU
		{E3340B1A-F5AC-4C24-9A4C-720ED43F946F}.Release|Any CPU.ActiveCfg = Release|Any CPU
		{E3340B1A-F5AC-4C24-9A4C-720ED43F946F}.Release|Any CPU.Build.0 = Release|Any CPU
		{F0D00AD4-AE9B-43F5-B20B-016EEC71CB62}.Debug|Any CPU.ActiveCfg = Debug|Any CPU
		{F0D00AD4-AE9B-43F5-B20B-016EEC71CB62}.Debug|Any CPU.Build.0 = Debug|Any CPU
		{F0D00AD4-AE9B-43F5-B20B-016EEC71CB62}.Release|Any CPU.ActiveCfg = Release|Any CPU
		{F0D00AD4-AE9B-43F5-B20B-016EEC71CB62}.Release|Any CPU.Build.0 = Release|Any CPU
		{C8957763-8218-426B-A4B2-10185183D6B5}.Debug|Any CPU.ActiveCfg = Debug|Any CPU
		{C8957763-8218-426B-A4B2-10185183D6B5}.Debug|Any CPU.Build.0 = Debug|Any CPU
		{C8957763-8218-426B-A4B2-10185183D6B5}.Release|Any CPU.ActiveCfg = Release|Any CPU
		{C8957763-8218-426B-A4B2-10185183D6B5}.Release|Any CPU.Build.0 = Release|Any CPU
		{A8035B52-45BC-401D-9098-3A324FAB52D8}.Debug|Any CPU.ActiveCfg = Debug|Any CPU
		{A8035B52-45BC-401D-9098-3A324FAB52D8}.Debug|Any CPU.Build.0 = Debug|Any CPU
		{A8035B52-45BC-401D-9098-3A324FAB52D8}.Release|Any CPU.ActiveCfg = Release|Any CPU
		{A8035B52-45BC-401D-9098-3A324FAB52D8}.Release|Any CPU.Build.0 = Release|Any CPU
		{1371BC50-3C77-4286-AFEE-FEC3D15A9EFE}.Debug|Any CPU.ActiveCfg = Debug|Any CPU
		{1371BC50-3C77-4286-AFEE-FEC3D15A9EFE}.Debug|Any CPU.Build.0 = Debug|Any CPU
		{1371BC50-3C77-4286-AFEE-FEC3D15A9EFE}.Release|Any CPU.ActiveCfg = Release|Any CPU
		{1371BC50-3C77-4286-AFEE-FEC3D15A9EFE}.Release|Any CPU.Build.0 = Release|Any CPU
		{A819EEA4-B38A-48AB-8076-44342DF909A1}.Debug|Any CPU.ActiveCfg = Debug|Any CPU
		{A819EEA4-B38A-48AB-8076-44342DF909A1}.Debug|Any CPU.Build.0 = Debug|Any CPU
		{A819EEA4-B38A-48AB-8076-44342DF909A1}.Release|Any CPU.ActiveCfg = Release|Any CPU
		{A819EEA4-B38A-48AB-8076-44342DF909A1}.Release|Any CPU.Build.0 = Release|Any CPU
		{C9DCE5DE-9EA9-44E6-A981-5CC9643D72BC}.Debug|Any CPU.ActiveCfg = Debug|Any CPU
		{C9DCE5DE-9EA9-44E6-A981-5CC9643D72BC}.Debug|Any CPU.Build.0 = Debug|Any CPU
		{C9DCE5DE-9EA9-44E6-A981-5CC9643D72BC}.Release|Any CPU.ActiveCfg = Release|Any CPU
		{C9DCE5DE-9EA9-44E6-A981-5CC9643D72BC}.Release|Any CPU.Build.0 = Release|Any CPU
		{02FCB1F7-CF97-438F-9F99-731E6B1F5503}.Debug|Any CPU.ActiveCfg = Debug|Any CPU
		{02FCB1F7-CF97-438F-9F99-731E6B1F5503}.Debug|Any CPU.Build.0 = Debug|Any CPU
		{02FCB1F7-CF97-438F-9F99-731E6B1F5503}.Release|Any CPU.ActiveCfg = Release|Any CPU
		{02FCB1F7-CF97-438F-9F99-731E6B1F5503}.Release|Any CPU.Build.0 = Release|Any CPU
		{9789EBB0-21B6-4AC9-B076-B3C729ADA5FB}.Debug|Any CPU.ActiveCfg = Debug|Any CPU
		{9789EBB0-21B6-4AC9-B076-B3C729ADA5FB}.Debug|Any CPU.Build.0 = Debug|Any CPU
		{9789EBB0-21B6-4AC9-B076-B3C729ADA5FB}.Release|Any CPU.ActiveCfg = Release|Any CPU
		{9789EBB0-21B6-4AC9-B076-B3C729ADA5FB}.Release|Any CPU.Build.0 = Release|Any CPU
		{7070BF58-804D-490F-885F-1E1E764E3D2E}.Debug|Any CPU.ActiveCfg = Debug|Any CPU
		{7070BF58-804D-490F-885F-1E1E764E3D2E}.Debug|Any CPU.Build.0 = Debug|Any CPU
		{7070BF58-804D-490F-885F-1E1E764E3D2E}.Release|Any CPU.ActiveCfg = Release|Any CPU
		{7070BF58-804D-490F-885F-1E1E764E3D2E}.Release|Any CPU.Build.0 = Release|Any CPU
	EndGlobalSection
	GlobalSection(SolutionProperties) = preSolution
		HideSolutionNode = FALSE
	EndGlobalSection
	GlobalSection(NestedProjects) = preSolution
		{C7F2CFDB-D9A6-4815-8CAE-C410D34409D7} = {CD32A0BF-4C94-4446-A210-491B8C0F02DE}
		{87C4369B-AB1E-444C-A6DA-433DD3812B03} = {CD32A0BF-4C94-4446-A210-491B8C0F02DE}
		{62E68066-4A3A-44A7-876A-968F67A083DF} = {87C4369B-AB1E-444C-A6DA-433DD3812B03}
		{5E9B3D3B-D1C8-4F04-BF47-622D4051EA6E} = {CD32A0BF-4C94-4446-A210-491B8C0F02DE}
		{983010EF-4855-4838-8E9C-222F99B83A8F} = {87C4369B-AB1E-444C-A6DA-433DD3812B03}
		{C8E4CC8D-313F-40B5-A3B8-398FE736A91A} = {1557CFCA-C28C-46C4-B864-689E4F71E61E}
		{C7217580-821E-4192-B4B7-73F490CBA012} = {DBF877B3-0C19-4661-8F74-8A749A5D7E0E}
		{EC80B1B7-7B18-4E44-B3D5-6F84DBB98BDB} = {DBF877B3-0C19-4661-8F74-8A749A5D7E0E}
		{2C49A1EC-622E-4D89-B190-B9285C778F57} = {EC80B1B7-7B18-4E44-B3D5-6F84DBB98BDB}
		{4C77AAD7-529D-42AA-87F5-029F168C4C72} = {1557CFCA-C28C-46C4-B864-689E4F71E61E}
		{52FF07E0-F421-4DEE-AC63-17C78901008D} = {4C77AAD7-529D-42AA-87F5-029F168C4C72}
		{865EB7A8-3544-4744-8FF3-E89E6D2AB843} = {1557CFCA-C28C-46C4-B864-689E4F71E61E}
		{37149F0C-CCC8-4CCA-A416-1EA48B6EEC8F} = {4C77AAD7-529D-42AA-87F5-029F168C4C72}
		{E2244D68-EECB-4C3A-9ABE-0940D1DCEF3C} = {83281E75-3051-4953-B273-B4F7C737D0C2}
		{8080E514-DF5F-4201-A0E9-56B25ADD5C1C} = {83281E75-3051-4953-B273-B4F7C737D0C2}
		{BB4D50E1-C6CD-4CD2-A54C-CA0B44289D1B} = {83281E75-3051-4953-B273-B4F7C737D0C2}
		{94EAFD7B-A34F-4FBB-BF80-35368701EAEF} = {E2244D68-EECB-4C3A-9ABE-0940D1DCEF3C}
		{F210725E-1F38-4484-9CC9-E1A7DC2A3BF7} = {E2244D68-EECB-4C3A-9ABE-0940D1DCEF3C}
		{4615D7CB-BD67-4D55-8217-9AB0F4153B4B} = {E2244D68-EECB-4C3A-9ABE-0940D1DCEF3C}
		{456C0705-468A-44E8-9F4C-972DD59E385A} = {E2244D68-EECB-4C3A-9ABE-0940D1DCEF3C}
		{1F1C0265-5F7D-4864-87E7-4891F52DDFC3} = {67A77761-D794-43DA-909F-18DFF880CC96}
		{5104C2D0-FF79-4319-9884-16CA3F27796C} = {67A77761-D794-43DA-909F-18DFF880CC96}
		{B99755BC-5F4D-4E2D-BFC1-9D07BAF3DD12} = {67A77761-D794-43DA-909F-18DFF880CC96}
		{E3340B1A-F5AC-4C24-9A4C-720ED43F946F} = {B99755BC-5F4D-4E2D-BFC1-9D07BAF3DD12}
		{F0D00AD4-AE9B-43F5-B20B-016EEC71CB62} = {B99755BC-5F4D-4E2D-BFC1-9D07BAF3DD12}
		{653F1E74-7B92-47EE-9946-184E8AB6F45E} = {59625EE0-9DE1-4829-8564-CBFD5D9B343C}
		{C8957763-8218-426B-A4B2-10185183D6B5} = {59625EE0-9DE1-4829-8564-CBFD5D9B343C}
		{A8035B52-45BC-401D-9098-3A324FAB52D8} = {59625EE0-9DE1-4829-8564-CBFD5D9B343C}
		{1371BC50-3C77-4286-AFEE-FEC3D15A9EFE} = {653F1E74-7B92-47EE-9946-184E8AB6F45E}
		{A819EEA4-B38A-48AB-8076-44342DF909A1} = {653F1E74-7B92-47EE-9946-184E8AB6F45E}
		{4C8ECB1F-A469-4A34-9029-9DB343AC95C6} = {384B2933-A0A7-4E05-B502-1B167F28E3C7}
		{C9DCE5DE-9EA9-44E6-A981-5CC9643D72BC} = {384B2933-A0A7-4E05-B502-1B167F28E3C7}
		{02FCB1F7-CF97-438F-9F99-731E6B1F5503} = {384B2933-A0A7-4E05-B502-1B167F28E3C7}
		{9789EBB0-21B6-4AC9-B076-B3C729ADA5FB} = {4C8ECB1F-A469-4A34-9029-9DB343AC95C6}
		{7070BF58-804D-490F-885F-1E1E764E3D2E} = {4C8ECB1F-A469-4A34-9029-9DB343AC95C6}
	EndGlobalSection
	GlobalSection(ExtensibilityGlobals) = postSolution
		SolutionGuid = {EE867EC1-D288-4230-BABC-B71825068BA0}
	EndGlobalSection
EndGlobal
