
Microsoft Visual Studio Solution File, Format Version 12.00
# Visual Studio Version 16
VisualStudioVersion = 16.0.30204.135
MinimumVisualStudioVersion = 10.0.40219.1
Project("{9A19103F-16F7-4668-BE54-9A1E7A4F7556}") = "SFA.DAS.FindApprenticeshipTraining.Api", "SFA.DAS.FindApprenticeshipTraining.Api\SFA.DAS.FindApprenticeshipTraining.Api.csproj", "{C7F2CFDB-D9A6-4815-8CAE-C410D34409D7}"
EndProject
Project("{2150E333-8FDC-42A3-9474-1A3956D46DE8}") = "Solution Items", "Solution Items", "{D6D66363-4BC5-4E27-991A-3BACFACD6879}"
	ProjectSection(SolutionItems) = preProject
		.editorconfig = .editorconfig
	EndProjectSection
EndProject
Global
	GlobalSection(SolutionConfigurationPlatforms) = preSolution
		Debug|Any CPU = Debug|Any CPU
		Release|Any CPU = Release|Any CPU
	EndGlobalSection
	GlobalSection(ProjectConfigurationPlatforms) = postSolution
		{C7F2CFDB-D9A6-4815-8CAE-C410D34409D7}.Debug|Any CPU.ActiveCfg = Debug|Any CPU
		{C7F2CFDB-D9A6-4815-8CAE-C410D34409D7}.Debug|Any CPU.Build.0 = Debug|Any CPU
		{C7F2CFDB-D9A6-4815-8CAE-C410D34409D7}.Release|Any CPU.ActiveCfg = Release|Any CPU
		{C7F2CFDB-D9A6-4815-8CAE-C410D34409D7}.Release|Any CPU.Build.0 = Release|Any CPU
	EndGlobalSection
	GlobalSection(SolutionProperties) = preSolution
		HideSolutionNode = FALSE
	EndGlobalSection
	GlobalSection(ExtensibilityGlobals) = postSolution
		SolutionGuid = {EE867EC1-D288-4230-BABC-B71825068BA0}
	EndGlobalSection
EndGlobal
