Microsoft Visual Studio Solution File, Format Version 12.00
# Visual Studio Version 17
VisualStudioVersion = 17.1.32414.318
MinimumVisualStudioVersion = 10.0.40219.1
Project("{9A19103F-16F7-4668-BE54-9A1E7A4F7556}") = "SFA.DAS.FindApprenticeshipTraining.Api", "SFA.DAS.FindApprenticeshipTraining.Api\SFA.DAS.FindApprenticeshipTraining.Api.csproj", "{C7F2CFDB-D9A6-4815-8CAE-C410D34409D7}"
EndProject
Project("{2150E333-8FDC-42A3-9474-1A3956D46DE8}") = "Solution Items", "Solution Items", "{D6D66363-4BC5-4E27-991A-3BACFACD6879}"
	ProjectSection(SolutionItems) = preProject
		.editorconfig = .editorconfig
		..\README.md = ..\README.md
	EndProjectSection
EndProject
Project("{2150E333-8FDC-42A3-9474-1A3956D46DE8}") = "Tests", "Tests", "{87C4369B-AB1E-444C-A6DA-433DD3812B03}"
EndProject
Project("{9A19103F-16F7-4668-BE54-9A1E7A4F7556}") = "SFA.DAS.FindApprenticeshipTraining.Api.UnitTests", "SFA.DAS.FindApprenticeshipTraining.Api.UnitTests\SFA.DAS.FindApprenticeshipTraining.Api.UnitTests.csproj", "{62E68066-4A3A-44A7-876A-968F67A083DF}"
EndProject
Project("{9A19103F-16F7-4668-BE54-9A1E7A4F7556}") = "SFA.DAS.FindApprenticeshipTraining", "SFA.DAS.FindApprenticeshipTraining\SFA.DAS.FindApprenticeshipTraining.csproj", "{5E9B3D3B-D1C8-4F04-BF47-622D4051EA6E}"
EndProject
Project("{9A19103F-16F7-4668-BE54-9A1E7A4F7556}") = "SFA.DAS.FindApprenticeshipTraining.UnitTests", "SFA.DAS.FindApprenticeshipTraining.UnitTests\SFA.DAS.FindApprenticeshipTraining.UnitTests.csproj", "{983010EF-4855-4838-8E9C-222F99B83A8F}"
EndProject
Project("{2150E333-8FDC-42A3-9474-1A3956D46DE8}") = "Reservations", "Reservations", "{1557CFCA-C28C-46C4-B864-689E4F71E61E}"
EndProject
Project("{2150E333-8FDC-42A3-9474-1A3956D46DE8}") = "FindApprenticeshipTraining", "FindApprenticeshipTraining", "{CD32A0BF-4C94-4446-A210-491B8C0F02DE}"
EndProject
Project("{9A19103F-16F7-4668-BE54-9A1E7A4F7556}") = "SFA.DAS.Reservations", "SFA.DAS.Reservations\SFA.DAS.Reservations.csproj", "{C8E4CC8D-313F-40B5-A3B8-398FE736A91A}"
EndProject
Project("{2150E333-8FDC-42A3-9474-1A3956D46DE8}") = "Shared", "Shared", "{DBF877B3-0C19-4661-8F74-8A749A5D7E0E}"
EndProject
Project("{9A19103F-16F7-4668-BE54-9A1E7A4F7556}") = "SFA.DAS.SharedOuterApi", "SFA.DAS.SharedOuterApi\SFA.DAS.SharedOuterApi.csproj", "{C7217580-821E-4192-B4B7-73F490CBA012}"
EndProject
Project("{2150E333-8FDC-42A3-9474-1A3956D46DE8}") = "Tests", "Tests", "{EC80B1B7-7B18-4E44-B3D5-6F84DBB98BDB}"
EndProject
Project("{9A19103F-16F7-4668-BE54-9A1E7A4F7556}") = "SFA.DAS.SharedOuterApi.UnitTests", "SFA.DAS.SharedOuterApi.UnitTests\SFA.DAS.SharedOuterApi.UnitTests.csproj", "{2C49A1EC-622E-4D89-B190-B9285C778F57}"
EndProject
Project("{2150E333-8FDC-42A3-9474-1A3956D46DE8}") = "Tests", "Tests", "{4C77AAD7-529D-42AA-87F5-029F168C4C72}"
EndProject
Project("{9A19103F-16F7-4668-BE54-9A1E7A4F7556}") = "SFA.DAS.Reservations.UnitTests", "SFA.DAS.Reservations.UnitTests\SFA.DAS.Reservations.UnitTests.csproj", "{52FF07E0-F421-4DEE-AC63-17C78901008D}"
EndProject
Project("{9A19103F-16F7-4668-BE54-9A1E7A4F7556}") = "SFA.DAS.Reservations.Api", "SFA.DAS.Reservations.Api\SFA.DAS.Reservations.Api.csproj", "{865EB7A8-3544-4744-8FF3-E89E6D2AB843}"
EndProject
Project("{9A19103F-16F7-4668-BE54-9A1E7A4F7556}") = "SFA.DAS.Reservations.Api.UnitTests", "SFA.DAS.Reservations.Api.UnitTests\SFA.DAS.Reservations.Api.UnitTests.csproj", "{37149F0C-CCC8-4CCA-A416-1EA48B6EEC8F}"
EndProject
Project("{2150E333-8FDC-42A3-9474-1A3956D46DE8}") = "EmployerIncentives", "EmployerIncentives", "{83281E75-3051-4953-B273-B4F7C737D0C2}"
EndProject
Project("{2150E333-8FDC-42A3-9474-1A3956D46DE8}") = "Tests", "Tests", "{E2244D68-EECB-4C3A-9ABE-0940D1DCEF3C}"
EndProject
Project("{9A19103F-16F7-4668-BE54-9A1E7A4F7556}") = "SFA.DAS.EmployerIncentives.Api", "SFA.DAS.EmployerIncentives.Api\SFA.DAS.EmployerIncentives.Api.csproj", "{8080E514-DF5F-4201-A0E9-56B25ADD5C1C}"
EndProject
Project("{9A19103F-16F7-4668-BE54-9A1E7A4F7556}") = "SFA.DAS.EmployerIncentives", "SFA.DAS.EmployerIncentives\SFA.DAS.EmployerIncentives.csproj", "{BB4D50E1-C6CD-4CD2-A54C-CA0B44289D1B}"
EndProject
Project("{9A19103F-16F7-4668-BE54-9A1E7A4F7556}") = "SFA.DAS.EmployerIncentives.Api.UnitTests", "SFA.DAS.EmployerIncentives.Api.UnitTests\SFA.DAS.EmployerIncentives.Api.UnitTests.csproj", "{94EAFD7B-A34F-4FBB-BF80-35368701EAEF}"
EndProject
Project("{9A19103F-16F7-4668-BE54-9A1E7A4F7556}") = "SFA.DAS.EmployerIncentives.UnitTests", "SFA.DAS.EmployerIncentives.UnitTests\SFA.DAS.EmployerIncentives.UnitTests.csproj", "{F210725E-1F38-4484-9CC9-E1A7DC2A3BF7}"
EndProject
Project("{9A19103F-16F7-4668-BE54-9A1E7A4F7556}") = "SFA.DAS.EmployerIncentives.FakeInnerApis", "SFA.DAS.EmployerIncentives.FakeInnerApis\SFA.DAS.EmployerIncentives.FakeInnerApis.csproj", "{4615D7CB-BD67-4D55-8217-9AB0F4153B4B}"
EndProject
Project("{9A19103F-16F7-4668-BE54-9A1E7A4F7556}") = "SFA.DAS.EmployerIncentives.Api.AcceptanceTests", "SFA.DAS.EmployerIncentives.Api.AcceptanceTests\SFA.DAS.EmployerIncentives.Api.AcceptanceTests.csproj", "{456C0705-468A-44E8-9F4C-972DD59E385A}"
EndProject
Project("{2150E333-8FDC-42A3-9474-1A3956D46DE8}") = "Forecasting", "Forecasting", "{67A77761-D794-43DA-909F-18DFF880CC96}"
EndProject
Project("{9A19103F-16F7-4668-BE54-9A1E7A4F7556}") = "SFA.DAS.Forecasting", "SFA.DAS.Forecasting\SFA.DAS.Forecasting.csproj", "{1F1C0265-5F7D-4864-87E7-4891F52DDFC3}"
EndProject
Project("{9A19103F-16F7-4668-BE54-9A1E7A4F7556}") = "SFA.DAS.Forecasting.Api", "SFA.DAS.Forecasting.Api\SFA.DAS.Forecasting.Api.csproj", "{5104C2D0-FF79-4319-9884-16CA3F27796C}"
EndProject
Project("{2150E333-8FDC-42A3-9474-1A3956D46DE8}") = "Tests", "Tests", "{B99755BC-5F4D-4E2D-BFC1-9D07BAF3DD12}"
EndProject
Project("{9A19103F-16F7-4668-BE54-9A1E7A4F7556}") = "SFA.DAS.Forecasting.UnitTests", "SFA.DAS.Forecasting.UnitTests\SFA.DAS.Forecasting.UnitTests.csproj", "{E3340B1A-F5AC-4C24-9A4C-720ED43F946F}"
EndProject
Project("{9A19103F-16F7-4668-BE54-9A1E7A4F7556}") = "SFA.DAS.Forecasting.Api.UnitTests", "SFA.DAS.Forecasting.Api.UnitTests\SFA.DAS.Forecasting.Api.UnitTests.csproj", "{F0D00AD4-AE9B-43F5-B20B-016EEC71CB62}"
EndProject
Project("{2150E333-8FDC-42A3-9474-1A3956D46DE8}") = "FindEpao", "FindEpao", "{59625EE0-9DE1-4829-8564-CBFD5D9B343C}"
EndProject
Project("{2150E333-8FDC-42A3-9474-1A3956D46DE8}") = "Tests", "Tests", "{653F1E74-7B92-47EE-9946-184E8AB6F45E}"
EndProject
Project("{9A19103F-16F7-4668-BE54-9A1E7A4F7556}") = "SFA.DAS.FindEpao.Api", "SFA.DAS.FindEpao.Api\SFA.DAS.FindEpao.Api.csproj", "{C8957763-8218-426B-A4B2-10185183D6B5}"
EndProject
Project("{9A19103F-16F7-4668-BE54-9A1E7A4F7556}") = "SFA.DAS.FindEpao", "SFA.DAS.FindEpao\SFA.DAS.FindEpao.csproj", "{A8035B52-45BC-401D-9098-3A324FAB52D8}"
EndProject
Project("{9A19103F-16F7-4668-BE54-9A1E7A4F7556}") = "SFA.DAS.FindEpao.UnitTests", "SFA.DAS.FindEpao.UnitTests\SFA.DAS.FindEpao.UnitTests.csproj", "{1371BC50-3C77-4286-AFEE-FEC3D15A9EFE}"
EndProject
Project("{9A19103F-16F7-4668-BE54-9A1E7A4F7556}") = "SFA.DAS.FindEpao.Api.UnitTests", "SFA.DAS.FindEpao.Api.UnitTests\SFA.DAS.FindEpao.Api.UnitTests.csproj", "{A819EEA4-B38A-48AB-8076-44342DF909A1}"
EndProject
Project("{2150E333-8FDC-42A3-9474-1A3956D46DE8}") = "Approvals", "Approvals", "{242CA759-F458-488F-BCD6-9877E9FBF333}"
EndProject
Project("{2150E333-8FDC-42A3-9474-1A3956D46DE8}") = "Tests", "Tests", "{161FC2A1-D2F7-4EBB-A944-390CDA476701}"
EndProject
Project("{9A19103F-16F7-4668-BE54-9A1E7A4F7556}") = "SFA.DAS.Approvals.Api", "SFA.DAS.Approvals.Api\SFA.DAS.Approvals.Api.csproj", "{4149FED7-DC00-4133-89CC-930CB7FFB647}"
EndProject
Project("{9A19103F-16F7-4668-BE54-9A1E7A4F7556}") = "SFA.DAS.Approvals", "SFA.DAS.Approvals\SFA.DAS.Approvals.csproj", "{90E17E22-0FCD-46BC-A76E-99D3033A53AB}"
EndProject
Project("{9A19103F-16F7-4668-BE54-9A1E7A4F7556}") = "SFA.DAS.Approvals.UnitTests", "SFA.DAS.Approvals.UnitTests\SFA.DAS.Approvals.UnitTests.csproj", "{3D180DE0-1332-4552-95F7-81A2FE7D9307}"
EndProject
Project("{9A19103F-16F7-4668-BE54-9A1E7A4F7556}") = "SFA.DAS.Approvals.Api.UnitTests", "SFA.DAS.Approvals.Api.UnitTests\SFA.DAS.Approvals.Api.UnitTests.csproj", "{C246D034-D084-4977-AB34-92FD7F8C7118}"
EndProject
Project("{2150E333-8FDC-42A3-9474-1A3956D46DE8}") = "EpaoRegister", "EpaoRegister", "{384B2933-A0A7-4E05-B502-1B167F28E3C7}"
EndProject
Project("{2150E333-8FDC-42A3-9474-1A3956D46DE8}") = "Tests", "Tests", "{4C8ECB1F-A469-4A34-9029-9DB343AC95C6}"
EndProject
Project("{9A19103F-16F7-4668-BE54-9A1E7A4F7556}") = "SFA.DAS.EpaoRegister.Api", "SFA.DAS.EpaoRegister.Api\SFA.DAS.EpaoRegister.Api.csproj", "{C9DCE5DE-9EA9-44E6-A981-5CC9643D72BC}"
EndProject
Project("{9A19103F-16F7-4668-BE54-9A1E7A4F7556}") = "SFA.DAS.EpaoRegister", "SFA.DAS.EpaoRegister\SFA.DAS.EpaoRegister.csproj", "{02FCB1F7-CF97-438F-9F99-731E6B1F5503}"
EndProject
Project("{9A19103F-16F7-4668-BE54-9A1E7A4F7556}") = "SFA.DAS.EpaoRegister.UnitTests", "SFA.DAS.EpaoRegister.UnitTests\SFA.DAS.EpaoRegister.UnitTests.csproj", "{9789EBB0-21B6-4AC9-B076-B3C729ADA5FB}"
EndProject
Project("{9A19103F-16F7-4668-BE54-9A1E7A4F7556}") = "SFA.DAS.EpaoRegister.Api.UnitTests", "SFA.DAS.EpaoRegister.Api.UnitTests\SFA.DAS.EpaoRegister.Api.UnitTests.csproj", "{7070BF58-804D-490F-885F-1E1E764E3D2E}"
EndProject
Project("{2150E333-8FDC-42A3-9474-1A3956D46DE8}") = "ManageApprenticeships", "ManageApprenticeships", "{40F870DE-B080-45B3-AA54-0AC005349881}"
EndProject
Project("{2150E333-8FDC-42A3-9474-1A3956D46DE8}") = "Tests", "Tests", "{F4C1F622-D68E-4E39-9CAB-DDFC4514C3E5}"
EndProject
Project("{9A19103F-16F7-4668-BE54-9A1E7A4F7556}") = "SFA.DAS.ManageApprenticeships", "SFA.DAS.ManageApprenticeships\SFA.DAS.ManageApprenticeships.csproj", "{C5F92EAD-0326-4D61-BE94-289501861E82}"
EndProject
Project("{9A19103F-16F7-4668-BE54-9A1E7A4F7556}") = "SFA.DAS.ManageApprenticeships.Api", "SFA.DAS.ManageApprenticeships.Api\SFA.DAS.ManageApprenticeships.Api.csproj", "{66A57725-EB0A-4E83-8AC0-49A4F0B13B29}"
EndProject
Project("{9A19103F-16F7-4668-BE54-9A1E7A4F7556}") = "SFA.DAS.ManageApprenticeships.UnitTests", "SFA.DAS.ManageApprenticeships.UnitTests\SFA.DAS.ManageApprenticeships.UnitTests.csproj", "{2F6C67BC-7FB6-4027-A30F-66C501504AC2}"
EndProject
Project("{9A19103F-16F7-4668-BE54-9A1E7A4F7556}") = "SFA.DAS.ManageApprenticeships.Api.UnitTests", "SFA.DAS.ManageApprenticeships.Api.UnitTests\SFA.DAS.ManageApprenticeships.Api.UnitTests.csproj", "{1789CBEA-9661-4242-A1E1-F626654CE687}"
EndProject
Project("{2150E333-8FDC-42A3-9474-1A3956D46DE8}") = "Recruit", "Recruit", "{637A92FC-6109-454D-A659-3F026C94ADB1}"
EndProject
Project("{2150E333-8FDC-42A3-9474-1A3956D46DE8}") = "Tests", "Tests", "{23107AE7-B188-4621-B85F-9F83F8F2AC25}"
EndProject
Project("{9A19103F-16F7-4668-BE54-9A1E7A4F7556}") = "SFA.DAS.Recruit.Api.UnitTests", "SFA.DAS.Recruit.Api.UnitTests\SFA.DAS.Recruit.Api.UnitTests.csproj", "{3134D3A3-DBAB-44A5-954B-AA3316A9D175}"
EndProject
Project("{9A19103F-16F7-4668-BE54-9A1E7A4F7556}") = "SFA.DAS.Recruit.UnitTests", "SFA.DAS.Recruit.UnitTests\SFA.DAS.Recruit.UnitTests.csproj", "{E170EAC0-EF15-418C-8872-A4A5740CD16F}"
EndProject
Project("{9A19103F-16F7-4668-BE54-9A1E7A4F7556}") = "SFA.DAS.Recruit", "SFA.DAS.Recruit\SFA.DAS.Recruit.csproj", "{7D37BA6C-78A2-4665-A201-2280141005E4}"
EndProject
Project("{9A19103F-16F7-4668-BE54-9A1E7A4F7556}") = "SFA.DAS.Recruit.Api", "SFA.DAS.Recruit.Api\SFA.DAS.Recruit.Api.csproj", "{AAB2293B-00FF-42A1-B3BC-BFEBA1D3B52F}"
EndProject
Project("{2150E333-8FDC-42A3-9474-1A3956D46DE8}") = "Campaign", "Campaign", "{B0C09DF7-B0D2-4C61-875F-41E69F43FE6F}"
EndProject
Project("{9A19103F-16F7-4668-BE54-9A1E7A4F7556}") = "SFA.DAS.Campaign", "SFA.DAS.Campaign\SFA.DAS.Campaign.csproj", "{3BC95F86-5A8A-49DC-A186-B8E7FFFC5085}"
EndProject
Project("{9A19103F-16F7-4668-BE54-9A1E7A4F7556}") = "SFA.DAS.Campaign.Api", "SFA.DAS.Campaign.Api\SFA.DAS.Campaign.Api.csproj", "{F88A2E2B-4AC6-42E5-BCB8-575F337BB5F1}"
EndProject
Project("{2150E333-8FDC-42A3-9474-1A3956D46DE8}") = "Tests", "Tests", "{A29B0D72-1B59-4F00-82DC-633985C24083}"
EndProject
Project("{9A19103F-16F7-4668-BE54-9A1E7A4F7556}") = "SFA.DAS.Campaign.UnitTests", "SFA.DAS.Campaign.UnitTests\SFA.DAS.Campaign.UnitTests.csproj", "{CA6F491A-20EE-494A-A416-F1C9DAA1DB07}"
EndProject
Project("{9A19103F-16F7-4668-BE54-9A1E7A4F7556}") = "SFA.DAS.Campaign.Api.UnitTests", "SFA.DAS.Campaign.Api.UnitTests\SFA.DAS.Campaign.Api.UnitTests.csproj", "{CF134221-BB2B-45D7-8D25-94E7E2EF0F81}"
EndProject
Project("{2150E333-8FDC-42A3-9474-1A3956D46DE8}") = "ApprenticeCommitments", "ApprenticeCommitments", "{51ACD31C-1A17-4401-A48B-D355873D5F39}"
EndProject
Project("{9A19103F-16F7-4668-BE54-9A1E7A4F7556}") = "SFA.DAS.ApprenticeCommitments", "SFA.DAS.ApprenticeCommitments\SFA.DAS.ApprenticeCommitments.csproj", "{016C3DF6-6081-4C3F-8DD2-A07FC5F2BA7B}"
EndProject
Project("{9A19103F-16F7-4668-BE54-9A1E7A4F7556}") = "SFA.DAS.ApprenticeCommitments.Api", "SFA.DAS.ApprenticeCommitments.Api\SFA.DAS.ApprenticeCommitments.Api.csproj", "{928E7C88-17B4-43CC-98C1-B4AB58C8784F}"
EndProject
Project("{2150E333-8FDC-42A3-9474-1A3956D46DE8}") = "Tests", "Tests", "{DA4344E9-5130-4C43-B1DC-ADF60A14CE11}"
EndProject
Project("{9A19103F-16F7-4668-BE54-9A1E7A4F7556}") = "SFA.DAS.ApprenticeCommitments.Api.AcceptanceTests", "SFA.DAS.ApprenticeCommitments.Api.AcceptanceTests\SFA.DAS.ApprenticeCommitments.Api.AcceptanceTests.csproj", "{B1505786-67D4-49F7-8BD2-32970EFA5220}"
EndProject
Project("{2150E333-8FDC-42A3-9474-1A3956D46DE8}") = "Assessors", "Assessors", "{2FD6FC31-7C24-4809-8C23-CFB5B629ADF8}"
EndProject
Project("{2150E333-8FDC-42A3-9474-1A3956D46DE8}") = "Tests", "Tests", "{40E66758-AA64-4939-9DF8-FEC692A27671}"
EndProject
Project("{9A19103F-16F7-4668-BE54-9A1E7A4F7556}") = "SFA.DAS.Assessors.Api.UnitTests", "SFA.DAS.Assessors.Api.UnitTests\SFA.DAS.Assessors.Api.UnitTests.csproj", "{8843B30A-F1ED-4FBA-9C65-793C25FB8AEB}"
EndProject
Project("{9A19103F-16F7-4668-BE54-9A1E7A4F7556}") = "SFA.DAS.Assessors.UnitTests", "SFA.DAS.Assessors.UnitTests\SFA.DAS.Assessors.UnitTests.csproj", "{3F3967D5-DEB9-42C2-AC13-46C22B796B76}"
EndProject
Project("{9A19103F-16F7-4668-BE54-9A1E7A4F7556}") = "SFA.DAS.Assessors", "SFA.DAS.Assessors\SFA.DAS.Assessors.csproj", "{3079CBF5-E4E4-44FD-9F2D-C8E04DF521B5}"
EndProject
Project("{9A19103F-16F7-4668-BE54-9A1E7A4F7556}") = "SFA.DAS.Assessors.Api", "SFA.DAS.Assessors.Api\SFA.DAS.Assessors.Api.csproj", "{BBE42F02-342A-435A-9FF8-5D3D610D5E19}"
EndProject
Project("{9A19103F-16F7-4668-BE54-9A1E7A4F7556}") = "SFA.DAS.ApprenticeCommitments.UnitTests", "SFA.DAS.ApprenticeCommitments.UnitTests\SFA.DAS.ApprenticeCommitments.UnitTests.csproj", "{21C69699-9BAD-4C6D-B64C-648F93ACF89E}"
EndProject
Project("{2150E333-8FDC-42A3-9474-1A3956D46DE8}") = "EmployerDemand", "EmployerDemand", "{DE80FD54-26F0-452E-8534-25F6021046B3}"
EndProject
Project("{2150E333-8FDC-42A3-9474-1A3956D46DE8}") = "Tests", "Tests", "{3451B868-0638-4000-B327-2EB01C41B8DF}"
EndProject
Project("{9A19103F-16F7-4668-BE54-9A1E7A4F7556}") = "SFA.DAS.EmployerDemand.Api", "SFA.DAS.EmployerDemand.Api\SFA.DAS.EmployerDemand.Api.csproj", "{46CC6615-1A50-4963-B694-350242631993}"
EndProject
Project("{9A19103F-16F7-4668-BE54-9A1E7A4F7556}") = "SFA.DAS.EmployerDemand", "SFA.DAS.EmployerDemand\SFA.DAS.EmployerDemand.csproj", "{CE6346A3-2D3A-4180-93BD-6E296BB287C3}"
EndProject
Project("{9A19103F-16F7-4668-BE54-9A1E7A4F7556}") = "SFA.DAS.EmployerDemand.Api.UnitTests", "SFA.DAS.EmployerDemand.Api.UnitTests\SFA.DAS.EmployerDemand.Api.UnitTests.csproj", "{7C574421-9068-49BF-964F-B25BCE303151}"
EndProject
Project("{9A19103F-16F7-4668-BE54-9A1E7A4F7556}") = "SFA.DAS.EmployerDemand.UnitTests", "SFA.DAS.EmployerDemand.UnitTests\SFA.DAS.EmployerDemand.UnitTests.csproj", "{2A555C85-CB05-4333-9EBA-49D1E1A8EEC3}"
EndProject
Project("{9A19103F-16F7-4668-BE54-9A1E7A4F7556}") = "SFA.DAS.ApprenticeCommitments.MockApis", "SFA.DAS.ApprenticeCommitments.MockApis\SFA.DAS.ApprenticeCommitments.MockApis.csproj", "{3C3F421D-8EE6-40A7-99F0-B069B85A49ED}"
EndProject
Project("{2150E333-8FDC-42A3-9474-1A3956D46DE8}") = "LevyTransferMatching", "LevyTransferMatching", "{51AD9868-80F1-4ABD-8F46-9F866681AE08}"
EndProject
Project("{2150E333-8FDC-42A3-9474-1A3956D46DE8}") = "Tests", "Tests", "{1DD62DFC-FB80-4E47-90E1-3C0F1DBF614A}"
EndProject
Project("{9A19103F-16F7-4668-BE54-9A1E7A4F7556}") = "SFA.DAS.LevyTransferMatching.Api", "SFA.DAS.LevyTransferMatching.Api\SFA.DAS.LevyTransferMatching.Api.csproj", "{27CA3EA8-9E44-43AD-B58B-394D258B5E51}"
EndProject
Project("{9A19103F-16F7-4668-BE54-9A1E7A4F7556}") = "SFA.DAS.LevyTransferMatching", "SFA.DAS.LevyTransferMatching\SFA.DAS.LevyTransferMatching.csproj", "{21E57CDD-B7CD-4172-A4C0-474AACF0D4EA}"
EndProject
Project("{9A19103F-16F7-4668-BE54-9A1E7A4F7556}") = "SFA.DAS.LevyTransferMatching.Api.UnitTests", "SFA.DAS.LevyTransferMatching.Api.UnitTests\SFA.DAS.LevyTransferMatching.Api.UnitTests.csproj", "{37CC0129-16A0-4B6A-89A5-A8D3F633D627}"
EndProject
Project("{9A19103F-16F7-4668-BE54-9A1E7A4F7556}") = "SFA.DAS.LevyTransferMatching.UnitTests", "SFA.DAS.LevyTransferMatching.UnitTests\SFA.DAS.LevyTransferMatching.UnitTests.csproj", "{29743536-0DFC-4254-9896-6C29001ECEE8}"
EndProject
Project("{2150E333-8FDC-42A3-9474-1A3956D46DE8}") = "Vacancies", "Vacancies", "{DF0A7DE2-749D-4454-91E6-8724ECC7633A}"
EndProject
Project("{2150E333-8FDC-42A3-9474-1A3956D46DE8}") = "Tests", "Tests", "{91912579-AF79-4333-B630-152F66DBF482}"
EndProject
Project("{9A19103F-16F7-4668-BE54-9A1E7A4F7556}") = "SFA.DAS.Vacancies", "SFA.DAS.Vacancies\SFA.DAS.Vacancies.csproj", "{F1FAF68B-9372-4D7B-B6BD-6FD5FCBB9628}"
EndProject
Project("{9A19103F-16F7-4668-BE54-9A1E7A4F7556}") = "SFA.DAS.Vacancies.Api", "SFA.DAS.Vacancies.Api\SFA.DAS.Vacancies.Api.csproj", "{F2933D00-4673-4119-82DF-545BF4AC29A3}"
EndProject
Project("{9A19103F-16F7-4668-BE54-9A1E7A4F7556}") = "SFA.DAS.Vacancies.Api.UnitTests", "SFA.DAS.Vacancies.Api.UnitTests\SFA.DAS.Vacancies.Api.UnitTests.csproj", "{EEC4ED1B-63DF-46A9-9AB1-A41F12338C64}"
EndProject
Project("{9A19103F-16F7-4668-BE54-9A1E7A4F7556}") = "SFA.DAS.Vacancies.UnitTests", "SFA.DAS.Vacancies.UnitTests\SFA.DAS.Vacancies.UnitTests.csproj", "{8B87E93D-04CD-4C44-A398-F9BA3985EC7E}"
EndProject
Project("{9A19103F-16F7-4668-BE54-9A1E7A4F7556}") = "SFA.DAS.Vacancies.Manage.Api.UnitTests", "SFA.DAS.Vacancies.Manage.Api.UnitTests\SFA.DAS.Vacancies.Manage.Api.UnitTests.csproj", "{16348C58-2E11-4002-977F-7444EEBE8343}"
EndProject
Project("{9A19103F-16F7-4668-BE54-9A1E7A4F7556}") = "SFA.DAS.Vacancies.Manage.Api", "SFA.DAS.Vacancies.Manage.Api\SFA.DAS.Vacancies.Manage.Api.csproj", "{17C8F0CD-07AD-468E-844D-F13774D910BE}"
EndProject
Project("{9A19103F-16F7-4668-BE54-9A1E7A4F7556}") = "SFA.DAS.Vacancies.Manage", "SFA.DAS.Vacancies.Manage\SFA.DAS.Vacancies.Manage.csproj", "{4526B4F6-9694-404D-8BC2-796F4823BCCA}"
EndProject
Project("{9A19103F-16F7-4668-BE54-9A1E7A4F7556}") = "SFA.DAS.Vacancies.Manage.UnitTests", "SFA.DAS.Vacancies.Manage.UnitTests\SFA.DAS.Vacancies.Manage.UnitTests.csproj", "{A9695DDF-3803-4197-8ACF-0F50B64C38D7}"
EndProject
Project("{2150E333-8FDC-42A3-9474-1A3956D46DE8}") = "FindAnApprenticeship", "FindAnApprenticeship", "{F403579E-BDA6-4C22-BD54-92EBB388B3DA}"
EndProject
Project("{9A19103F-16F7-4668-BE54-9A1E7A4F7556}") = "SFA.DAS.FindAnApprenticeship", "SFA.DAS.FindAnApprenticeship\SFA.DAS.FindAnApprenticeship.csproj", "{1118DC82-BACF-4BC0-AAD5-63E860499441}"
EndProject
Project("{2150E333-8FDC-42A3-9474-1A3956D46DE8}") = "Tests", "Tests", "{F920DF88-71AA-4B18-8050-4564D63EB35C}"
EndProject
Project("{9A19103F-16F7-4668-BE54-9A1E7A4F7556}") = "SFA.DAS.FindAnApprenticeship.Api", "SFA.DAS.FindAnApprenticeship.Api\SFA.DAS.FindAnApprenticeship.Api.csproj", "{E0A9A4EC-B816-4C6B-9DB9-07E0EEBC9475}"
EndProject
Project("{9A19103F-16F7-4668-BE54-9A1E7A4F7556}") = "SFA.DAS.FindAnApprenticeship.Api.UnitTests", "SFA.DAS.FindAnApprenticeship.Api.UnitTests\SFA.DAS.FindAnApprenticeship.Api.UnitTests.csproj", "{BBCA9B72-FD26-42B1-A0B1-E4DF2AFF25A0}"
EndProject
Project("{9A19103F-16F7-4668-BE54-9A1E7A4F7556}") = "SFA.DAS.FindAnApprenticeship.UnitTests", "SFA.DAS.FindAnApprenticeship.UnitTests\SFA.DAS.FindAnApprenticeship.UnitTests.csproj", "{1FD857FF-4FCC-47E9-912C-13F21BBCF13E}"
EndProject
Project("{9A19103F-16F7-4668-BE54-9A1E7A4F7556}") = "SFA.DAS.EmployerContactForms", "SFA.DAS.EmployerContactForms\SFA.DAS.EmployerContactForms.csproj", "{74B00394-90F9-480D-9466-538F9286509B}"
EndProject
Project("{9A19103F-16F7-4668-BE54-9A1E7A4F7556}") = "SFA.DAS.EmployerContactForms.Api", "SFA.DAS.EmployerContactForms.Api\SFA.DAS.EmployerContactForms.Api.csproj", "{F3A376FB-B882-454E-B1CC-02E838C6C70D}"
EndProject
Project("{9A19103F-16F7-4668-BE54-9A1E7A4F7556}") = "SFA.DAS.EmployerContactForms.Api.UnitTests", "SFA.DAS.EmployerContactForms.Api.UnitTests\SFA.DAS.EmployerContactForms.Api.UnitTests.csproj", "{1D4D005F-17AF-4A2C-99FE-560A19D3D3D3}"
EndProject
Project("{9A19103F-16F7-4668-BE54-9A1E7A4F7556}") = "SFA.DAS.EmployerContactForms.UnitTests", "SFA.DAS.EmployerContactForms.UnitTests\SFA.DAS.EmployerContactForms.UnitTests.csproj", "{A51D1274-E802-49D5-978E-13C10A89DF0A}"
EndProject
Project("{2150E333-8FDC-42A3-9474-1A3956D46DE8}") = "EmployerContactForms", "EmployerContactForms", "{EEE7D13D-668C-4E57-9BED-53D55809B04C}"
EndProject
Project("{2150E333-8FDC-42A3-9474-1A3956D46DE8}") = "Tests", "Tests", "{97EA4552-B003-477C-A1E1-C36A98B028A4}"
EndProject
Project("{2150E333-8FDC-42A3-9474-1A3956D46DE8}") = "ApimDeveloperWeb", "ApimDeveloperWeb", "{7C6D251A-241D-43B9-8A47-F13286D8CCC2}"
EndProject
Project("{2150E333-8FDC-42A3-9474-1A3956D46DE8}") = "Tests", "Tests", "{B79329D3-8A8E-4E50-A10B-1B0A45B5F606}"
EndProject
Project("{9A19103F-16F7-4668-BE54-9A1E7A4F7556}") = "SFA.DAS.ApimDeveloper.Api", "SFA.DAS.ApimDeveloper.Api\SFA.DAS.ApimDeveloper.Api.csproj", "{F527AC30-D85B-4105-8063-7F5AEE6D29F1}"
EndProject
Project("{9A19103F-16F7-4668-BE54-9A1E7A4F7556}") = "SFA.DAS.ApimDeveloper.Api.UnitTests", "SFA.DAS.ApimDeveloper.Api.UnitTests\SFA.DAS.ApimDeveloper.Api.UnitTests.csproj", "{D99A3EE3-DC45-4027-98CB-5B53D5A52B65}"
EndProject
Project("{9A19103F-16F7-4668-BE54-9A1E7A4F7556}") = "SFA.DAS.ApimDeveloper", "SFA.DAS.ApimDeveloper\SFA.DAS.ApimDeveloper.csproj", "{A43F17C7-6528-44B9-A9D3-B794B1904C98}"
EndProject
Project("{9A19103F-16F7-4668-BE54-9A1E7A4F7556}") = "SFA.DAS.ApimDeveloper.UnitTests", "SFA.DAS.ApimDeveloper.UnitTests\SFA.DAS.ApimDeveloper.UnitTests.csproj", "{2CDC85A1-DCB9-4AB7-A34D-3DFA82B453B5}"
EndProject
Project("{2150E333-8FDC-42A3-9474-1A3956D46DE8}") = "Roatp", "Roatp", "{1ECB4526-CFE2-433B-B658-1D7875A805DA}"
EndProject
Project("{9A19103F-16F7-4668-BE54-9A1E7A4F7556}") = "SFA.DAS.Roatp.Api", "SFA.DAS.Roatp.Api\SFA.DAS.Roatp.Api.csproj", "{1BE4D0EA-1CE6-4E33-909A-5219BDDE5950}"
EndProject
Project("{9A19103F-16F7-4668-BE54-9A1E7A4F7556}") = "SFA.DAS.Roatp", "SFA.DAS.Roatp\SFA.DAS.Roatp.csproj", "{F3BD6C2B-57B7-446E-A315-0F9E18D46C79}"
EndProject
Project("{2150E333-8FDC-42A3-9474-1A3956D46DE8}") = "Tests", "Tests", "{F6C1E39E-9A85-4CAA-8847-E50E44FCAC83}"
EndProject
Project("{9A19103F-16F7-4668-BE54-9A1E7A4F7556}") = "SFA.DAS.Roatp.Api.UnitTests", "SFA.DAS.Roatp.Api.UnitTests\SFA.DAS.Roatp.Api.UnitTests.csproj", "{5DE6CE7C-66F2-4969-B984-D5BBAA655D7E}"
EndProject
Project("{9A19103F-16F7-4668-BE54-9A1E7A4F7556}") = "SFA.DAS.Roatp.UnitTests", "SFA.DAS.Roatp.UnitTests\SFA.DAS.Roatp.UnitTests.csproj", "{8623950E-7657-4A38-B655-7453E37C8035}"
EndProject
Project("{9A19103F-16F7-4668-BE54-9A1E7A4F7556}") = "SFA.DAS.ApprenticePortal", "SFA.DAS.ApprenticePortal\SFA.DAS.ApprenticePortal.csproj", "{02479A3D-6F57-4F2F-97FD-54ED72CB64BB}"
EndProject
Project("{9A19103F-16F7-4668-BE54-9A1E7A4F7556}") = "SFA.DAS.ApprenticePortal.Api", "SFA.DAS.ApprenticePortal.Api\SFA.DAS.ApprenticePortal.Api.csproj", "{5BCC441E-ECBE-40C5-AF1A-7ACF1FED634F}"
EndProject
Project("{9A19103F-16F7-4668-BE54-9A1E7A4F7556}") = "SFA.DAS.ApprenticePortal.UnitTests", "SFA.DAS.ApprenticePortal.UnitTests\SFA.DAS.ApprenticePortal.UnitTests.csproj", "{8D33E10D-B7DC-4D8F-95DE-492BEBE85846}"
EndProject
Project("{9A19103F-16F7-4668-BE54-9A1E7A4F7556}") = "SFA.DAS.ApprenticePortal.Api.UnitTests", "SFA.DAS.ApprenticePortal.Api.UnitTests\SFA.DAS.ApprenticePortal.Api.UnitTests.csproj", "{6D09DE65-6DAE-447D-8B0D-DE05CE646471}"
EndProject
Project("{2150E333-8FDC-42A3-9474-1A3956D46DE8}") = "ApprenticePortal", "ApprenticePortal", "{242CDD69-8C61-41AF-B8D0-09AC6A7A88F2}"
EndProject
Project("{2150E333-8FDC-42A3-9474-1A3956D46DE8}") = "Tests", "Tests", "{5C6990DD-273D-48F2-8EF3-AFB443BD39E1}"
EndProject
Project("{9A19103F-16F7-4668-BE54-9A1E7A4F7556}") = "SFA.DAS.ApprenticePortal.MockApis", "SFA.DAS.ApprenticePortal.MockApis\SFA.DAS.ApprenticePortal.MockApis.csproj", "{A6572924-087F-4EDA-A514-EFAFEA078629}"
EndProject
Project("{2150E333-8FDC-42A3-9474-1A3956D46DE8}") = "ApprenticeFeedback", "ApprenticeFeedback", "{A2389EAB-E5CF-4D5A-9521-FA93A7A23187}"
EndProject
Project("{2150E333-8FDC-42A3-9474-1A3956D46DE8}") = "Tests", "Tests", "{CFF1CDF4-2F74-438E-BDC6-CF1319A4E063}"
EndProject
Project("{9A19103F-16F7-4668-BE54-9A1E7A4F7556}") = "SFA.DAS.ApprenticeFeedback.Api", "SFA.DAS.ApprenticeFeedback.Api\SFA.DAS.ApprenticeFeedback.Api.csproj", "{F23C213A-E1D6-445A-984E-5A51FDEA2E11}"
EndProject
Project("{9A19103F-16F7-4668-BE54-9A1E7A4F7556}") = "SFA.DAS.ApprenticeFeedback", "SFA.DAS.ApprenticeFeedback\SFA.DAS.ApprenticeFeedback.csproj", "{6CD02922-76BF-4470-B876-361AECAB6C5F}"
EndProject
Project("{9A19103F-16F7-4668-BE54-9A1E7A4F7556}") = "SFA.DAS.ApprenticeFeedback.Api.UnitTests", "SFA.DAS.ApprenticeFeedback.Api.UnitTests\SFA.DAS.ApprenticeFeedback.Api.UnitTests.csproj", "{01EF44C1-B9AC-4FD9-A769-52757C91656A}"
EndProject
Project("{9A19103F-16F7-4668-BE54-9A1E7A4F7556}") = "SFA.DAS.ApprenticeFeedback.UnitTests", "SFA.DAS.ApprenticeFeedback.UnitTests\SFA.DAS.ApprenticeFeedback.UnitTests.csproj", "{66F0449E-4ADA-48CA-91B0-387AAAD04254}"
EndProject
Project("{2150E333-8FDC-42A3-9474-1A3956D46DE8}") = "EmploymentCheck", "EmploymentCheck", "{1C4DB431-99AC-4EB3-816C-931F5BC9F43D}"
EndProject
Project("{2150E333-8FDC-42A3-9474-1A3956D46DE8}") = "Tests", "Tests", "{41E67F06-FE99-43E7-841B-EC857DCF9B93}"
EndProject
Project("{9A19103F-16F7-4668-BE54-9A1E7A4F7556}") = "SFA.DAS.EmploymentCheck.Api.AcceptanceTests", "SFA.DAS.EmploymentCheck.Api.AcceptanceTests\SFA.DAS.EmploymentCheck.Api.AcceptanceTests.csproj", "{177D5A57-B2AC-48D3-AFFA-7A590C25A668}"
EndProject
Project("{9A19103F-16F7-4668-BE54-9A1E7A4F7556}") = "SFA.DAS.EmploymentCheck.Api.UnitTests", "SFA.DAS.EmploymentCheck.Api.UnitTests\SFA.DAS.EmploymentCheck.Api.UnitTests.csproj", "{0DF3A105-D8F3-4661-8116-BC582210FAD3}"
EndProject
Project("{9A19103F-16F7-4668-BE54-9A1E7A4F7556}") = "SFA.DAS.EmploymentCheck", "SFA.DAS.EmploymentCheck\SFA.DAS.EmploymentCheck.csproj", "{5AB3B46E-6100-438F-8EA4-A5562D241720}"
EndProject
Project("{9A19103F-16F7-4668-BE54-9A1E7A4F7556}") = "SFA.DAS.EmploymentCheck.Api", "SFA.DAS.EmploymentCheck.Api\SFA.DAS.EmploymentCheck.Api.csproj", "{884F7C39-0426-4935-8B05-B52490199DFF}"
EndProject
Project("{2150E333-8FDC-42A3-9474-1A3956D46DE8}") = "RoatpCourseManagement", "RoatpCourseManagement", "{EE0283A3-AF30-4034-80BB-1AD5EF241B46}"
EndProject
Project("{9A19103F-16F7-4668-BE54-9A1E7A4F7556}") = "SFA.DAS.Roatp.CourseManagement.Api", "SFA.DAS.Roatp.CourseManagement.Api\SFA.DAS.Roatp.CourseManagement.Api.csproj", "{93941B2A-A8CA-4522-872E-D8B18F269367}"
EndProject
Project("{2150E333-8FDC-42A3-9474-1A3956D46DE8}") = "Tests", "Tests", "{C3539A14-04B7-4811-B58E-34549BF357FF}"
EndProject
Project("{9A19103F-16F7-4668-BE54-9A1E7A4F7556}") = "SFA.DAS.Roatp.CourseManagement.UnitTests", "SFA.DAS.Roatp.CourseManagement.UnitTests\SFA.DAS.Roatp.CourseManagement.UnitTests.csproj", "{4BF02610-8D06-4DF7-8D4D-245834483833}"
EndProject
Project("{9A19103F-16F7-4668-BE54-9A1E7A4F7556}") = "SFA.DAS.Roatp.CourseManagement.Api.UnitTests", "SFA.DAS.Roatp.CourseManagement.Api.UnitTests\SFA.DAS.Roatp.CourseManagement.Api.UnitTests.csproj", "{2732F882-0185-4A78-9F37-63BF3BE72B62}"
EndProject
Project("{9A19103F-16F7-4668-BE54-9A1E7A4F7556}") = "SFA.DAS.Approvals.FakeApis", "SFA.DAS.Approvals.FakeApis\SFA.DAS.Approvals.FakeApis.csproj", "{FD369B50-A8A7-483B-8E03-45DFDFC10A2E}"
EndProject
Project("{9A19103F-16F7-4668-BE54-9A1E7A4F7556}") = "SFA.DAS.Roatp.CourseManagement", "SFA.DAS.Roatp.CourseManagement\SFA.DAS.Roatp.CourseManagement.csproj", "{3799F041-279B-4587-8040-2C09CBCC71E3}"
EndProject
Global
	GlobalSection(SolutionConfigurationPlatforms) = preSolution
		Debug|Any CPU = Debug|Any CPU
		Release|Any CPU = Release|Any CPU
	EndGlobalSection
	GlobalSection(ProjectConfigurationPlatforms) = postSolution
		{C7F2CFDB-D9A6-4815-8CAE-C410D34409D7}.Debug|Any CPU.ActiveCfg = Debug|Any CPU
		{C7F2CFDB-D9A6-4815-8CAE-C410D34409D7}.Debug|Any CPU.Build.0 = Debug|Any CPU
		{C7F2CFDB-D9A6-4815-8CAE-C410D34409D7}.Release|Any CPU.ActiveCfg = Release|Any CPU
		{C7F2CFDB-D9A6-4815-8CAE-C410D34409D7}.Release|Any CPU.Build.0 = Release|Any CPU
		{62E68066-4A3A-44A7-876A-968F67A083DF}.Debug|Any CPU.ActiveCfg = Debug|Any CPU
		{62E68066-4A3A-44A7-876A-968F67A083DF}.Debug|Any CPU.Build.0 = Debug|Any CPU
		{62E68066-4A3A-44A7-876A-968F67A083DF}.Release|Any CPU.ActiveCfg = Release|Any CPU
		{62E68066-4A3A-44A7-876A-968F67A083DF}.Release|Any CPU.Build.0 = Release|Any CPU
		{5E9B3D3B-D1C8-4F04-BF47-622D4051EA6E}.Debug|Any CPU.ActiveCfg = Debug|Any CPU
		{5E9B3D3B-D1C8-4F04-BF47-622D4051EA6E}.Debug|Any CPU.Build.0 = Debug|Any CPU
		{5E9B3D3B-D1C8-4F04-BF47-622D4051EA6E}.Release|Any CPU.ActiveCfg = Release|Any CPU
		{5E9B3D3B-D1C8-4F04-BF47-622D4051EA6E}.Release|Any CPU.Build.0 = Release|Any CPU
		{983010EF-4855-4838-8E9C-222F99B83A8F}.Debug|Any CPU.ActiveCfg = Debug|Any CPU
		{983010EF-4855-4838-8E9C-222F99B83A8F}.Debug|Any CPU.Build.0 = Debug|Any CPU
		{983010EF-4855-4838-8E9C-222F99B83A8F}.Release|Any CPU.ActiveCfg = Release|Any CPU
		{983010EF-4855-4838-8E9C-222F99B83A8F}.Release|Any CPU.Build.0 = Release|Any CPU
		{C8E4CC8D-313F-40B5-A3B8-398FE736A91A}.Debug|Any CPU.ActiveCfg = Debug|Any CPU
		{C8E4CC8D-313F-40B5-A3B8-398FE736A91A}.Debug|Any CPU.Build.0 = Debug|Any CPU
		{C8E4CC8D-313F-40B5-A3B8-398FE736A91A}.Release|Any CPU.ActiveCfg = Release|Any CPU
		{C8E4CC8D-313F-40B5-A3B8-398FE736A91A}.Release|Any CPU.Build.0 = Release|Any CPU
		{C7217580-821E-4192-B4B7-73F490CBA012}.Debug|Any CPU.ActiveCfg = Debug|Any CPU
		{C7217580-821E-4192-B4B7-73F490CBA012}.Debug|Any CPU.Build.0 = Debug|Any CPU
		{C7217580-821E-4192-B4B7-73F490CBA012}.Release|Any CPU.ActiveCfg = Release|Any CPU
		{C7217580-821E-4192-B4B7-73F490CBA012}.Release|Any CPU.Build.0 = Release|Any CPU
		{2C49A1EC-622E-4D89-B190-B9285C778F57}.Debug|Any CPU.ActiveCfg = Debug|Any CPU
		{2C49A1EC-622E-4D89-B190-B9285C778F57}.Debug|Any CPU.Build.0 = Debug|Any CPU
		{2C49A1EC-622E-4D89-B190-B9285C778F57}.Release|Any CPU.ActiveCfg = Release|Any CPU
		{2C49A1EC-622E-4D89-B190-B9285C778F57}.Release|Any CPU.Build.0 = Release|Any CPU
		{52FF07E0-F421-4DEE-AC63-17C78901008D}.Debug|Any CPU.ActiveCfg = Debug|Any CPU
		{52FF07E0-F421-4DEE-AC63-17C78901008D}.Debug|Any CPU.Build.0 = Debug|Any CPU
		{52FF07E0-F421-4DEE-AC63-17C78901008D}.Release|Any CPU.ActiveCfg = Release|Any CPU
		{52FF07E0-F421-4DEE-AC63-17C78901008D}.Release|Any CPU.Build.0 = Release|Any CPU
		{865EB7A8-3544-4744-8FF3-E89E6D2AB843}.Debug|Any CPU.ActiveCfg = Debug|Any CPU
		{865EB7A8-3544-4744-8FF3-E89E6D2AB843}.Debug|Any CPU.Build.0 = Debug|Any CPU
		{865EB7A8-3544-4744-8FF3-E89E6D2AB843}.Release|Any CPU.ActiveCfg = Release|Any CPU
		{865EB7A8-3544-4744-8FF3-E89E6D2AB843}.Release|Any CPU.Build.0 = Release|Any CPU
		{37149F0C-CCC8-4CCA-A416-1EA48B6EEC8F}.Debug|Any CPU.ActiveCfg = Debug|Any CPU
		{37149F0C-CCC8-4CCA-A416-1EA48B6EEC8F}.Debug|Any CPU.Build.0 = Debug|Any CPU
		{37149F0C-CCC8-4CCA-A416-1EA48B6EEC8F}.Release|Any CPU.ActiveCfg = Release|Any CPU
		{37149F0C-CCC8-4CCA-A416-1EA48B6EEC8F}.Release|Any CPU.Build.0 = Release|Any CPU
		{8080E514-DF5F-4201-A0E9-56B25ADD5C1C}.Debug|Any CPU.ActiveCfg = Debug|Any CPU
		{8080E514-DF5F-4201-A0E9-56B25ADD5C1C}.Debug|Any CPU.Build.0 = Debug|Any CPU
		{8080E514-DF5F-4201-A0E9-56B25ADD5C1C}.Release|Any CPU.ActiveCfg = Release|Any CPU
		{8080E514-DF5F-4201-A0E9-56B25ADD5C1C}.Release|Any CPU.Build.0 = Release|Any CPU
		{BB4D50E1-C6CD-4CD2-A54C-CA0B44289D1B}.Debug|Any CPU.ActiveCfg = Debug|Any CPU
		{BB4D50E1-C6CD-4CD2-A54C-CA0B44289D1B}.Debug|Any CPU.Build.0 = Debug|Any CPU
		{BB4D50E1-C6CD-4CD2-A54C-CA0B44289D1B}.Release|Any CPU.ActiveCfg = Release|Any CPU
		{BB4D50E1-C6CD-4CD2-A54C-CA0B44289D1B}.Release|Any CPU.Build.0 = Release|Any CPU
		{94EAFD7B-A34F-4FBB-BF80-35368701EAEF}.Debug|Any CPU.ActiveCfg = Debug|Any CPU
		{94EAFD7B-A34F-4FBB-BF80-35368701EAEF}.Debug|Any CPU.Build.0 = Debug|Any CPU
		{94EAFD7B-A34F-4FBB-BF80-35368701EAEF}.Release|Any CPU.ActiveCfg = Release|Any CPU
		{94EAFD7B-A34F-4FBB-BF80-35368701EAEF}.Release|Any CPU.Build.0 = Release|Any CPU
		{F210725E-1F38-4484-9CC9-E1A7DC2A3BF7}.Debug|Any CPU.ActiveCfg = Debug|Any CPU
		{F210725E-1F38-4484-9CC9-E1A7DC2A3BF7}.Debug|Any CPU.Build.0 = Debug|Any CPU
		{F210725E-1F38-4484-9CC9-E1A7DC2A3BF7}.Release|Any CPU.ActiveCfg = Release|Any CPU
		{F210725E-1F38-4484-9CC9-E1A7DC2A3BF7}.Release|Any CPU.Build.0 = Release|Any CPU
		{4615D7CB-BD67-4D55-8217-9AB0F4153B4B}.Debug|Any CPU.ActiveCfg = Debug|Any CPU
		{4615D7CB-BD67-4D55-8217-9AB0F4153B4B}.Debug|Any CPU.Build.0 = Debug|Any CPU
		{4615D7CB-BD67-4D55-8217-9AB0F4153B4B}.Release|Any CPU.ActiveCfg = Release|Any CPU
		{4615D7CB-BD67-4D55-8217-9AB0F4153B4B}.Release|Any CPU.Build.0 = Release|Any CPU
		{456C0705-468A-44E8-9F4C-972DD59E385A}.Debug|Any CPU.ActiveCfg = Debug|Any CPU
		{456C0705-468A-44E8-9F4C-972DD59E385A}.Debug|Any CPU.Build.0 = Debug|Any CPU
		{456C0705-468A-44E8-9F4C-972DD59E385A}.Release|Any CPU.ActiveCfg = Release|Any CPU
		{456C0705-468A-44E8-9F4C-972DD59E385A}.Release|Any CPU.Build.0 = Release|Any CPU
		{1F1C0265-5F7D-4864-87E7-4891F52DDFC3}.Debug|Any CPU.ActiveCfg = Debug|Any CPU
		{1F1C0265-5F7D-4864-87E7-4891F52DDFC3}.Debug|Any CPU.Build.0 = Debug|Any CPU
		{1F1C0265-5F7D-4864-87E7-4891F52DDFC3}.Release|Any CPU.ActiveCfg = Release|Any CPU
		{1F1C0265-5F7D-4864-87E7-4891F52DDFC3}.Release|Any CPU.Build.0 = Release|Any CPU
		{5104C2D0-FF79-4319-9884-16CA3F27796C}.Debug|Any CPU.ActiveCfg = Debug|Any CPU
		{5104C2D0-FF79-4319-9884-16CA3F27796C}.Debug|Any CPU.Build.0 = Debug|Any CPU
		{5104C2D0-FF79-4319-9884-16CA3F27796C}.Release|Any CPU.ActiveCfg = Release|Any CPU
		{5104C2D0-FF79-4319-9884-16CA3F27796C}.Release|Any CPU.Build.0 = Release|Any CPU
		{E3340B1A-F5AC-4C24-9A4C-720ED43F946F}.Debug|Any CPU.ActiveCfg = Debug|Any CPU
		{E3340B1A-F5AC-4C24-9A4C-720ED43F946F}.Debug|Any CPU.Build.0 = Debug|Any CPU
		{E3340B1A-F5AC-4C24-9A4C-720ED43F946F}.Release|Any CPU.ActiveCfg = Release|Any CPU
		{E3340B1A-F5AC-4C24-9A4C-720ED43F946F}.Release|Any CPU.Build.0 = Release|Any CPU
		{F0D00AD4-AE9B-43F5-B20B-016EEC71CB62}.Debug|Any CPU.ActiveCfg = Debug|Any CPU
		{F0D00AD4-AE9B-43F5-B20B-016EEC71CB62}.Debug|Any CPU.Build.0 = Debug|Any CPU
		{F0D00AD4-AE9B-43F5-B20B-016EEC71CB62}.Release|Any CPU.ActiveCfg = Release|Any CPU
		{F0D00AD4-AE9B-43F5-B20B-016EEC71CB62}.Release|Any CPU.Build.0 = Release|Any CPU
		{C8957763-8218-426B-A4B2-10185183D6B5}.Debug|Any CPU.ActiveCfg = Debug|Any CPU
		{C8957763-8218-426B-A4B2-10185183D6B5}.Debug|Any CPU.Build.0 = Debug|Any CPU
		{C8957763-8218-426B-A4B2-10185183D6B5}.Release|Any CPU.ActiveCfg = Release|Any CPU
		{C8957763-8218-426B-A4B2-10185183D6B5}.Release|Any CPU.Build.0 = Release|Any CPU
		{A8035B52-45BC-401D-9098-3A324FAB52D8}.Debug|Any CPU.ActiveCfg = Debug|Any CPU
		{A8035B52-45BC-401D-9098-3A324FAB52D8}.Debug|Any CPU.Build.0 = Debug|Any CPU
		{A8035B52-45BC-401D-9098-3A324FAB52D8}.Release|Any CPU.ActiveCfg = Release|Any CPU
		{A8035B52-45BC-401D-9098-3A324FAB52D8}.Release|Any CPU.Build.0 = Release|Any CPU
		{1371BC50-3C77-4286-AFEE-FEC3D15A9EFE}.Debug|Any CPU.ActiveCfg = Debug|Any CPU
		{1371BC50-3C77-4286-AFEE-FEC3D15A9EFE}.Debug|Any CPU.Build.0 = Debug|Any CPU
		{1371BC50-3C77-4286-AFEE-FEC3D15A9EFE}.Release|Any CPU.ActiveCfg = Release|Any CPU
		{1371BC50-3C77-4286-AFEE-FEC3D15A9EFE}.Release|Any CPU.Build.0 = Release|Any CPU
		{A819EEA4-B38A-48AB-8076-44342DF909A1}.Debug|Any CPU.ActiveCfg = Debug|Any CPU
		{A819EEA4-B38A-48AB-8076-44342DF909A1}.Debug|Any CPU.Build.0 = Debug|Any CPU
		{A819EEA4-B38A-48AB-8076-44342DF909A1}.Release|Any CPU.ActiveCfg = Release|Any CPU
		{A819EEA4-B38A-48AB-8076-44342DF909A1}.Release|Any CPU.Build.0 = Release|Any CPU
		{4149FED7-DC00-4133-89CC-930CB7FFB647}.Debug|Any CPU.ActiveCfg = Debug|Any CPU
		{4149FED7-DC00-4133-89CC-930CB7FFB647}.Debug|Any CPU.Build.0 = Debug|Any CPU
		{4149FED7-DC00-4133-89CC-930CB7FFB647}.Release|Any CPU.ActiveCfg = Release|Any CPU
		{4149FED7-DC00-4133-89CC-930CB7FFB647}.Release|Any CPU.Build.0 = Release|Any CPU
		{90E17E22-0FCD-46BC-A76E-99D3033A53AB}.Debug|Any CPU.ActiveCfg = Debug|Any CPU
		{90E17E22-0FCD-46BC-A76E-99D3033A53AB}.Debug|Any CPU.Build.0 = Debug|Any CPU
		{90E17E22-0FCD-46BC-A76E-99D3033A53AB}.Release|Any CPU.ActiveCfg = Release|Any CPU
		{90E17E22-0FCD-46BC-A76E-99D3033A53AB}.Release|Any CPU.Build.0 = Release|Any CPU
		{3D180DE0-1332-4552-95F7-81A2FE7D9307}.Debug|Any CPU.ActiveCfg = Debug|Any CPU
		{3D180DE0-1332-4552-95F7-81A2FE7D9307}.Debug|Any CPU.Build.0 = Debug|Any CPU
		{3D180DE0-1332-4552-95F7-81A2FE7D9307}.Release|Any CPU.ActiveCfg = Release|Any CPU
		{3D180DE0-1332-4552-95F7-81A2FE7D9307}.Release|Any CPU.Build.0 = Release|Any CPU
		{C246D034-D084-4977-AB34-92FD7F8C7118}.Debug|Any CPU.ActiveCfg = Debug|Any CPU
		{C246D034-D084-4977-AB34-92FD7F8C7118}.Debug|Any CPU.Build.0 = Debug|Any CPU
		{C246D034-D084-4977-AB34-92FD7F8C7118}.Release|Any CPU.ActiveCfg = Release|Any CPU
		{C246D034-D084-4977-AB34-92FD7F8C7118}.Release|Any CPU.Build.0 = Release|Any CPU
		{C9DCE5DE-9EA9-44E6-A981-5CC9643D72BC}.Debug|Any CPU.ActiveCfg = Debug|Any CPU
		{C9DCE5DE-9EA9-44E6-A981-5CC9643D72BC}.Debug|Any CPU.Build.0 = Debug|Any CPU
		{C9DCE5DE-9EA9-44E6-A981-5CC9643D72BC}.Release|Any CPU.ActiveCfg = Release|Any CPU
		{C9DCE5DE-9EA9-44E6-A981-5CC9643D72BC}.Release|Any CPU.Build.0 = Release|Any CPU
		{02FCB1F7-CF97-438F-9F99-731E6B1F5503}.Debug|Any CPU.ActiveCfg = Debug|Any CPU
		{02FCB1F7-CF97-438F-9F99-731E6B1F5503}.Debug|Any CPU.Build.0 = Debug|Any CPU
		{02FCB1F7-CF97-438F-9F99-731E6B1F5503}.Release|Any CPU.ActiveCfg = Release|Any CPU
		{02FCB1F7-CF97-438F-9F99-731E6B1F5503}.Release|Any CPU.Build.0 = Release|Any CPU
		{9789EBB0-21B6-4AC9-B076-B3C729ADA5FB}.Debug|Any CPU.ActiveCfg = Debug|Any CPU
		{9789EBB0-21B6-4AC9-B076-B3C729ADA5FB}.Debug|Any CPU.Build.0 = Debug|Any CPU
		{9789EBB0-21B6-4AC9-B076-B3C729ADA5FB}.Release|Any CPU.ActiveCfg = Release|Any CPU
		{9789EBB0-21B6-4AC9-B076-B3C729ADA5FB}.Release|Any CPU.Build.0 = Release|Any CPU
		{7070BF58-804D-490F-885F-1E1E764E3D2E}.Debug|Any CPU.ActiveCfg = Debug|Any CPU
		{7070BF58-804D-490F-885F-1E1E764E3D2E}.Debug|Any CPU.Build.0 = Debug|Any CPU
		{7070BF58-804D-490F-885F-1E1E764E3D2E}.Release|Any CPU.ActiveCfg = Release|Any CPU
		{7070BF58-804D-490F-885F-1E1E764E3D2E}.Release|Any CPU.Build.0 = Release|Any CPU
		{C5F92EAD-0326-4D61-BE94-289501861E82}.Debug|Any CPU.ActiveCfg = Debug|Any CPU
		{C5F92EAD-0326-4D61-BE94-289501861E82}.Debug|Any CPU.Build.0 = Debug|Any CPU
		{C5F92EAD-0326-4D61-BE94-289501861E82}.Release|Any CPU.ActiveCfg = Release|Any CPU
		{C5F92EAD-0326-4D61-BE94-289501861E82}.Release|Any CPU.Build.0 = Release|Any CPU
		{66A57725-EB0A-4E83-8AC0-49A4F0B13B29}.Debug|Any CPU.ActiveCfg = Debug|Any CPU
		{66A57725-EB0A-4E83-8AC0-49A4F0B13B29}.Debug|Any CPU.Build.0 = Debug|Any CPU
		{66A57725-EB0A-4E83-8AC0-49A4F0B13B29}.Release|Any CPU.ActiveCfg = Release|Any CPU
		{66A57725-EB0A-4E83-8AC0-49A4F0B13B29}.Release|Any CPU.Build.0 = Release|Any CPU
		{2F6C67BC-7FB6-4027-A30F-66C501504AC2}.Debug|Any CPU.ActiveCfg = Debug|Any CPU
		{2F6C67BC-7FB6-4027-A30F-66C501504AC2}.Debug|Any CPU.Build.0 = Debug|Any CPU
		{2F6C67BC-7FB6-4027-A30F-66C501504AC2}.Release|Any CPU.ActiveCfg = Release|Any CPU
		{2F6C67BC-7FB6-4027-A30F-66C501504AC2}.Release|Any CPU.Build.0 = Release|Any CPU
		{1789CBEA-9661-4242-A1E1-F626654CE687}.Debug|Any CPU.ActiveCfg = Debug|Any CPU
		{1789CBEA-9661-4242-A1E1-F626654CE687}.Debug|Any CPU.Build.0 = Debug|Any CPU
		{1789CBEA-9661-4242-A1E1-F626654CE687}.Release|Any CPU.ActiveCfg = Release|Any CPU
		{1789CBEA-9661-4242-A1E1-F626654CE687}.Release|Any CPU.Build.0 = Release|Any CPU
		{3134D3A3-DBAB-44A5-954B-AA3316A9D175}.Debug|Any CPU.ActiveCfg = Debug|Any CPU
		{3134D3A3-DBAB-44A5-954B-AA3316A9D175}.Debug|Any CPU.Build.0 = Debug|Any CPU
		{3134D3A3-DBAB-44A5-954B-AA3316A9D175}.Release|Any CPU.ActiveCfg = Release|Any CPU
		{3134D3A3-DBAB-44A5-954B-AA3316A9D175}.Release|Any CPU.Build.0 = Release|Any CPU
		{E170EAC0-EF15-418C-8872-A4A5740CD16F}.Debug|Any CPU.ActiveCfg = Debug|Any CPU
		{E170EAC0-EF15-418C-8872-A4A5740CD16F}.Debug|Any CPU.Build.0 = Debug|Any CPU
		{E170EAC0-EF15-418C-8872-A4A5740CD16F}.Release|Any CPU.ActiveCfg = Release|Any CPU
		{E170EAC0-EF15-418C-8872-A4A5740CD16F}.Release|Any CPU.Build.0 = Release|Any CPU
		{7D37BA6C-78A2-4665-A201-2280141005E4}.Debug|Any CPU.ActiveCfg = Debug|Any CPU
		{7D37BA6C-78A2-4665-A201-2280141005E4}.Debug|Any CPU.Build.0 = Debug|Any CPU
		{7D37BA6C-78A2-4665-A201-2280141005E4}.Release|Any CPU.ActiveCfg = Release|Any CPU
		{7D37BA6C-78A2-4665-A201-2280141005E4}.Release|Any CPU.Build.0 = Release|Any CPU
		{AAB2293B-00FF-42A1-B3BC-BFEBA1D3B52F}.Debug|Any CPU.ActiveCfg = Debug|Any CPU
		{AAB2293B-00FF-42A1-B3BC-BFEBA1D3B52F}.Debug|Any CPU.Build.0 = Debug|Any CPU
		{AAB2293B-00FF-42A1-B3BC-BFEBA1D3B52F}.Release|Any CPU.ActiveCfg = Release|Any CPU
		{AAB2293B-00FF-42A1-B3BC-BFEBA1D3B52F}.Release|Any CPU.Build.0 = Release|Any CPU
		{3BC95F86-5A8A-49DC-A186-B8E7FFFC5085}.Debug|Any CPU.ActiveCfg = Debug|Any CPU
		{3BC95F86-5A8A-49DC-A186-B8E7FFFC5085}.Debug|Any CPU.Build.0 = Debug|Any CPU
		{3BC95F86-5A8A-49DC-A186-B8E7FFFC5085}.Release|Any CPU.ActiveCfg = Release|Any CPU
		{3BC95F86-5A8A-49DC-A186-B8E7FFFC5085}.Release|Any CPU.Build.0 = Release|Any CPU
		{F88A2E2B-4AC6-42E5-BCB8-575F337BB5F1}.Debug|Any CPU.ActiveCfg = Debug|Any CPU
		{F88A2E2B-4AC6-42E5-BCB8-575F337BB5F1}.Debug|Any CPU.Build.0 = Debug|Any CPU
		{F88A2E2B-4AC6-42E5-BCB8-575F337BB5F1}.Release|Any CPU.ActiveCfg = Release|Any CPU
		{F88A2E2B-4AC6-42E5-BCB8-575F337BB5F1}.Release|Any CPU.Build.0 = Release|Any CPU
		{CA6F491A-20EE-494A-A416-F1C9DAA1DB07}.Debug|Any CPU.ActiveCfg = Debug|Any CPU
		{CA6F491A-20EE-494A-A416-F1C9DAA1DB07}.Debug|Any CPU.Build.0 = Debug|Any CPU
		{CA6F491A-20EE-494A-A416-F1C9DAA1DB07}.Release|Any CPU.ActiveCfg = Release|Any CPU
		{CA6F491A-20EE-494A-A416-F1C9DAA1DB07}.Release|Any CPU.Build.0 = Release|Any CPU
		{CF134221-BB2B-45D7-8D25-94E7E2EF0F81}.Debug|Any CPU.ActiveCfg = Debug|Any CPU
		{CF134221-BB2B-45D7-8D25-94E7E2EF0F81}.Debug|Any CPU.Build.0 = Debug|Any CPU
		{CF134221-BB2B-45D7-8D25-94E7E2EF0F81}.Release|Any CPU.ActiveCfg = Release|Any CPU
		{CF134221-BB2B-45D7-8D25-94E7E2EF0F81}.Release|Any CPU.Build.0 = Release|Any CPU
		{016C3DF6-6081-4C3F-8DD2-A07FC5F2BA7B}.Debug|Any CPU.ActiveCfg = Debug|Any CPU
		{016C3DF6-6081-4C3F-8DD2-A07FC5F2BA7B}.Debug|Any CPU.Build.0 = Debug|Any CPU
		{016C3DF6-6081-4C3F-8DD2-A07FC5F2BA7B}.Release|Any CPU.ActiveCfg = Release|Any CPU
		{016C3DF6-6081-4C3F-8DD2-A07FC5F2BA7B}.Release|Any CPU.Build.0 = Release|Any CPU
		{928E7C88-17B4-43CC-98C1-B4AB58C8784F}.Debug|Any CPU.ActiveCfg = Debug|Any CPU
		{928E7C88-17B4-43CC-98C1-B4AB58C8784F}.Debug|Any CPU.Build.0 = Debug|Any CPU
		{928E7C88-17B4-43CC-98C1-B4AB58C8784F}.Release|Any CPU.ActiveCfg = Release|Any CPU
		{928E7C88-17B4-43CC-98C1-B4AB58C8784F}.Release|Any CPU.Build.0 = Release|Any CPU
		{B1505786-67D4-49F7-8BD2-32970EFA5220}.Debug|Any CPU.ActiveCfg = Debug|Any CPU
		{B1505786-67D4-49F7-8BD2-32970EFA5220}.Debug|Any CPU.Build.0 = Debug|Any CPU
		{B1505786-67D4-49F7-8BD2-32970EFA5220}.Release|Any CPU.ActiveCfg = Release|Any CPU
		{B1505786-67D4-49F7-8BD2-32970EFA5220}.Release|Any CPU.Build.0 = Release|Any CPU
		{8843B30A-F1ED-4FBA-9C65-793C25FB8AEB}.Debug|Any CPU.ActiveCfg = Debug|Any CPU
		{8843B30A-F1ED-4FBA-9C65-793C25FB8AEB}.Debug|Any CPU.Build.0 = Debug|Any CPU
		{8843B30A-F1ED-4FBA-9C65-793C25FB8AEB}.Release|Any CPU.ActiveCfg = Release|Any CPU
		{8843B30A-F1ED-4FBA-9C65-793C25FB8AEB}.Release|Any CPU.Build.0 = Release|Any CPU
		{3F3967D5-DEB9-42C2-AC13-46C22B796B76}.Debug|Any CPU.ActiveCfg = Debug|Any CPU
		{3F3967D5-DEB9-42C2-AC13-46C22B796B76}.Debug|Any CPU.Build.0 = Debug|Any CPU
		{3F3967D5-DEB9-42C2-AC13-46C22B796B76}.Release|Any CPU.ActiveCfg = Release|Any CPU
		{3F3967D5-DEB9-42C2-AC13-46C22B796B76}.Release|Any CPU.Build.0 = Release|Any CPU
		{3079CBF5-E4E4-44FD-9F2D-C8E04DF521B5}.Debug|Any CPU.ActiveCfg = Debug|Any CPU
		{3079CBF5-E4E4-44FD-9F2D-C8E04DF521B5}.Debug|Any CPU.Build.0 = Debug|Any CPU
		{3079CBF5-E4E4-44FD-9F2D-C8E04DF521B5}.Release|Any CPU.ActiveCfg = Release|Any CPU
		{3079CBF5-E4E4-44FD-9F2D-C8E04DF521B5}.Release|Any CPU.Build.0 = Release|Any CPU
		{BBE42F02-342A-435A-9FF8-5D3D610D5E19}.Debug|Any CPU.ActiveCfg = Debug|Any CPU
		{BBE42F02-342A-435A-9FF8-5D3D610D5E19}.Debug|Any CPU.Build.0 = Debug|Any CPU
		{BBE42F02-342A-435A-9FF8-5D3D610D5E19}.Release|Any CPU.ActiveCfg = Release|Any CPU
		{BBE42F02-342A-435A-9FF8-5D3D610D5E19}.Release|Any CPU.Build.0 = Release|Any CPU
		{21C69699-9BAD-4C6D-B64C-648F93ACF89E}.Debug|Any CPU.ActiveCfg = Debug|Any CPU
		{21C69699-9BAD-4C6D-B64C-648F93ACF89E}.Debug|Any CPU.Build.0 = Debug|Any CPU
		{21C69699-9BAD-4C6D-B64C-648F93ACF89E}.Release|Any CPU.ActiveCfg = Release|Any CPU
		{21C69699-9BAD-4C6D-B64C-648F93ACF89E}.Release|Any CPU.Build.0 = Release|Any CPU
		{46CC6615-1A50-4963-B694-350242631993}.Debug|Any CPU.ActiveCfg = Debug|Any CPU
		{46CC6615-1A50-4963-B694-350242631993}.Debug|Any CPU.Build.0 = Debug|Any CPU
		{46CC6615-1A50-4963-B694-350242631993}.Release|Any CPU.ActiveCfg = Release|Any CPU
		{46CC6615-1A50-4963-B694-350242631993}.Release|Any CPU.Build.0 = Release|Any CPU
		{CE6346A3-2D3A-4180-93BD-6E296BB287C3}.Debug|Any CPU.ActiveCfg = Debug|Any CPU
		{CE6346A3-2D3A-4180-93BD-6E296BB287C3}.Debug|Any CPU.Build.0 = Debug|Any CPU
		{CE6346A3-2D3A-4180-93BD-6E296BB287C3}.Release|Any CPU.ActiveCfg = Release|Any CPU
		{CE6346A3-2D3A-4180-93BD-6E296BB287C3}.Release|Any CPU.Build.0 = Release|Any CPU
		{7C574421-9068-49BF-964F-B25BCE303151}.Debug|Any CPU.ActiveCfg = Debug|Any CPU
		{7C574421-9068-49BF-964F-B25BCE303151}.Debug|Any CPU.Build.0 = Debug|Any CPU
		{7C574421-9068-49BF-964F-B25BCE303151}.Release|Any CPU.ActiveCfg = Release|Any CPU
		{7C574421-9068-49BF-964F-B25BCE303151}.Release|Any CPU.Build.0 = Release|Any CPU
		{2A555C85-CB05-4333-9EBA-49D1E1A8EEC3}.Debug|Any CPU.ActiveCfg = Debug|Any CPU
		{2A555C85-CB05-4333-9EBA-49D1E1A8EEC3}.Debug|Any CPU.Build.0 = Debug|Any CPU
		{2A555C85-CB05-4333-9EBA-49D1E1A8EEC3}.Release|Any CPU.ActiveCfg = Release|Any CPU
		{2A555C85-CB05-4333-9EBA-49D1E1A8EEC3}.Release|Any CPU.Build.0 = Release|Any CPU
		{3C3F421D-8EE6-40A7-99F0-B069B85A49ED}.Debug|Any CPU.ActiveCfg = Debug|Any CPU
		{3C3F421D-8EE6-40A7-99F0-B069B85A49ED}.Debug|Any CPU.Build.0 = Debug|Any CPU
		{3C3F421D-8EE6-40A7-99F0-B069B85A49ED}.Release|Any CPU.ActiveCfg = Release|Any CPU
		{3C3F421D-8EE6-40A7-99F0-B069B85A49ED}.Release|Any CPU.Build.0 = Release|Any CPU
		{27CA3EA8-9E44-43AD-B58B-394D258B5E51}.Debug|Any CPU.ActiveCfg = Debug|Any CPU
		{27CA3EA8-9E44-43AD-B58B-394D258B5E51}.Debug|Any CPU.Build.0 = Debug|Any CPU
		{27CA3EA8-9E44-43AD-B58B-394D258B5E51}.Release|Any CPU.ActiveCfg = Release|Any CPU
		{27CA3EA8-9E44-43AD-B58B-394D258B5E51}.Release|Any CPU.Build.0 = Release|Any CPU
		{21E57CDD-B7CD-4172-A4C0-474AACF0D4EA}.Debug|Any CPU.ActiveCfg = Debug|Any CPU
		{21E57CDD-B7CD-4172-A4C0-474AACF0D4EA}.Debug|Any CPU.Build.0 = Debug|Any CPU
		{21E57CDD-B7CD-4172-A4C0-474AACF0D4EA}.Release|Any CPU.ActiveCfg = Release|Any CPU
		{21E57CDD-B7CD-4172-A4C0-474AACF0D4EA}.Release|Any CPU.Build.0 = Release|Any CPU
		{37CC0129-16A0-4B6A-89A5-A8D3F633D627}.Debug|Any CPU.ActiveCfg = Debug|Any CPU
		{37CC0129-16A0-4B6A-89A5-A8D3F633D627}.Debug|Any CPU.Build.0 = Debug|Any CPU
		{37CC0129-16A0-4B6A-89A5-A8D3F633D627}.Release|Any CPU.ActiveCfg = Release|Any CPU
		{37CC0129-16A0-4B6A-89A5-A8D3F633D627}.Release|Any CPU.Build.0 = Release|Any CPU
		{29743536-0DFC-4254-9896-6C29001ECEE8}.Debug|Any CPU.ActiveCfg = Debug|Any CPU
		{29743536-0DFC-4254-9896-6C29001ECEE8}.Debug|Any CPU.Build.0 = Debug|Any CPU
		{29743536-0DFC-4254-9896-6C29001ECEE8}.Release|Any CPU.ActiveCfg = Release|Any CPU
		{29743536-0DFC-4254-9896-6C29001ECEE8}.Release|Any CPU.Build.0 = Release|Any CPU
		{F1FAF68B-9372-4D7B-B6BD-6FD5FCBB9628}.Debug|Any CPU.ActiveCfg = Debug|Any CPU
		{F1FAF68B-9372-4D7B-B6BD-6FD5FCBB9628}.Debug|Any CPU.Build.0 = Debug|Any CPU
		{F1FAF68B-9372-4D7B-B6BD-6FD5FCBB9628}.Release|Any CPU.ActiveCfg = Release|Any CPU
		{F1FAF68B-9372-4D7B-B6BD-6FD5FCBB9628}.Release|Any CPU.Build.0 = Release|Any CPU
		{F2933D00-4673-4119-82DF-545BF4AC29A3}.Debug|Any CPU.ActiveCfg = Debug|Any CPU
		{F2933D00-4673-4119-82DF-545BF4AC29A3}.Debug|Any CPU.Build.0 = Debug|Any CPU
		{F2933D00-4673-4119-82DF-545BF4AC29A3}.Release|Any CPU.ActiveCfg = Release|Any CPU
		{F2933D00-4673-4119-82DF-545BF4AC29A3}.Release|Any CPU.Build.0 = Release|Any CPU
		{EEC4ED1B-63DF-46A9-9AB1-A41F12338C64}.Debug|Any CPU.ActiveCfg = Debug|Any CPU
		{EEC4ED1B-63DF-46A9-9AB1-A41F12338C64}.Debug|Any CPU.Build.0 = Debug|Any CPU
		{EEC4ED1B-63DF-46A9-9AB1-A41F12338C64}.Release|Any CPU.ActiveCfg = Release|Any CPU
		{EEC4ED1B-63DF-46A9-9AB1-A41F12338C64}.Release|Any CPU.Build.0 = Release|Any CPU
		{8B87E93D-04CD-4C44-A398-F9BA3985EC7E}.Debug|Any CPU.ActiveCfg = Debug|Any CPU
		{8B87E93D-04CD-4C44-A398-F9BA3985EC7E}.Debug|Any CPU.Build.0 = Debug|Any CPU
		{8B87E93D-04CD-4C44-A398-F9BA3985EC7E}.Release|Any CPU.ActiveCfg = Release|Any CPU
		{8B87E93D-04CD-4C44-A398-F9BA3985EC7E}.Release|Any CPU.Build.0 = Release|Any CPU
		{16348C58-2E11-4002-977F-7444EEBE8343}.Debug|Any CPU.ActiveCfg = Debug|Any CPU
		{16348C58-2E11-4002-977F-7444EEBE8343}.Debug|Any CPU.Build.0 = Debug|Any CPU
		{16348C58-2E11-4002-977F-7444EEBE8343}.Release|Any CPU.ActiveCfg = Release|Any CPU
		{16348C58-2E11-4002-977F-7444EEBE8343}.Release|Any CPU.Build.0 = Release|Any CPU
		{17C8F0CD-07AD-468E-844D-F13774D910BE}.Debug|Any CPU.ActiveCfg = Debug|Any CPU
		{17C8F0CD-07AD-468E-844D-F13774D910BE}.Debug|Any CPU.Build.0 = Debug|Any CPU
		{17C8F0CD-07AD-468E-844D-F13774D910BE}.Release|Any CPU.ActiveCfg = Release|Any CPU
		{17C8F0CD-07AD-468E-844D-F13774D910BE}.Release|Any CPU.Build.0 = Release|Any CPU
		{4526B4F6-9694-404D-8BC2-796F4823BCCA}.Debug|Any CPU.ActiveCfg = Debug|Any CPU
		{4526B4F6-9694-404D-8BC2-796F4823BCCA}.Debug|Any CPU.Build.0 = Debug|Any CPU
		{4526B4F6-9694-404D-8BC2-796F4823BCCA}.Release|Any CPU.ActiveCfg = Release|Any CPU
		{4526B4F6-9694-404D-8BC2-796F4823BCCA}.Release|Any CPU.Build.0 = Release|Any CPU
		{A9695DDF-3803-4197-8ACF-0F50B64C38D7}.Debug|Any CPU.ActiveCfg = Debug|Any CPU
		{A9695DDF-3803-4197-8ACF-0F50B64C38D7}.Debug|Any CPU.Build.0 = Debug|Any CPU
		{A9695DDF-3803-4197-8ACF-0F50B64C38D7}.Release|Any CPU.ActiveCfg = Release|Any CPU
		{A9695DDF-3803-4197-8ACF-0F50B64C38D7}.Release|Any CPU.Build.0 = Release|Any CPU
		{1118DC82-BACF-4BC0-AAD5-63E860499441}.Debug|Any CPU.ActiveCfg = Debug|Any CPU
		{1118DC82-BACF-4BC0-AAD5-63E860499441}.Debug|Any CPU.Build.0 = Debug|Any CPU
		{1118DC82-BACF-4BC0-AAD5-63E860499441}.Release|Any CPU.ActiveCfg = Release|Any CPU
		{1118DC82-BACF-4BC0-AAD5-63E860499441}.Release|Any CPU.Build.0 = Release|Any CPU
		{E0A9A4EC-B816-4C6B-9DB9-07E0EEBC9475}.Debug|Any CPU.ActiveCfg = Debug|Any CPU
		{E0A9A4EC-B816-4C6B-9DB9-07E0EEBC9475}.Debug|Any CPU.Build.0 = Debug|Any CPU
		{E0A9A4EC-B816-4C6B-9DB9-07E0EEBC9475}.Release|Any CPU.ActiveCfg = Release|Any CPU
		{E0A9A4EC-B816-4C6B-9DB9-07E0EEBC9475}.Release|Any CPU.Build.0 = Release|Any CPU
		{BBCA9B72-FD26-42B1-A0B1-E4DF2AFF25A0}.Debug|Any CPU.ActiveCfg = Debug|Any CPU
		{BBCA9B72-FD26-42B1-A0B1-E4DF2AFF25A0}.Debug|Any CPU.Build.0 = Debug|Any CPU
		{BBCA9B72-FD26-42B1-A0B1-E4DF2AFF25A0}.Release|Any CPU.ActiveCfg = Release|Any CPU
		{BBCA9B72-FD26-42B1-A0B1-E4DF2AFF25A0}.Release|Any CPU.Build.0 = Release|Any CPU
		{1FD857FF-4FCC-47E9-912C-13F21BBCF13E}.Debug|Any CPU.ActiveCfg = Debug|Any CPU
		{1FD857FF-4FCC-47E9-912C-13F21BBCF13E}.Debug|Any CPU.Build.0 = Debug|Any CPU
		{1FD857FF-4FCC-47E9-912C-13F21BBCF13E}.Release|Any CPU.ActiveCfg = Release|Any CPU
		{1FD857FF-4FCC-47E9-912C-13F21BBCF13E}.Release|Any CPU.Build.0 = Release|Any CPU
		{74B00394-90F9-480D-9466-538F9286509B}.Debug|Any CPU.ActiveCfg = Debug|Any CPU
		{74B00394-90F9-480D-9466-538F9286509B}.Debug|Any CPU.Build.0 = Debug|Any CPU
		{74B00394-90F9-480D-9466-538F9286509B}.Release|Any CPU.ActiveCfg = Release|Any CPU
		{74B00394-90F9-480D-9466-538F9286509B}.Release|Any CPU.Build.0 = Release|Any CPU
		{F3A376FB-B882-454E-B1CC-02E838C6C70D}.Debug|Any CPU.ActiveCfg = Debug|Any CPU
		{F3A376FB-B882-454E-B1CC-02E838C6C70D}.Debug|Any CPU.Build.0 = Debug|Any CPU
		{F3A376FB-B882-454E-B1CC-02E838C6C70D}.Release|Any CPU.ActiveCfg = Release|Any CPU
		{F3A376FB-B882-454E-B1CC-02E838C6C70D}.Release|Any CPU.Build.0 = Release|Any CPU
		{1D4D005F-17AF-4A2C-99FE-560A19D3D3D3}.Debug|Any CPU.ActiveCfg = Debug|Any CPU
		{1D4D005F-17AF-4A2C-99FE-560A19D3D3D3}.Debug|Any CPU.Build.0 = Debug|Any CPU
		{1D4D005F-17AF-4A2C-99FE-560A19D3D3D3}.Release|Any CPU.ActiveCfg = Release|Any CPU
		{1D4D005F-17AF-4A2C-99FE-560A19D3D3D3}.Release|Any CPU.Build.0 = Release|Any CPU
		{A51D1274-E802-49D5-978E-13C10A89DF0A}.Debug|Any CPU.ActiveCfg = Debug|Any CPU
		{A51D1274-E802-49D5-978E-13C10A89DF0A}.Debug|Any CPU.Build.0 = Debug|Any CPU
		{A51D1274-E802-49D5-978E-13C10A89DF0A}.Release|Any CPU.ActiveCfg = Release|Any CPU
		{A51D1274-E802-49D5-978E-13C10A89DF0A}.Release|Any CPU.Build.0 = Release|Any CPU
		{F527AC30-D85B-4105-8063-7F5AEE6D29F1}.Debug|Any CPU.ActiveCfg = Debug|Any CPU
		{F527AC30-D85B-4105-8063-7F5AEE6D29F1}.Debug|Any CPU.Build.0 = Debug|Any CPU
		{F527AC30-D85B-4105-8063-7F5AEE6D29F1}.Release|Any CPU.ActiveCfg = Release|Any CPU
		{F527AC30-D85B-4105-8063-7F5AEE6D29F1}.Release|Any CPU.Build.0 = Release|Any CPU
		{D99A3EE3-DC45-4027-98CB-5B53D5A52B65}.Debug|Any CPU.ActiveCfg = Debug|Any CPU
		{D99A3EE3-DC45-4027-98CB-5B53D5A52B65}.Debug|Any CPU.Build.0 = Debug|Any CPU
		{D99A3EE3-DC45-4027-98CB-5B53D5A52B65}.Release|Any CPU.ActiveCfg = Release|Any CPU
		{D99A3EE3-DC45-4027-98CB-5B53D5A52B65}.Release|Any CPU.Build.0 = Release|Any CPU
		{A43F17C7-6528-44B9-A9D3-B794B1904C98}.Debug|Any CPU.ActiveCfg = Debug|Any CPU
		{A43F17C7-6528-44B9-A9D3-B794B1904C98}.Debug|Any CPU.Build.0 = Debug|Any CPU
		{A43F17C7-6528-44B9-A9D3-B794B1904C98}.Release|Any CPU.ActiveCfg = Release|Any CPU
		{A43F17C7-6528-44B9-A9D3-B794B1904C98}.Release|Any CPU.Build.0 = Release|Any CPU
		{2CDC85A1-DCB9-4AB7-A34D-3DFA82B453B5}.Debug|Any CPU.ActiveCfg = Debug|Any CPU
		{2CDC85A1-DCB9-4AB7-A34D-3DFA82B453B5}.Debug|Any CPU.Build.0 = Debug|Any CPU
		{2CDC85A1-DCB9-4AB7-A34D-3DFA82B453B5}.Release|Any CPU.ActiveCfg = Release|Any CPU
		{2CDC85A1-DCB9-4AB7-A34D-3DFA82B453B5}.Release|Any CPU.Build.0 = Release|Any CPU
		{1BE4D0EA-1CE6-4E33-909A-5219BDDE5950}.Debug|Any CPU.ActiveCfg = Debug|Any CPU
		{1BE4D0EA-1CE6-4E33-909A-5219BDDE5950}.Debug|Any CPU.Build.0 = Debug|Any CPU
		{1BE4D0EA-1CE6-4E33-909A-5219BDDE5950}.Release|Any CPU.ActiveCfg = Release|Any CPU
		{1BE4D0EA-1CE6-4E33-909A-5219BDDE5950}.Release|Any CPU.Build.0 = Release|Any CPU
		{F3BD6C2B-57B7-446E-A315-0F9E18D46C79}.Debug|Any CPU.ActiveCfg = Debug|Any CPU
		{F3BD6C2B-57B7-446E-A315-0F9E18D46C79}.Debug|Any CPU.Build.0 = Debug|Any CPU
		{F3BD6C2B-57B7-446E-A315-0F9E18D46C79}.Release|Any CPU.ActiveCfg = Release|Any CPU
		{F3BD6C2B-57B7-446E-A315-0F9E18D46C79}.Release|Any CPU.Build.0 = Release|Any CPU
		{5DE6CE7C-66F2-4969-B984-D5BBAA655D7E}.Debug|Any CPU.ActiveCfg = Debug|Any CPU
		{5DE6CE7C-66F2-4969-B984-D5BBAA655D7E}.Debug|Any CPU.Build.0 = Debug|Any CPU
		{5DE6CE7C-66F2-4969-B984-D5BBAA655D7E}.Release|Any CPU.ActiveCfg = Release|Any CPU
		{5DE6CE7C-66F2-4969-B984-D5BBAA655D7E}.Release|Any CPU.Build.0 = Release|Any CPU
		{8623950E-7657-4A38-B655-7453E37C8035}.Debug|Any CPU.ActiveCfg = Debug|Any CPU
		{8623950E-7657-4A38-B655-7453E37C8035}.Debug|Any CPU.Build.0 = Debug|Any CPU
		{8623950E-7657-4A38-B655-7453E37C8035}.Release|Any CPU.ActiveCfg = Release|Any CPU
		{8623950E-7657-4A38-B655-7453E37C8035}.Release|Any CPU.Build.0 = Release|Any CPU
		{02479A3D-6F57-4F2F-97FD-54ED72CB64BB}.Debug|Any CPU.ActiveCfg = Debug|Any CPU
		{02479A3D-6F57-4F2F-97FD-54ED72CB64BB}.Debug|Any CPU.Build.0 = Debug|Any CPU
		{02479A3D-6F57-4F2F-97FD-54ED72CB64BB}.Release|Any CPU.ActiveCfg = Release|Any CPU
		{02479A3D-6F57-4F2F-97FD-54ED72CB64BB}.Release|Any CPU.Build.0 = Release|Any CPU
		{5BCC441E-ECBE-40C5-AF1A-7ACF1FED634F}.Debug|Any CPU.ActiveCfg = Debug|Any CPU
		{5BCC441E-ECBE-40C5-AF1A-7ACF1FED634F}.Debug|Any CPU.Build.0 = Debug|Any CPU
		{5BCC441E-ECBE-40C5-AF1A-7ACF1FED634F}.Release|Any CPU.ActiveCfg = Release|Any CPU
		{5BCC441E-ECBE-40C5-AF1A-7ACF1FED634F}.Release|Any CPU.Build.0 = Release|Any CPU
		{8D33E10D-B7DC-4D8F-95DE-492BEBE85846}.Debug|Any CPU.ActiveCfg = Debug|Any CPU
		{8D33E10D-B7DC-4D8F-95DE-492BEBE85846}.Debug|Any CPU.Build.0 = Debug|Any CPU
		{8D33E10D-B7DC-4D8F-95DE-492BEBE85846}.Release|Any CPU.ActiveCfg = Release|Any CPU
		{8D33E10D-B7DC-4D8F-95DE-492BEBE85846}.Release|Any CPU.Build.0 = Release|Any CPU
		{6D09DE65-6DAE-447D-8B0D-DE05CE646471}.Debug|Any CPU.ActiveCfg = Debug|Any CPU
		{6D09DE65-6DAE-447D-8B0D-DE05CE646471}.Debug|Any CPU.Build.0 = Debug|Any CPU
		{6D09DE65-6DAE-447D-8B0D-DE05CE646471}.Release|Any CPU.ActiveCfg = Release|Any CPU
		{6D09DE65-6DAE-447D-8B0D-DE05CE646471}.Release|Any CPU.Build.0 = Release|Any CPU
		{A6572924-087F-4EDA-A514-EFAFEA078629}.Debug|Any CPU.ActiveCfg = Debug|Any CPU
		{A6572924-087F-4EDA-A514-EFAFEA078629}.Debug|Any CPU.Build.0 = Debug|Any CPU
		{A6572924-087F-4EDA-A514-EFAFEA078629}.Release|Any CPU.ActiveCfg = Release|Any CPU
		{A6572924-087F-4EDA-A514-EFAFEA078629}.Release|Any CPU.Build.0 = Release|Any CPU
		{F23C213A-E1D6-445A-984E-5A51FDEA2E11}.Debug|Any CPU.ActiveCfg = Debug|Any CPU
		{F23C213A-E1D6-445A-984E-5A51FDEA2E11}.Debug|Any CPU.Build.0 = Debug|Any CPU
		{F23C213A-E1D6-445A-984E-5A51FDEA2E11}.Release|Any CPU.ActiveCfg = Release|Any CPU
		{F23C213A-E1D6-445A-984E-5A51FDEA2E11}.Release|Any CPU.Build.0 = Release|Any CPU
		{6CD02922-76BF-4470-B876-361AECAB6C5F}.Debug|Any CPU.ActiveCfg = Debug|Any CPU
		{6CD02922-76BF-4470-B876-361AECAB6C5F}.Debug|Any CPU.Build.0 = Debug|Any CPU
		{6CD02922-76BF-4470-B876-361AECAB6C5F}.Release|Any CPU.ActiveCfg = Release|Any CPU
		{6CD02922-76BF-4470-B876-361AECAB6C5F}.Release|Any CPU.Build.0 = Release|Any CPU
		{01EF44C1-B9AC-4FD9-A769-52757C91656A}.Debug|Any CPU.ActiveCfg = Debug|Any CPU
		{01EF44C1-B9AC-4FD9-A769-52757C91656A}.Debug|Any CPU.Build.0 = Debug|Any CPU
		{01EF44C1-B9AC-4FD9-A769-52757C91656A}.Release|Any CPU.ActiveCfg = Release|Any CPU
		{01EF44C1-B9AC-4FD9-A769-52757C91656A}.Release|Any CPU.Build.0 = Release|Any CPU
		{66F0449E-4ADA-48CA-91B0-387AAAD04254}.Debug|Any CPU.ActiveCfg = Debug|Any CPU
		{66F0449E-4ADA-48CA-91B0-387AAAD04254}.Debug|Any CPU.Build.0 = Debug|Any CPU
		{66F0449E-4ADA-48CA-91B0-387AAAD04254}.Release|Any CPU.ActiveCfg = Release|Any CPU
		{66F0449E-4ADA-48CA-91B0-387AAAD04254}.Release|Any CPU.Build.0 = Release|Any CPU
		{177D5A57-B2AC-48D3-AFFA-7A590C25A668}.Debug|Any CPU.ActiveCfg = Debug|Any CPU
		{177D5A57-B2AC-48D3-AFFA-7A590C25A668}.Debug|Any CPU.Build.0 = Debug|Any CPU
		{177D5A57-B2AC-48D3-AFFA-7A590C25A668}.Release|Any CPU.ActiveCfg = Release|Any CPU
		{177D5A57-B2AC-48D3-AFFA-7A590C25A668}.Release|Any CPU.Build.0 = Release|Any CPU
		{0DF3A105-D8F3-4661-8116-BC582210FAD3}.Debug|Any CPU.ActiveCfg = Debug|Any CPU
		{0DF3A105-D8F3-4661-8116-BC582210FAD3}.Debug|Any CPU.Build.0 = Debug|Any CPU
		{0DF3A105-D8F3-4661-8116-BC582210FAD3}.Release|Any CPU.ActiveCfg = Release|Any CPU
		{0DF3A105-D8F3-4661-8116-BC582210FAD3}.Release|Any CPU.Build.0 = Release|Any CPU
		{5AB3B46E-6100-438F-8EA4-A5562D241720}.Debug|Any CPU.ActiveCfg = Debug|Any CPU
		{5AB3B46E-6100-438F-8EA4-A5562D241720}.Debug|Any CPU.Build.0 = Debug|Any CPU
		{5AB3B46E-6100-438F-8EA4-A5562D241720}.Release|Any CPU.ActiveCfg = Release|Any CPU
		{5AB3B46E-6100-438F-8EA4-A5562D241720}.Release|Any CPU.Build.0 = Release|Any CPU
		{884F7C39-0426-4935-8B05-B52490199DFF}.Debug|Any CPU.ActiveCfg = Debug|Any CPU
		{884F7C39-0426-4935-8B05-B52490199DFF}.Debug|Any CPU.Build.0 = Debug|Any CPU
		{884F7C39-0426-4935-8B05-B52490199DFF}.Release|Any CPU.ActiveCfg = Release|Any CPU
		{884F7C39-0426-4935-8B05-B52490199DFF}.Release|Any CPU.Build.0 = Release|Any CPU
		{93941B2A-A8CA-4522-872E-D8B18F269367}.Debug|Any CPU.ActiveCfg = Debug|Any CPU
		{93941B2A-A8CA-4522-872E-D8B18F269367}.Debug|Any CPU.Build.0 = Debug|Any CPU
		{93941B2A-A8CA-4522-872E-D8B18F269367}.Release|Any CPU.ActiveCfg = Release|Any CPU
		{93941B2A-A8CA-4522-872E-D8B18F269367}.Release|Any CPU.Build.0 = Release|Any CPU
		{4BF02610-8D06-4DF7-8D4D-245834483833}.Debug|Any CPU.ActiveCfg = Debug|Any CPU
		{4BF02610-8D06-4DF7-8D4D-245834483833}.Debug|Any CPU.Build.0 = Debug|Any CPU
		{4BF02610-8D06-4DF7-8D4D-245834483833}.Release|Any CPU.ActiveCfg = Release|Any CPU
		{4BF02610-8D06-4DF7-8D4D-245834483833}.Release|Any CPU.Build.0 = Release|Any CPU
		{2732F882-0185-4A78-9F37-63BF3BE72B62}.Debug|Any CPU.ActiveCfg = Debug|Any CPU
		{2732F882-0185-4A78-9F37-63BF3BE72B62}.Debug|Any CPU.Build.0 = Debug|Any CPU
		{2732F882-0185-4A78-9F37-63BF3BE72B62}.Release|Any CPU.ActiveCfg = Release|Any CPU
		{2732F882-0185-4A78-9F37-63BF3BE72B62}.Release|Any CPU.Build.0 = Release|Any CPU
		{FD369B50-A8A7-483B-8E03-45DFDFC10A2E}.Debug|Any CPU.ActiveCfg = Debug|Any CPU
		{FD369B50-A8A7-483B-8E03-45DFDFC10A2E}.Debug|Any CPU.Build.0 = Debug|Any CPU
		{FD369B50-A8A7-483B-8E03-45DFDFC10A2E}.Release|Any CPU.ActiveCfg = Release|Any CPU
		{FD369B50-A8A7-483B-8E03-45DFDFC10A2E}.Release|Any CPU.Build.0 = Release|Any CPU
		{3799F041-279B-4587-8040-2C09CBCC71E3}.Debug|Any CPU.ActiveCfg = Debug|Any CPU
		{3799F041-279B-4587-8040-2C09CBCC71E3}.Debug|Any CPU.Build.0 = Debug|Any CPU
		{3799F041-279B-4587-8040-2C09CBCC71E3}.Release|Any CPU.ActiveCfg = Release|Any CPU
		{3799F041-279B-4587-8040-2C09CBCC71E3}.Release|Any CPU.Build.0 = Release|Any CPU
	EndGlobalSection
	GlobalSection(SolutionProperties) = preSolution
		HideSolutionNode = FALSE
	EndGlobalSection
	GlobalSection(NestedProjects) = preSolution
		{C7F2CFDB-D9A6-4815-8CAE-C410D34409D7} = {CD32A0BF-4C94-4446-A210-491B8C0F02DE}
		{87C4369B-AB1E-444C-A6DA-433DD3812B03} = {CD32A0BF-4C94-4446-A210-491B8C0F02DE}
		{62E68066-4A3A-44A7-876A-968F67A083DF} = {87C4369B-AB1E-444C-A6DA-433DD3812B03}
		{5E9B3D3B-D1C8-4F04-BF47-622D4051EA6E} = {CD32A0BF-4C94-4446-A210-491B8C0F02DE}
		{983010EF-4855-4838-8E9C-222F99B83A8F} = {87C4369B-AB1E-444C-A6DA-433DD3812B03}
		{C8E4CC8D-313F-40B5-A3B8-398FE736A91A} = {1557CFCA-C28C-46C4-B864-689E4F71E61E}
		{C7217580-821E-4192-B4B7-73F490CBA012} = {DBF877B3-0C19-4661-8F74-8A749A5D7E0E}
		{EC80B1B7-7B18-4E44-B3D5-6F84DBB98BDB} = {DBF877B3-0C19-4661-8F74-8A749A5D7E0E}
		{2C49A1EC-622E-4D89-B190-B9285C778F57} = {EC80B1B7-7B18-4E44-B3D5-6F84DBB98BDB}
		{4C77AAD7-529D-42AA-87F5-029F168C4C72} = {1557CFCA-C28C-46C4-B864-689E4F71E61E}
		{52FF07E0-F421-4DEE-AC63-17C78901008D} = {4C77AAD7-529D-42AA-87F5-029F168C4C72}
		{865EB7A8-3544-4744-8FF3-E89E6D2AB843} = {1557CFCA-C28C-46C4-B864-689E4F71E61E}
		{37149F0C-CCC8-4CCA-A416-1EA48B6EEC8F} = {4C77AAD7-529D-42AA-87F5-029F168C4C72}
		{E2244D68-EECB-4C3A-9ABE-0940D1DCEF3C} = {83281E75-3051-4953-B273-B4F7C737D0C2}
		{8080E514-DF5F-4201-A0E9-56B25ADD5C1C} = {83281E75-3051-4953-B273-B4F7C737D0C2}
		{BB4D50E1-C6CD-4CD2-A54C-CA0B44289D1B} = {83281E75-3051-4953-B273-B4F7C737D0C2}
		{94EAFD7B-A34F-4FBB-BF80-35368701EAEF} = {E2244D68-EECB-4C3A-9ABE-0940D1DCEF3C}
		{F210725E-1F38-4484-9CC9-E1A7DC2A3BF7} = {E2244D68-EECB-4C3A-9ABE-0940D1DCEF3C}
		{4615D7CB-BD67-4D55-8217-9AB0F4153B4B} = {E2244D68-EECB-4C3A-9ABE-0940D1DCEF3C}
		{456C0705-468A-44E8-9F4C-972DD59E385A} = {E2244D68-EECB-4C3A-9ABE-0940D1DCEF3C}
		{1F1C0265-5F7D-4864-87E7-4891F52DDFC3} = {67A77761-D794-43DA-909F-18DFF880CC96}
		{5104C2D0-FF79-4319-9884-16CA3F27796C} = {67A77761-D794-43DA-909F-18DFF880CC96}
		{B99755BC-5F4D-4E2D-BFC1-9D07BAF3DD12} = {67A77761-D794-43DA-909F-18DFF880CC96}
		{E3340B1A-F5AC-4C24-9A4C-720ED43F946F} = {B99755BC-5F4D-4E2D-BFC1-9D07BAF3DD12}
		{F0D00AD4-AE9B-43F5-B20B-016EEC71CB62} = {B99755BC-5F4D-4E2D-BFC1-9D07BAF3DD12}
		{653F1E74-7B92-47EE-9946-184E8AB6F45E} = {59625EE0-9DE1-4829-8564-CBFD5D9B343C}
		{C8957763-8218-426B-A4B2-10185183D6B5} = {59625EE0-9DE1-4829-8564-CBFD5D9B343C}
		{A8035B52-45BC-401D-9098-3A324FAB52D8} = {59625EE0-9DE1-4829-8564-CBFD5D9B343C}
		{1371BC50-3C77-4286-AFEE-FEC3D15A9EFE} = {653F1E74-7B92-47EE-9946-184E8AB6F45E}
		{A819EEA4-B38A-48AB-8076-44342DF909A1} = {653F1E74-7B92-47EE-9946-184E8AB6F45E}
		{161FC2A1-D2F7-4EBB-A944-390CDA476701} = {242CA759-F458-488F-BCD6-9877E9FBF333}
		{4149FED7-DC00-4133-89CC-930CB7FFB647} = {242CA759-F458-488F-BCD6-9877E9FBF333}
		{90E17E22-0FCD-46BC-A76E-99D3033A53AB} = {242CA759-F458-488F-BCD6-9877E9FBF333}
		{3D180DE0-1332-4552-95F7-81A2FE7D9307} = {161FC2A1-D2F7-4EBB-A944-390CDA476701}
		{C246D034-D084-4977-AB34-92FD7F8C7118} = {161FC2A1-D2F7-4EBB-A944-390CDA476701}
		{4C8ECB1F-A469-4A34-9029-9DB343AC95C6} = {384B2933-A0A7-4E05-B502-1B167F28E3C7}
		{C9DCE5DE-9EA9-44E6-A981-5CC9643D72BC} = {384B2933-A0A7-4E05-B502-1B167F28E3C7}
		{02FCB1F7-CF97-438F-9F99-731E6B1F5503} = {384B2933-A0A7-4E05-B502-1B167F28E3C7}
		{9789EBB0-21B6-4AC9-B076-B3C729ADA5FB} = {4C8ECB1F-A469-4A34-9029-9DB343AC95C6}
		{7070BF58-804D-490F-885F-1E1E764E3D2E} = {4C8ECB1F-A469-4A34-9029-9DB343AC95C6}
		{F4C1F622-D68E-4E39-9CAB-DDFC4514C3E5} = {40F870DE-B080-45B3-AA54-0AC005349881}
		{C5F92EAD-0326-4D61-BE94-289501861E82} = {40F870DE-B080-45B3-AA54-0AC005349881}
		{66A57725-EB0A-4E83-8AC0-49A4F0B13B29} = {40F870DE-B080-45B3-AA54-0AC005349881}
		{2F6C67BC-7FB6-4027-A30F-66C501504AC2} = {F4C1F622-D68E-4E39-9CAB-DDFC4514C3E5}
		{1789CBEA-9661-4242-A1E1-F626654CE687} = {F4C1F622-D68E-4E39-9CAB-DDFC4514C3E5}
		{23107AE7-B188-4621-B85F-9F83F8F2AC25} = {637A92FC-6109-454D-A659-3F026C94ADB1}
		{3134D3A3-DBAB-44A5-954B-AA3316A9D175} = {23107AE7-B188-4621-B85F-9F83F8F2AC25}
		{E170EAC0-EF15-418C-8872-A4A5740CD16F} = {23107AE7-B188-4621-B85F-9F83F8F2AC25}
		{7D37BA6C-78A2-4665-A201-2280141005E4} = {637A92FC-6109-454D-A659-3F026C94ADB1}
		{AAB2293B-00FF-42A1-B3BC-BFEBA1D3B52F} = {637A92FC-6109-454D-A659-3F026C94ADB1}
		{3BC95F86-5A8A-49DC-A186-B8E7FFFC5085} = {B0C09DF7-B0D2-4C61-875F-41E69F43FE6F}
		{F88A2E2B-4AC6-42E5-BCB8-575F337BB5F1} = {B0C09DF7-B0D2-4C61-875F-41E69F43FE6F}
		{A29B0D72-1B59-4F00-82DC-633985C24083} = {B0C09DF7-B0D2-4C61-875F-41E69F43FE6F}
		{CA6F491A-20EE-494A-A416-F1C9DAA1DB07} = {A29B0D72-1B59-4F00-82DC-633985C24083}
		{CF134221-BB2B-45D7-8D25-94E7E2EF0F81} = {A29B0D72-1B59-4F00-82DC-633985C24083}
		{016C3DF6-6081-4C3F-8DD2-A07FC5F2BA7B} = {51ACD31C-1A17-4401-A48B-D355873D5F39}
		{928E7C88-17B4-43CC-98C1-B4AB58C8784F} = {51ACD31C-1A17-4401-A48B-D355873D5F39}
		{DA4344E9-5130-4C43-B1DC-ADF60A14CE11} = {51ACD31C-1A17-4401-A48B-D355873D5F39}
		{B1505786-67D4-49F7-8BD2-32970EFA5220} = {DA4344E9-5130-4C43-B1DC-ADF60A14CE11}
		{40E66758-AA64-4939-9DF8-FEC692A27671} = {2FD6FC31-7C24-4809-8C23-CFB5B629ADF8}
		{8843B30A-F1ED-4FBA-9C65-793C25FB8AEB} = {40E66758-AA64-4939-9DF8-FEC692A27671}
		{3F3967D5-DEB9-42C2-AC13-46C22B796B76} = {40E66758-AA64-4939-9DF8-FEC692A27671}
		{3079CBF5-E4E4-44FD-9F2D-C8E04DF521B5} = {2FD6FC31-7C24-4809-8C23-CFB5B629ADF8}
		{BBE42F02-342A-435A-9FF8-5D3D610D5E19} = {2FD6FC31-7C24-4809-8C23-CFB5B629ADF8}
		{21C69699-9BAD-4C6D-B64C-648F93ACF89E} = {DA4344E9-5130-4C43-B1DC-ADF60A14CE11}
		{3451B868-0638-4000-B327-2EB01C41B8DF} = {DE80FD54-26F0-452E-8534-25F6021046B3}
		{46CC6615-1A50-4963-B694-350242631993} = {DE80FD54-26F0-452E-8534-25F6021046B3}
		{CE6346A3-2D3A-4180-93BD-6E296BB287C3} = {DE80FD54-26F0-452E-8534-25F6021046B3}
		{7C574421-9068-49BF-964F-B25BCE303151} = {3451B868-0638-4000-B327-2EB01C41B8DF}
		{2A555C85-CB05-4333-9EBA-49D1E1A8EEC3} = {3451B868-0638-4000-B327-2EB01C41B8DF}
		{3C3F421D-8EE6-40A7-99F0-B069B85A49ED} = {DA4344E9-5130-4C43-B1DC-ADF60A14CE11}
		{1DD62DFC-FB80-4E47-90E1-3C0F1DBF614A} = {51AD9868-80F1-4ABD-8F46-9F866681AE08}
		{27CA3EA8-9E44-43AD-B58B-394D258B5E51} = {51AD9868-80F1-4ABD-8F46-9F866681AE08}
		{21E57CDD-B7CD-4172-A4C0-474AACF0D4EA} = {51AD9868-80F1-4ABD-8F46-9F866681AE08}
		{37CC0129-16A0-4B6A-89A5-A8D3F633D627} = {1DD62DFC-FB80-4E47-90E1-3C0F1DBF614A}
		{29743536-0DFC-4254-9896-6C29001ECEE8} = {1DD62DFC-FB80-4E47-90E1-3C0F1DBF614A}
		{91912579-AF79-4333-B630-152F66DBF482} = {DF0A7DE2-749D-4454-91E6-8724ECC7633A}
		{F1FAF68B-9372-4D7B-B6BD-6FD5FCBB9628} = {DF0A7DE2-749D-4454-91E6-8724ECC7633A}
		{F2933D00-4673-4119-82DF-545BF4AC29A3} = {DF0A7DE2-749D-4454-91E6-8724ECC7633A}
		{EEC4ED1B-63DF-46A9-9AB1-A41F12338C64} = {91912579-AF79-4333-B630-152F66DBF482}
		{8B87E93D-04CD-4C44-A398-F9BA3985EC7E} = {91912579-AF79-4333-B630-152F66DBF482}
		{16348C58-2E11-4002-977F-7444EEBE8343} = {91912579-AF79-4333-B630-152F66DBF482}
		{17C8F0CD-07AD-468E-844D-F13774D910BE} = {DF0A7DE2-749D-4454-91E6-8724ECC7633A}
		{4526B4F6-9694-404D-8BC2-796F4823BCCA} = {DF0A7DE2-749D-4454-91E6-8724ECC7633A}
		{A9695DDF-3803-4197-8ACF-0F50B64C38D7} = {91912579-AF79-4333-B630-152F66DBF482}
		{1118DC82-BACF-4BC0-AAD5-63E860499441} = {F403579E-BDA6-4C22-BD54-92EBB388B3DA}
		{F920DF88-71AA-4B18-8050-4564D63EB35C} = {F403579E-BDA6-4C22-BD54-92EBB388B3DA}
		{E0A9A4EC-B816-4C6B-9DB9-07E0EEBC9475} = {F403579E-BDA6-4C22-BD54-92EBB388B3DA}
		{BBCA9B72-FD26-42B1-A0B1-E4DF2AFF25A0} = {F920DF88-71AA-4B18-8050-4564D63EB35C}
		{1FD857FF-4FCC-47E9-912C-13F21BBCF13E} = {F920DF88-71AA-4B18-8050-4564D63EB35C}
		{74B00394-90F9-480D-9466-538F9286509B} = {EEE7D13D-668C-4E57-9BED-53D55809B04C}
		{F3A376FB-B882-454E-B1CC-02E838C6C70D} = {EEE7D13D-668C-4E57-9BED-53D55809B04C}
		{1D4D005F-17AF-4A2C-99FE-560A19D3D3D3} = {97EA4552-B003-477C-A1E1-C36A98B028A4}
		{A51D1274-E802-49D5-978E-13C10A89DF0A} = {97EA4552-B003-477C-A1E1-C36A98B028A4}
		{97EA4552-B003-477C-A1E1-C36A98B028A4} = {EEE7D13D-668C-4E57-9BED-53D55809B04C}
		{B79329D3-8A8E-4E50-A10B-1B0A45B5F606} = {7C6D251A-241D-43B9-8A47-F13286D8CCC2}
		{F527AC30-D85B-4105-8063-7F5AEE6D29F1} = {7C6D251A-241D-43B9-8A47-F13286D8CCC2}
		{D99A3EE3-DC45-4027-98CB-5B53D5A52B65} = {B79329D3-8A8E-4E50-A10B-1B0A45B5F606}
		{A43F17C7-6528-44B9-A9D3-B794B1904C98} = {7C6D251A-241D-43B9-8A47-F13286D8CCC2}
		{2CDC85A1-DCB9-4AB7-A34D-3DFA82B453B5} = {B79329D3-8A8E-4E50-A10B-1B0A45B5F606}
		{1BE4D0EA-1CE6-4E33-909A-5219BDDE5950} = {1ECB4526-CFE2-433B-B658-1D7875A805DA}
		{F3BD6C2B-57B7-446E-A315-0F9E18D46C79} = {1ECB4526-CFE2-433B-B658-1D7875A805DA}
		{F6C1E39E-9A85-4CAA-8847-E50E44FCAC83} = {1ECB4526-CFE2-433B-B658-1D7875A805DA}
		{5DE6CE7C-66F2-4969-B984-D5BBAA655D7E} = {F6C1E39E-9A85-4CAA-8847-E50E44FCAC83}
		{8623950E-7657-4A38-B655-7453E37C8035} = {F6C1E39E-9A85-4CAA-8847-E50E44FCAC83}
		{02479A3D-6F57-4F2F-97FD-54ED72CB64BB} = {242CDD69-8C61-41AF-B8D0-09AC6A7A88F2}
		{5BCC441E-ECBE-40C5-AF1A-7ACF1FED634F} = {242CDD69-8C61-41AF-B8D0-09AC6A7A88F2}
		{8D33E10D-B7DC-4D8F-95DE-492BEBE85846} = {5C6990DD-273D-48F2-8EF3-AFB443BD39E1}
		{6D09DE65-6DAE-447D-8B0D-DE05CE646471} = {5C6990DD-273D-48F2-8EF3-AFB443BD39E1}
		{5C6990DD-273D-48F2-8EF3-AFB443BD39E1} = {242CDD69-8C61-41AF-B8D0-09AC6A7A88F2}
		{A6572924-087F-4EDA-A514-EFAFEA078629} = {5C6990DD-273D-48F2-8EF3-AFB443BD39E1}
		{CFF1CDF4-2F74-438E-BDC6-CF1319A4E063} = {A2389EAB-E5CF-4D5A-9521-FA93A7A23187}
		{F23C213A-E1D6-445A-984E-5A51FDEA2E11} = {A2389EAB-E5CF-4D5A-9521-FA93A7A23187}
		{6CD02922-76BF-4470-B876-361AECAB6C5F} = {A2389EAB-E5CF-4D5A-9521-FA93A7A23187}
		{01EF44C1-B9AC-4FD9-A769-52757C91656A} = {CFF1CDF4-2F74-438E-BDC6-CF1319A4E063}
		{66F0449E-4ADA-48CA-91B0-387AAAD04254} = {CFF1CDF4-2F74-438E-BDC6-CF1319A4E063}
		{41E67F06-FE99-43E7-841B-EC857DCF9B93} = {1C4DB431-99AC-4EB3-816C-931F5BC9F43D}
		{177D5A57-B2AC-48D3-AFFA-7A590C25A668} = {41E67F06-FE99-43E7-841B-EC857DCF9B93}
		{0DF3A105-D8F3-4661-8116-BC582210FAD3} = {41E67F06-FE99-43E7-841B-EC857DCF9B93}
		{5AB3B46E-6100-438F-8EA4-A5562D241720} = {1C4DB431-99AC-4EB3-816C-931F5BC9F43D}
		{884F7C39-0426-4935-8B05-B52490199DFF} = {1C4DB431-99AC-4EB3-816C-931F5BC9F43D}
		{93941B2A-A8CA-4522-872E-D8B18F269367} = {EE0283A3-AF30-4034-80BB-1AD5EF241B46}
		{C3539A14-04B7-4811-B58E-34549BF357FF} = {EE0283A3-AF30-4034-80BB-1AD5EF241B46}
		{4BF02610-8D06-4DF7-8D4D-245834483833} = {C3539A14-04B7-4811-B58E-34549BF357FF}
		{2732F882-0185-4A78-9F37-63BF3BE72B62} = {C3539A14-04B7-4811-B58E-34549BF357FF}
		{FD369B50-A8A7-483B-8E03-45DFDFC10A2E} = {161FC2A1-D2F7-4EBB-A944-390CDA476701}
		{3799F041-279B-4587-8040-2C09CBCC71E3} = {EE0283A3-AF30-4034-80BB-1AD5EF241B46}
	EndGlobalSection
	GlobalSection(ExtensibilityGlobals) = postSolution
		SolutionGuid = {EE867EC1-D288-4230-BABC-B71825068BA0}
	EndGlobalSection
EndGlobal
