
Microsoft Visual Studio Solution File, Format Version 12.00
# Visual Studio Version 17
VisualStudioVersion = 17.3.32804.467
MinimumVisualStudioVersion = 10.0.40219.1
Project("{2150E333-8FDC-42A3-9474-1A3956D46DE8}") = "Tests", "Tests", "{BABD2C9B-36F1-4593-9E43-0B16E8106D87}"
EndProject
Project("{9A19103F-16F7-4668-BE54-9A1E7A4F7556}") = "SFA.DAS.RoatpProviderModeration.Application", "SFA.DAS.RoatpProviderModeration.Application\SFA.DAS.RoatpProviderModeration.Application.csproj", "{EDE5A818-6EFE-47A6-A4A8-A3E1F3298731}"
EndProject
Project("{9A19103F-16F7-4668-BE54-9A1E7A4F7556}") = "SFA.DAS.RoatpProviderModeration.Api", "SFA.DAS.RoatpProviderModeration.Api\SFA.DAS.RoatpProviderModeration.Api.csproj", "{7F006F84-712D-4C4B-B3B1-C46FFEF2A6BF}"
EndProject
Project("{9A19103F-16F7-4668-BE54-9A1E7A4F7556}") = "SFA.DAS.RoatpProviderModeration.Api.UnitTests", "SFA.DAS.RoatpProviderModeration.Api.UnitTests\SFA.DAS.RoatpProviderModeration.Api.UnitTests.csproj", "{6C79A8BB-B850-46EA-A1CF-E9828A3D4B89}"
EndProject
Project("{9A19103F-16F7-4668-BE54-9A1E7A4F7556}") = "SFA.DAS.RoatpProviderModeration.Application.UnitTests", "SFA.DAS.RoatpProviderModeration.Application.UnitTests\SFA.DAS.RoatpProviderModeration.Application.UnitTests.csproj", "{40C5FD23-24BF-4476-BC76-E2EA2233F56A}"
EndProject
Global
	GlobalSection(SolutionConfigurationPlatforms) = preSolution
		Debug|Any CPU = Debug|Any CPU
		Release|Any CPU = Release|Any CPU
	EndGlobalSection
	GlobalSection(ProjectConfigurationPlatforms) = postSolution
		{EDE5A818-6EFE-47A6-A4A8-A3E1F3298731}.Debug|Any CPU.ActiveCfg = Debug|Any CPU
		{EDE5A818-6EFE-47A6-A4A8-A3E1F3298731}.Debug|Any CPU.Build.0 = Debug|Any CPU
		{EDE5A818-6EFE-47A6-A4A8-A3E1F3298731}.Release|Any CPU.ActiveCfg = Release|Any CPU
		{EDE5A818-6EFE-47A6-A4A8-A3E1F3298731}.Release|Any CPU.Build.0 = Release|Any CPU
		{7F006F84-712D-4C4B-B3B1-C46FFEF2A6BF}.Debug|Any CPU.ActiveCfg = Debug|Any CPU
		{7F006F84-712D-4C4B-B3B1-C46FFEF2A6BF}.Debug|Any CPU.Build.0 = Debug|Any CPU
		{7F006F84-712D-4C4B-B3B1-C46FFEF2A6BF}.Release|Any CPU.ActiveCfg = Release|Any CPU
		{7F006F84-712D-4C4B-B3B1-C46FFEF2A6BF}.Release|Any CPU.Build.0 = Release|Any CPU
		{6C79A8BB-B850-46EA-A1CF-E9828A3D4B89}.Debug|Any CPU.ActiveCfg = Debug|Any CPU
		{6C79A8BB-B850-46EA-A1CF-E9828A3D4B89}.Debug|Any CPU.Build.0 = Debug|Any CPU
		{6C79A8BB-B850-46EA-A1CF-E9828A3D4B89}.Release|Any CPU.ActiveCfg = Release|Any CPU
		{6C79A8BB-B850-46EA-A1CF-E9828A3D4B89}.Release|Any CPU.Build.0 = Release|Any CPU
		{40C5FD23-24BF-4476-BC76-E2EA2233F56A}.Debug|Any CPU.ActiveCfg = Debug|Any CPU
		{40C5FD23-24BF-4476-BC76-E2EA2233F56A}.Debug|Any CPU.Build.0 = Debug|Any CPU
		{40C5FD23-24BF-4476-BC76-E2EA2233F56A}.Release|Any CPU.ActiveCfg = Release|Any CPU
		{40C5FD23-24BF-4476-BC76-E2EA2233F56A}.Release|Any CPU.Build.0 = Release|Any CPU
	EndGlobalSection
	GlobalSection(SolutionProperties) = preSolution
		HideSolutionNode = FALSE
	EndGlobalSection
	GlobalSection(NestedProjects) = preSolution
		{6C79A8BB-B850-46EA-A1CF-E9828A3D4B89} = {BABD2C9B-36F1-4593-9E43-0B16E8106D87}
		{40C5FD23-24BF-4476-BC76-E2EA2233F56A} = {BABD2C9B-36F1-4593-9E43-0B16E8106D87}
	EndGlobalSection
	GlobalSection(ExtensibilityGlobals) = postSolution
		SolutionGuid = {3B9A2754-0EE1-4B57-84D3-D6C5E607EA04}
	EndGlobalSection
EndGlobal
