
Microsoft Visual Studio Solution File, Format Version 12.00
# Visual Studio Version 17
VisualStudioVersion = 17.1.32414.318
MinimumVisualStudioVersion = 10.0.40219.1
Project("{9A19103F-16F7-4668-BE54-9A1E7A4F7556}") = "SFA.DAS.SharedOuterApi", "..\Shared\SFA.DAS.SharedOuterApi\SFA.DAS.SharedOuterApi.csproj", "{18520D1E-A6F1-4457-8D00-7A7AC05E32E9}"
EndProject
Project("{9A19103F-16F7-4668-BE54-9A1E7A4F7556}") = "SFA.DAS.Recruit", "SFA.DAS.Recruit\SFA.DAS.Recruit.csproj", "{DE520B82-2756-4E6C-98AB-0F838F1F51EC}"
EndProject
Project("{9A19103F-16F7-4668-BE54-9A1E7A4F7556}") = "SFA.DAS.Recruit.Api", "SFA.DAS.Recruit.Api\SFA.DAS.Recruit.Api.csproj", "{09620B10-B3BB-4CBC-B112-ECCA9F1CDE5C}"
EndProject
Project("{9A19103F-16F7-4668-BE54-9A1E7A4F7556}") = "SFA.DAS.Recruit.Api.UnitTests", "SFA.DAS.Recruit.Api.UnitTests\SFA.DAS.Recruit.Api.UnitTests.csproj", "{FC6E2BC4-ACCA-4ED3-A719-4F9B8D0F1CDE}"
EndProject
Project("{9A19103F-16F7-4668-BE54-9A1E7A4F7556}") = "SFA.DAS.Recruit.UnitTests", "SFA.DAS.Recruit.UnitTests\SFA.DAS.Recruit.UnitTests.csproj", "{D5D4AB58-5E91-42DF-ABFF-E03BCDCD83DB}"
EndProject
Project("{9A19103F-16F7-4668-BE54-9A1E7A4F7556}") = "SFA.DAS.SharedOuterApi.UnitTests", "..\Shared\SFA.DAS.SharedOuterApi.UnitTests\SFA.DAS.SharedOuterApi.UnitTests.csproj", "{41D340D7-A7E7-4430-B7F3-C5C1A90DD113}"
EndProject
Global
	GlobalSection(SolutionConfigurationPlatforms) = preSolution
		Debug|Any CPU = Debug|Any CPU
		Release|Any CPU = Release|Any CPU
	EndGlobalSection
	GlobalSection(ProjectConfigurationPlatforms) = postSolution
		{18520D1E-A6F1-4457-8D00-7A7AC05E32E9}.Debug|Any CPU.ActiveCfg = Debug|Any CPU
		{18520D1E-A6F1-4457-8D00-7A7AC05E32E9}.Debug|Any CPU.Build.0 = Debug|Any CPU
		{18520D1E-A6F1-4457-8D00-7A7AC05E32E9}.Release|Any CPU.ActiveCfg = Release|Any CPU
		{18520D1E-A6F1-4457-8D00-7A7AC05E32E9}.Release|Any CPU.Build.0 = Release|Any CPU
		{DE520B82-2756-4E6C-98AB-0F838F1F51EC}.Debug|Any CPU.ActiveCfg = Debug|Any CPU
		{DE520B82-2756-4E6C-98AB-0F838F1F51EC}.Debug|Any CPU.Build.0 = Debug|Any CPU
		{DE520B82-2756-4E6C-98AB-0F838F1F51EC}.Release|Any CPU.ActiveCfg = Release|Any CPU
		{DE520B82-2756-4E6C-98AB-0F838F1F51EC}.Release|Any CPU.Build.0 = Release|Any CPU
		{09620B10-B3BB-4CBC-B112-ECCA9F1CDE5C}.Debug|Any CPU.ActiveCfg = Debug|Any CPU
		{09620B10-B3BB-4CBC-B112-ECCA9F1CDE5C}.Debug|Any CPU.Build.0 = Debug|Any CPU
		{09620B10-B3BB-4CBC-B112-ECCA9F1CDE5C}.Release|Any CPU.ActiveCfg = Release|Any CPU
		{09620B10-B3BB-4CBC-B112-ECCA9F1CDE5C}.Release|Any CPU.Build.0 = Release|Any CPU
		{FC6E2BC4-ACCA-4ED3-A719-4F9B8D0F1CDE}.Debug|Any CPU.ActiveCfg = Debug|Any CPU
		{FC6E2BC4-ACCA-4ED3-A719-4F9B8D0F1CDE}.Debug|Any CPU.Build.0 = Debug|Any CPU
		{FC6E2BC4-ACCA-4ED3-A719-4F9B8D0F1CDE}.Release|Any CPU.ActiveCfg = Release|Any CPU
		{FC6E2BC4-ACCA-4ED3-A719-4F9B8D0F1CDE}.Release|Any CPU.Build.0 = Release|Any CPU
		{D5D4AB58-5E91-42DF-ABFF-E03BCDCD83DB}.Debug|Any CPU.ActiveCfg = Debug|Any CPU
		{D5D4AB58-5E91-42DF-ABFF-E03BCDCD83DB}.Debug|Any CPU.Build.0 = Debug|Any CPU
		{D5D4AB58-5E91-42DF-ABFF-E03BCDCD83DB}.Release|Any CPU.ActiveCfg = Release|Any CPU
		{D5D4AB58-5E91-42DF-ABFF-E03BCDCD83DB}.Release|Any CPU.Build.0 = Release|Any CPU
		{41D340D7-A7E7-4430-B7F3-C5C1A90DD113}.Debug|Any CPU.ActiveCfg = Debug|Any CPU
		{41D340D7-A7E7-4430-B7F3-C5C1A90DD113}.Release|Any CPU.ActiveCfg = Release|Any CPU
		{41D340D7-A7E7-4430-B7F3-C5C1A90DD113}.Release|Any CPU.Build.0 = Release|Any CPU
	EndGlobalSection
	GlobalSection(SolutionProperties) = preSolution
		HideSolutionNode = FALSE
	EndGlobalSection
	GlobalSection(ExtensibilityGlobals) = postSolution
		SolutionGuid = {C33F86A9-8BA4-4DA8-8A93-8876F29E26C0}
	EndGlobalSection
EndGlobal
